// !$*UTF8*$!
{
	archiveVersion = 1;
	classes = {
	};
	objectVersion = 48;
	objects = {

/* Begin PBXBuildFile section */
		3F19B76F20623E3F009C994D /* LoginBackView.m in Sources */ = {isa = PBXBuildFile; fileRef = 3F19B76C20623E3F009C994D /* LoginBackView.m */; };
		3F19B77020623E3F009C994D /* LoginViewController.m in Sources */ = {isa = PBXBuildFile; fileRef = 3F19B76E20623E3F009C994D /* LoginViewController.m */; };
		3F19B77620623E52009C994D /* DetailBackView.m in Sources */ = {isa = PBXBuildFile; fileRef = 3F19B77320623E52009C994D /* DetailBackView.m */; };
		3F19B77720623E52009C994D /* DetailViewController.m in Sources */ = {isa = PBXBuildFile; fileRef = 3F19B77520623E52009C994D /* DetailViewController.m */; };
		3F19B77E2062406B009C994D /* ListBackView.m in Sources */ = {isa = PBXBuildFile; fileRef = 3F19B77B2062406B009C994D /* ListBackView.m */; };
		3F19B77F2062406B009C994D /* ListViewController.m in Sources */ = {isa = PBXBuildFile; fileRef = 3F19B77D2062406B009C994D /* ListViewController.m */; };
		3F19B78A206268C5009C994D /* ModelBase.m in Sources */ = {isa = PBXBuildFile; fileRef = 3F19B789206268C5009C994D /* ModelBase.m */; };
		3F19B78D20626914009C994D /* UserModel.m in Sources */ = {isa = PBXBuildFile; fileRef = 3F19B78C20626914009C994D /* UserModel.m */; };
		3F24E3C4205CEDEC0019A0BE /* AppDelegate.m in Sources */ = {isa = PBXBuildFile; fileRef = 3F24E3C3205CEDEC0019A0BE /* AppDelegate.m */; };
		3F24E3C7205CEDEC0019A0BE /* ViewController.m in Sources */ = {isa = PBXBuildFile; fileRef = 3F24E3C6205CEDEC0019A0BE /* ViewController.m */; };
		3F24E3CA205CEDEC0019A0BE /* Main.storyboard in Resources */ = {isa = PBXBuildFile; fileRef = 3F24E3C8205CEDEC0019A0BE /* Main.storyboard */; };
		3F24E3CC205CEDEC0019A0BE /* Assets.xcassets in Resources */ = {isa = PBXBuildFile; fileRef = 3F24E3CB205CEDEC0019A0BE /* Assets.xcassets */; };
		3F24E3CF205CEDEC0019A0BE /* LaunchScreen.storyboard in Resources */ = {isa = PBXBuildFile; fileRef = 3F24E3CD205CEDEC0019A0BE /* LaunchScreen.storyboard */; };
		3F24E3D2205CEDEC0019A0BE /* main.m in Sources */ = {isa = PBXBuildFile; fileRef = 3F24E3D1205CEDEC0019A0BE /* main.m */; };
		3F24E3DC205CEDEC0019A0BE /* customFunctionTests.m in Sources */ = {isa = PBXBuildFile; fileRef = 3F24E3DB205CEDEC0019A0BE /* customFunctionTests.m */; };
		3F24E3E7205CEDEC0019A0BE /* customFunctionUITests.m in Sources */ = {isa = PBXBuildFile; fileRef = 3F24E3E6205CEDEC0019A0BE /* customFunctionUITests.m */; };
		3F4F5D39225CD9730077DE62 /* document.txt in Resources */ = {isa = PBXBuildFile; fileRef = 3F4F5C88225CD9720077DE62 /* document.txt */; };
		3F4F5D3A225CD9730077DE62 /* UITableViewHeaderFooterView+CF.m in Sources */ = {isa = PBXBuildFile; fileRef = 3F4F5C8B225CD9720077DE62 /* UITableViewHeaderFooterView+CF.m */; };
		3F4F5D3B225CD9730077DE62 /* UIViewController+CFNavController.m in Sources */ = {isa = PBXBuildFile; fileRef = 3F4F5C91225CD9720077DE62 /* UIViewController+CFNavController.m */; };
		3F4F5D3C225CD9730077DE62 /* UITextField+CF.m in Sources */ = {isa = PBXBuildFile; fileRef = 3F4F5C94225CD9720077DE62 /* UITextField+CF.m */; };
		3F4F5D3D225CD9730077DE62 /* UILabel+CF.m in Sources */ = {isa = PBXBuildFile; fileRef = 3F4F5C97225CD9720077DE62 /* UILabel+CF.m */; };
		3F4F5D3E225CD9730077DE62 /* NSString+CFTypeConversion.m in Sources */ = {isa = PBXBuildFile; fileRef = 3F4F5C99225CD9720077DE62 /* NSString+CFTypeConversion.m */; };
		3F4F5D3F225CD9730077DE62 /* UIView+CF.m in Sources */ = {isa = PBXBuildFile; fileRef = 3F4F5C9A225CD9720077DE62 /* UIView+CF.m */; };
		3F4F5D40225CD9730077DE62 /* NSString+CFJSONConversion.m in Sources */ = {isa = PBXBuildFile; fileRef = 3F4F5C9B225CD9720077DE62 /* NSString+CFJSONConversion.m */; };
		3F4F5D41225CD9730077DE62 /* UIScrollView+CF.m in Sources */ = {isa = PBXBuildFile; fileRef = 3F4F5C9D225CD9720077DE62 /* UIScrollView+CF.m */; };
		3F4F5D42225CD9730077DE62 /* UIImageView+CF.m in Sources */ = {isa = PBXBuildFile; fileRef = 3F4F5C9F225CD9720077DE62 /* UIImageView+CF.m */; };
		3F4F5D43225CD9730077DE62 /* NSNumber+CFNumber.m in Sources */ = {isa = PBXBuildFile; fileRef = 3F4F5CA0225CD9720077DE62 /* NSNumber+CFNumber.m */; };
		3F4F5D44225CD9730077DE62 /* UIImage+CFCamera.m in Sources */ = {isa = PBXBuildFile; fileRef = 3F4F5CA1225CD9720077DE62 /* UIImage+CFCamera.m */; };
		3F4F5D45225CD9730077DE62 /* UIView+CFScreenShots.m in Sources */ = {isa = PBXBuildFile; fileRef = 3F4F5CA2225CD9720077DE62 /* UIView+CFScreenShots.m */; };
		3F4F5D46225CD9730077DE62 /* NSString+CFEncryption.m in Sources */ = {isa = PBXBuildFile; fileRef = 3F4F5CA4225CD9720077DE62 /* NSString+CFEncryption.m */; };
		3F4F5D47225CD9730077DE62 /* NSMutableArray+CFChange.m in Sources */ = {isa = PBXBuildFile; fileRef = 3F4F5CA5225CD9720077DE62 /* NSMutableArray+CFChange.m */; };
		3F4F5D48225CD9730077DE62 /* UIColor+CFColor.m in Sources */ = {isa = PBXBuildFile; fileRef = 3F4F5CA7225CD9720077DE62 /* UIColor+CFColor.m */; };
		3F4F5D49225CD9730077DE62 /* UICollectionViewCell+CF.m in Sources */ = {isa = PBXBuildFile; fileRef = 3F4F5CA8225CD9720077DE62 /* UICollectionViewCell+CF.m */; };
		3F4F5D4A225CD9730077DE62 /* NSString+CFDetection.m in Sources */ = {isa = PBXBuildFile; fileRef = 3F4F5CAB225CD9720077DE62 /* NSString+CFDetection.m */; };
		3F4F5D4B225CD9730077DE62 /* UIButton+CF.m in Sources */ = {isa = PBXBuildFile; fileRef = 3F4F5CAD225CD9720077DE62 /* UIButton+CF.m */; };
		3F4F5D4C225CD9730077DE62 /* UITableViewCell+CF.m in Sources */ = {isa = PBXBuildFile; fileRef = 3F4F5CAF225CD9720077DE62 /* UITableViewCell+CF.m */; };
		3F4F5D4D225CD9730077DE62 /* UITextView+CF.m in Sources */ = {isa = PBXBuildFile; fileRef = 3F4F5CB1225CD9720077DE62 /* UITextView+CF.m */; };
		3F4F5D4E225CD9730077DE62 /* UIView+CFFrame.m in Sources */ = {isa = PBXBuildFile; fileRef = 3F4F5CB3225CD9720077DE62 /* UIView+CFFrame.m */; };
		3F4F5D4F225CD9730077DE62 /* NSObject+FBKVOController.m in Sources */ = {isa = PBXBuildFile; fileRef = 3F4F5CB9225CD9720077DE62 /* NSObject+FBKVOController.m */; };
		3F4F5D50225CD9730077DE62 /* FBKVOController.m in Sources */ = {isa = PBXBuildFile; fileRef = 3F4F5CBA225CD9720077DE62 /* FBKVOController.m */; };
		3F4F5D51225CD9730077DE62 /* UITableView+FDTemplateLayoutCell.m in Sources */ = {isa = PBXBuildFile; fileRef = 3F4F5CBF225CD9720077DE62 /* UITableView+FDTemplateLayoutCell.m */; };
		3F4F5D52225CD9730077DE62 /* UITableView+FDKeyedHeightCache.m in Sources */ = {isa = PBXBuildFile; fileRef = 3F4F5CC1225CD9720077DE62 /* UITableView+FDKeyedHeightCache.m */; };
		3F4F5D53225CD9730077DE62 /* UITableView+FDTemplateLayoutCellDebug.m in Sources */ = {isa = PBXBuildFile; fileRef = 3F4F5CC2225CD9720077DE62 /* UITableView+FDTemplateLayoutCellDebug.m */; };
		3F4F5D54225CD9730077DE62 /* UITableView+FDIndexPathHeightCache.m in Sources */ = {isa = PBXBuildFile; fileRef = 3F4F5CC3225CD9720077DE62 /* UITableView+FDIndexPathHeightCache.m */; };
		3F4F5D55225CD9730077DE62 /* MASConstraintMaker+Forbearance.m in Sources */ = {isa = PBXBuildFile; fileRef = 3F4F5CC7225CD9720077DE62 /* MASConstraintMaker+Forbearance.m */; };
		3F4F5D56225CD9730077DE62 /* NSArray+Sudoku.m in Sources */ = {isa = PBXBuildFile; fileRef = 3F4F5CC8225CD9720077DE62 /* NSArray+Sudoku.m */; };
		3F4F5D57225CD9730077DE62 /* MASForbearance.m in Sources */ = {isa = PBXBuildFile; fileRef = 3F4F5CC9225CD9720077DE62 /* MASForbearance.m */; };
		3F4F5D58225CD9730077DE62 /* Remark in Resources */ = {isa = PBXBuildFile; fileRef = 3F4F5CCA225CD9720077DE62 /* Remark */; };
		3F4F5D59225CD9730077DE62 /* UIView+Forbearance.m in Sources */ = {isa = PBXBuildFile; fileRef = 3F4F5CCB225CD9720077DE62 /* UIView+Forbearance.m */; };
		3F4F5D5A225CD9730077DE62 /* UINavigationController+TZPopGesture.m in Sources */ = {isa = PBXBuildFile; fileRef = 3F4F5CD0225CD9720077DE62 /* UINavigationController+TZPopGesture.m */; };
		3F4F5D5B225CD9730077DE62 /* UserAccount.m in Sources */ = {isa = PBXBuildFile; fileRef = 3F4F5CD5225CD9720077DE62 /* UserAccount.m */; };
		3F4F5D5C225CD9730077DE62 /* UserAccountInfoAdditional.m in Sources */ = {isa = PBXBuildFile; fileRef = 3F4F5CD6225CD9720077DE62 /* UserAccountInfoAdditional.m */; };
		3F4F5D5D225CD9730077DE62 /* UserAccountStore.m in Sources */ = {isa = PBXBuildFile; fileRef = 3F4F5CDA225CD9720077DE62 /* UserAccountStore.m */; };
		3F4F5D5E225CD9730077DE62 /* CFSortArrayComponent.m in Sources */ = {isa = PBXBuildFile; fileRef = 3F4F5CDD225CD9720077DE62 /* CFSortArrayComponent.m */; };
		3F4F5D5F225CD9730077DE62 /* CFAuthorPermissions.m in Sources */ = {isa = PBXBuildFile; fileRef = 3F4F5CDF225CD9720077DE62 /* CFAuthorPermissions.m */; };
		3F4F5D60225CD9730077DE62 /* CFPermissionConfig.m in Sources */ = {isa = PBXBuildFile; fileRef = 3F4F5CE1225CD9720077DE62 /* CFPermissionConfig.m */; };
		3F4F5D61225CD9730077DE62 /* PrefsPhoto.m in Sources */ = {isa = PBXBuildFile; fileRef = 3F4F5CE4225CD9720077DE62 /* PrefsPhoto.m */; };
		3F4F5D62225CD9730077DE62 /* BasePrefs.m in Sources */ = {isa = PBXBuildFile; fileRef = 3F4F5CE9225CD9720077DE62 /* BasePrefs.m */; };
		3F4F5D63225CD9730077DE62 /* PrefsMicrophone.m in Sources */ = {isa = PBXBuildFile; fileRef = 3F4F5CEA225CD9720077DE62 /* PrefsMicrophone.m */; };
		3F4F5D64225CD9730077DE62 /* PrefsAddressBook.m in Sources */ = {isa = PBXBuildFile; fileRef = 3F4F5CEC225CD9720077DE62 /* PrefsAddressBook.m */; };
		3F4F5D65225CD9730077DE62 /* PrefsCamera.m in Sources */ = {isa = PBXBuildFile; fileRef = 3F4F5CED225CD9720077DE62 /* PrefsCamera.m */; };
		3F4F5D66225CD9730077DE62 /* PrefsLocation.m in Sources */ = {isa = PBXBuildFile; fileRef = 3F4F5CEE225CD9720077DE62 /* PrefsLocation.m */; };
		3F4F5D67225CD9730077DE62 /* CFContactsComponent.m in Sources */ = {isa = PBXBuildFile; fileRef = 3F4F5CF1225CD9720077DE62 /* CFContactsComponent.m */; };
		3F4F5D68225CD9730077DE62 /* CFModelContacts.m in Sources */ = {isa = PBXBuildFile; fileRef = 3F4F5CF2225CD9720077DE62 /* CFModelContacts.m */; };
		3F4F5D69225CD9730077DE62 /* YContactObjectManager.m in Sources */ = {isa = PBXBuildFile; fileRef = 3F4F5CF7225CD9720077DE62 /* YContactObjectManager.m */; };
		3F4F5D6A225CD9730077DE62 /* YContactsManager.m in Sources */ = {isa = PBXBuildFile; fileRef = 3F4F5CF8225CD9720077DE62 /* YContactsManager.m */; };
		3F4F5D6B225CD9730077DE62 /* YContactObject.m in Sources */ = {isa = PBXBuildFile; fileRef = 3F4F5CF9225CD9720077DE62 /* YContactObject.m */; };
		3F4F5D6C225CD9730077DE62 /* CFHttpClickBase.m in Sources */ = {isa = PBXBuildFile; fileRef = 3F4F5CFE225CD9720077DE62 /* CFHttpClickBase.m */; };
		3F4F5D6D225CD9730077DE62 /* CFHttpClickBase+CFClickBaseErrorConfig.m in Sources */ = {isa = PBXBuildFile; fileRef = 3F4F5D00225CD9720077DE62 /* CFHttpClickBase+CFClickBaseErrorConfig.m */; };
		3F4F5D6E225CD9730077DE62 /* CFHttpArticleClick.m in Sources */ = {isa = PBXBuildFile; fileRef = 3F4F5D01225CD9720077DE62 /* CFHttpArticleClick.m */; };
		3F4F5D6F225CD9730077DE62 /* CFHttpLogInClick.m in Sources */ = {isa = PBXBuildFile; fileRef = 3F4F5D02225CD9720077DE62 /* CFHttpLogInClick.m */; };
		3F4F5D70225CD9730077DE62 /* CFHttpConfiguration+CFClildrenConfig.m in Sources */ = {isa = PBXBuildFile; fileRef = 3F4F5D03225CD9720077DE62 /* CFHttpConfiguration+CFClildrenConfig.m */; };
		3F4F5D71225CD9730077DE62 /* HMFJSONResponseSerializerWithData.m in Sources */ = {isa = PBXBuildFile; fileRef = 3F4F5D0A225CD9720077DE62 /* HMFJSONResponseSerializerWithData.m */; };
		3F4F5D72225CD9730077DE62 /* CFHttpCache.m in Sources */ = {isa = PBXBuildFile; fileRef = 3F4F5D0C225CD9720077DE62 /* CFHttpCache.m */; };
		3F4F5D73225CD9730077DE62 /* CFHttpEngine.m in Sources */ = {isa = PBXBuildFile; fileRef = 3F4F5D0E225CD9720077DE62 /* CFHttpEngine.m */; };
		3F4F5D74225CD9730077DE62 /* CFHttpConfiguration.m in Sources */ = {isa = PBXBuildFile; fileRef = 3F4F5D10225CD9720077DE62 /* CFHttpConfiguration.m */; };
		3F4F5D75225CD9730077DE62 /* CFFMDBConfig.m in Sources */ = {isa = PBXBuildFile; fileRef = 3F4F5D13225CD9720077DE62 /* CFFMDBConfig.m */; };
		3F4F5D76225CD9730077DE62 /* CFFMDBComponent.m in Sources */ = {isa = PBXBuildFile; fileRef = 3F4F5D16225CD9720077DE62 /* CFFMDBComponent.m */; };
		3F4F5D77225CD9730077DE62 /* CFFMDBSQLToModel.m in Sources */ = {isa = PBXBuildFile; fileRef = 3F4F5D20225CD9720077DE62 /* CFFMDBSQLToModel.m */; };
		3F4F5D78225CD9730077DE62 /* CFFMDBSQLStatement.m in Sources */ = {isa = PBXBuildFile; fileRef = 3F4F5D21225CD9720077DE62 /* CFFMDBSQLStatement.m */; };
		3F4F5D79225CD9730077DE62 /* CFFMDBTypeChange.m in Sources */ = {isa = PBXBuildFile; fileRef = 3F4F5D22225CD9720077DE62 /* CFFMDBTypeChange.m */; };
		3F4F5D7A225CD9730077DE62 /* CFFMDBConfiguration.m in Sources */ = {isa = PBXBuildFile; fileRef = 3F4F5D24225CD9720077DE62 /* CFFMDBConfiguration.m */; };
		3F4F5D7B225CD9730077DE62 /* CFFMDBManager.m in Sources */ = {isa = PBXBuildFile; fileRef = 3F4F5D25225CD9720077DE62 /* CFFMDBManager.m */; };
		3F4F5D7C225CD9730077DE62 /* CFFMDBRunTimeModelInterface.m in Sources */ = {isa = PBXBuildFile; fileRef = 3F4F5D26225CD9720077DE62 /* CFFMDBRunTimeModelInterface.m */; };
		3F4F5D7D225CD9730077DE62 /* CFFMDBModelToSQL.m in Sources */ = {isa = PBXBuildFile; fileRef = 3F4F5D27225CD9720077DE62 /* CFFMDBModelToSQL.m */; };
		3F4F5D7E225CD9730077DE62 /* CFNavButtonBuilder.m in Sources */ = {isa = PBXBuildFile; fileRef = 3F4F5D2A225CD9720077DE62 /* CFNavButtonBuilder.m */; };
		3F4F5D7F225CD9730077DE62 /* CFNavCustomButton.m in Sources */ = {isa = PBXBuildFile; fileRef = 3F4F5D2B225CD9720077DE62 /* CFNavCustomButton.m */; };
		3F4F5D80225CD9730077DE62 /* UIViewController+CFRouteComponent.m in Sources */ = {isa = PBXBuildFile; fileRef = 3F4F5D30225CD9720077DE62 /* UIViewController+CFRouteComponent.m */; };
		3F4F5D81225CD9730077DE62 /* CFRouteComponent.m in Sources */ = {isa = PBXBuildFile; fileRef = 3F4F5D31225CD9730077DE62 /* CFRouteComponent.m */; };
		3F4F5D82225CD9730077DE62 /* UIViewController+CFHUDComponent.m in Sources */ = {isa = PBXBuildFile; fileRef = 3F4F5D34225CD9730077DE62 /* UIViewController+CFHUDComponent.m */; };
		3F4F5D83225CD9730077DE62 /* CFNotificationComponent.m in Sources */ = {isa = PBXBuildFile; fileRef = 3F4F5D37225CD9730077DE62 /* CFNotificationComponent.m */; };
		3F4F5D86225CDA630077DE62 /* UIButton+BlocksKit.m in Sources */ = {isa = PBXBuildFile; fileRef = 3F4F5D84225CDA630077DE62 /* UIButton+BlocksKit.m */; };
		E5811838728025AC91294966 /* Pods_customFunction.framework in Frameworks */ = {isa = PBXBuildFile; fileRef = F1E71522C11AB6EA0563023E /* Pods_customFunction.framework */; };
/* End PBXBuildFile section */

/* Begin PBXContainerItemProxy section */
		3F24E3D8205CEDEC0019A0BE /* PBXContainerItemProxy */ = {
			isa = PBXContainerItemProxy;
			containerPortal = 3F24E3B7205CEDEC0019A0BE /* Project object */;
			proxyType = 1;
			remoteGlobalIDString = 3F24E3BE205CEDEC0019A0BE;
			remoteInfo = customFunction;
		};
		3F24E3E3205CEDEC0019A0BE /* PBXContainerItemProxy */ = {
			isa = PBXContainerItemProxy;
			containerPortal = 3F24E3B7205CEDEC0019A0BE /* Project object */;
			proxyType = 1;
			remoteGlobalIDString = 3F24E3BE205CEDEC0019A0BE;
			remoteInfo = customFunction;
		};
/* End PBXContainerItemProxy section */

/* Begin PBXFileReference section */
		3F19B76B20623E3F009C994D /* LoginBackView.h */ = {isa = PBXFileReference; fileEncoding = 4; lastKnownFileType = sourcecode.c.h; path = LoginBackView.h; sourceTree = "<group>"; };
		3F19B76C20623E3F009C994D /* LoginBackView.m */ = {isa = PBXFileReference; fileEncoding = 4; lastKnownFileType = sourcecode.c.objc; path = LoginBackView.m; sourceTree = "<group>"; };
		3F19B76D20623E3F009C994D /* LoginViewController.h */ = {isa = PBXFileReference; fileEncoding = 4; lastKnownFileType = sourcecode.c.h; path = LoginViewController.h; sourceTree = "<group>"; };
		3F19B76E20623E3F009C994D /* LoginViewController.m */ = {isa = PBXFileReference; fileEncoding = 4; lastKnownFileType = sourcecode.c.objc; path = LoginViewController.m; sourceTree = "<group>"; };
		3F19B77220623E52009C994D /* DetailBackView.h */ = {isa = PBXFileReference; fileEncoding = 4; lastKnownFileType = sourcecode.c.h; path = DetailBackView.h; sourceTree = "<group>"; };
		3F19B77320623E52009C994D /* DetailBackView.m */ = {isa = PBXFileReference; fileEncoding = 4; lastKnownFileType = sourcecode.c.objc; path = DetailBackView.m; sourceTree = "<group>"; };
		3F19B77420623E52009C994D /* DetailViewController.h */ = {isa = PBXFileReference; fileEncoding = 4; lastKnownFileType = sourcecode.c.h; path = DetailViewController.h; sourceTree = "<group>"; };
		3F19B77520623E52009C994D /* DetailViewController.m */ = {isa = PBXFileReference; fileEncoding = 4; lastKnownFileType = sourcecode.c.objc; path = DetailViewController.m; sourceTree = "<group>"; };
		3F19B77820623E9F009C994D /* PrefixHeader.pch */ = {isa = PBXFileReference; fileEncoding = 4; lastKnownFileType = sourcecode.c.h; path = PrefixHeader.pch; sourceTree = "<group>"; };
		3F19B77A2062406B009C994D /* ListBackView.h */ = {isa = PBXFileReference; fileEncoding = 4; lastKnownFileType = sourcecode.c.h; path = ListBackView.h; sourceTree = "<group>"; };
		3F19B77B2062406B009C994D /* ListBackView.m */ = {isa = PBXFileReference; fileEncoding = 4; lastKnownFileType = sourcecode.c.objc; path = ListBackView.m; sourceTree = "<group>"; };
		3F19B77C2062406B009C994D /* ListViewController.h */ = {isa = PBXFileReference; fileEncoding = 4; lastKnownFileType = sourcecode.c.h; path = ListViewController.h; sourceTree = "<group>"; };
		3F19B77D2062406B009C994D /* ListViewController.m */ = {isa = PBXFileReference; fileEncoding = 4; lastKnownFileType = sourcecode.c.objc; path = ListViewController.m; sourceTree = "<group>"; };
		3F19B788206268C5009C994D /* ModelBase.h */ = {isa = PBXFileReference; lastKnownFileType = sourcecode.c.h; path = ModelBase.h; sourceTree = "<group>"; };
		3F19B789206268C5009C994D /* ModelBase.m */ = {isa = PBXFileReference; lastKnownFileType = sourcecode.c.objc; path = ModelBase.m; sourceTree = "<group>"; };
		3F19B78B20626914009C994D /* UserModel.h */ = {isa = PBXFileReference; lastKnownFileType = sourcecode.c.h; path = UserModel.h; sourceTree = "<group>"; };
		3F19B78C20626914009C994D /* UserModel.m */ = {isa = PBXFileReference; lastKnownFileType = sourcecode.c.objc; path = UserModel.m; sourceTree = "<group>"; };
		3F19B78E2062695B009C994D /* ModelHeader.h */ = {isa = PBXFileReference; lastKnownFileType = sourcecode.c.h; path = ModelHeader.h; sourceTree = "<group>"; };
		3F24E3BF205CEDEC0019A0BE /* customFunction.app */ = {isa = PBXFileReference; explicitFileType = wrapper.application; includeInIndex = 0; path = customFunction.app; sourceTree = BUILT_PRODUCTS_DIR; };
		3F24E3C2205CEDEC0019A0BE /* AppDelegate.h */ = {isa = PBXFileReference; lastKnownFileType = sourcecode.c.h; path = AppDelegate.h; sourceTree = "<group>"; };
		3F24E3C3205CEDEC0019A0BE /* AppDelegate.m */ = {isa = PBXFileReference; lastKnownFileType = sourcecode.c.objc; path = AppDelegate.m; sourceTree = "<group>"; };
		3F24E3C5205CEDEC0019A0BE /* ViewController.h */ = {isa = PBXFileReference; lastKnownFileType = sourcecode.c.h; path = ViewController.h; sourceTree = "<group>"; };
		3F24E3C6205CEDEC0019A0BE /* ViewController.m */ = {isa = PBXFileReference; lastKnownFileType = sourcecode.c.objc; path = ViewController.m; sourceTree = "<group>"; };
		3F24E3C9205CEDEC0019A0BE /* Base */ = {isa = PBXFileReference; lastKnownFileType = file.storyboard; name = Base; path = Base.lproj/Main.storyboard; sourceTree = "<group>"; };
		3F24E3CB205CEDEC0019A0BE /* Assets.xcassets */ = {isa = PBXFileReference; lastKnownFileType = folder.assetcatalog; path = Assets.xcassets; sourceTree = "<group>"; };
		3F24E3CE205CEDEC0019A0BE /* Base */ = {isa = PBXFileReference; lastKnownFileType = file.storyboard; name = Base; path = Base.lproj/LaunchScreen.storyboard; sourceTree = "<group>"; };
		3F24E3D0205CEDEC0019A0BE /* Info.plist */ = {isa = PBXFileReference; lastKnownFileType = text.plist.xml; path = Info.plist; sourceTree = "<group>"; };
		3F24E3D1205CEDEC0019A0BE /* main.m */ = {isa = PBXFileReference; lastKnownFileType = sourcecode.c.objc; path = main.m; sourceTree = "<group>"; };
		3F24E3D7205CEDEC0019A0BE /* customFunctionTests.xctest */ = {isa = PBXFileReference; explicitFileType = wrapper.cfbundle; includeInIndex = 0; path = customFunctionTests.xctest; sourceTree = BUILT_PRODUCTS_DIR; };
		3F24E3DB205CEDEC0019A0BE /* customFunctionTests.m */ = {isa = PBXFileReference; lastKnownFileType = sourcecode.c.objc; path = customFunctionTests.m; sourceTree = "<group>"; };
		3F24E3DD205CEDEC0019A0BE /* Info.plist */ = {isa = PBXFileReference; lastKnownFileType = text.plist.xml; path = Info.plist; sourceTree = "<group>"; };
		3F24E3E2205CEDEC0019A0BE /* customFunctionUITests.xctest */ = {isa = PBXFileReference; explicitFileType = wrapper.cfbundle; includeInIndex = 0; path = customFunctionUITests.xctest; sourceTree = BUILT_PRODUCTS_DIR; };
		3F24E3E6205CEDEC0019A0BE /* customFunctionUITests.m */ = {isa = PBXFileReference; lastKnownFileType = sourcecode.c.objc; path = customFunctionUITests.m; sourceTree = "<group>"; };
		3F24E3E8205CEDEC0019A0BE /* Info.plist */ = {isa = PBXFileReference; lastKnownFileType = text.plist.xml; path = Info.plist; sourceTree = "<group>"; };
		3F4F5C87225CD9720077DE62 /* CFDefindHeader.h */ = {isa = PBXFileReference; fileEncoding = 4; lastKnownFileType = sourcecode.c.h; path = CFDefindHeader.h; sourceTree = "<group>"; };
		3F4F5C88225CD9720077DE62 /* document.txt */ = {isa = PBXFileReference; fileEncoding = 4; lastKnownFileType = text; path = document.txt; sourceTree = "<group>"; };
		3F4F5C89225CD9720077DE62 /* CFunctionHeader.h */ = {isa = PBXFileReference; fileEncoding = 4; lastKnownFileType = sourcecode.c.h; path = CFunctionHeader.h; sourceTree = "<group>"; };
		3F4F5C8B225CD9720077DE62 /* UITableViewHeaderFooterView+CF.m */ = {isa = PBXFileReference; fileEncoding = 4; lastKnownFileType = sourcecode.c.objc; path = "UITableViewHeaderFooterView+CF.m"; sourceTree = "<group>"; };
		3F4F5C8C225CD9720077DE62 /* UIView+CFScreenShots.h */ = {isa = PBXFileReference; fileEncoding = 4; lastKnownFileType = sourcecode.c.h; path = "UIView+CFScreenShots.h"; sourceTree = "<group>"; };
		3F4F5C8D225CD9720077DE62 /* UIImage+CFCamera.h */ = {isa = PBXFileReference; fileEncoding = 4; lastKnownFileType = sourcecode.c.h; path = "UIImage+CFCamera.h"; sourceTree = "<group>"; };
		3F4F5C8E225CD9720077DE62 /* NSNumber+CFNumber.h */ = {isa = PBXFileReference; fileEncoding = 4; lastKnownFileType = sourcecode.c.h; path = "NSNumber+CFNumber.h"; sourceTree = "<group>"; };
		3F4F5C8F225CD9720077DE62 /* UIColor+CFColor.h */ = {isa = PBXFileReference; fileEncoding = 4; lastKnownFileType = sourcecode.c.h; path = "UIColor+CFColor.h"; sourceTree = "<group>"; };
		3F4F5C90225CD9720077DE62 /* UICollectionViewCell+CF.h */ = {isa = PBXFileReference; fileEncoding = 4; lastKnownFileType = sourcecode.c.h; path = "UICollectionViewCell+CF.h"; sourceTree = "<group>"; };
		3F4F5C91225CD9720077DE62 /* UIViewController+CFNavController.m */ = {isa = PBXFileReference; fileEncoding = 4; lastKnownFileType = sourcecode.c.objc; path = "UIViewController+CFNavController.m"; sourceTree = "<group>"; };
		3F4F5C92225CD9720077DE62 /* NSMutableArray+CFChange.h */ = {isa = PBXFileReference; fileEncoding = 4; lastKnownFileType = sourcecode.c.h; path = "NSMutableArray+CFChange.h"; sourceTree = "<group>"; };
		3F4F5C93225CD9720077DE62 /* NSString+CFEncryption.h */ = {isa = PBXFileReference; fileEncoding = 4; lastKnownFileType = sourcecode.c.h; path = "NSString+CFEncryption.h"; sourceTree = "<group>"; };
		3F4F5C94225CD9720077DE62 /* UITextField+CF.m */ = {isa = PBXFileReference; fileEncoding = 4; lastKnownFileType = sourcecode.c.objc; path = "UITextField+CF.m"; sourceTree = "<group>"; };
		3F4F5C95225CD9720077DE62 /* UITableViewCell+CF.h */ = {isa = PBXFileReference; fileEncoding = 4; lastKnownFileType = sourcecode.c.h; path = "UITableViewCell+CF.h"; sourceTree = "<group>"; };
		3F4F5C96225CD9720077DE62 /* UIButton+CF.h */ = {isa = PBXFileReference; fileEncoding = 4; lastKnownFileType = sourcecode.c.h; path = "UIButton+CF.h"; sourceTree = "<group>"; };
		3F4F5C97225CD9720077DE62 /* UILabel+CF.m */ = {isa = PBXFileReference; fileEncoding = 4; lastKnownFileType = sourcecode.c.objc; path = "UILabel+CF.m"; sourceTree = "<group>"; };
		3F4F5C98225CD9720077DE62 /* NSString+CFDetection.h */ = {isa = PBXFileReference; fileEncoding = 4; lastKnownFileType = sourcecode.c.h; path = "NSString+CFDetection.h"; sourceTree = "<group>"; };
		3F4F5C99225CD9720077DE62 /* NSString+CFTypeConversion.m */ = {isa = PBXFileReference; fileEncoding = 4; lastKnownFileType = sourcecode.c.objc; path = "NSString+CFTypeConversion.m"; sourceTree = "<group>"; };
		3F4F5C9A225CD9720077DE62 /* UIView+CF.m */ = {isa = PBXFileReference; fileEncoding = 4; lastKnownFileType = sourcecode.c.objc; path = "UIView+CF.m"; sourceTree = "<group>"; };
		3F4F5C9B225CD9720077DE62 /* NSString+CFJSONConversion.m */ = {isa = PBXFileReference; fileEncoding = 4; lastKnownFileType = sourcecode.c.objc; path = "NSString+CFJSONConversion.m"; sourceTree = "<group>"; };
		3F4F5C9C225CD9720077DE62 /* UIView+CFFrame.h */ = {isa = PBXFileReference; fileEncoding = 4; lastKnownFileType = sourcecode.c.h; path = "UIView+CFFrame.h"; sourceTree = "<group>"; };
		3F4F5C9D225CD9720077DE62 /* UIScrollView+CF.m */ = {isa = PBXFileReference; fileEncoding = 4; lastKnownFileType = sourcecode.c.objc; path = "UIScrollView+CF.m"; sourceTree = "<group>"; };
		3F4F5C9E225CD9720077DE62 /* UITextView+CF.h */ = {isa = PBXFileReference; fileEncoding = 4; lastKnownFileType = sourcecode.c.h; path = "UITextView+CF.h"; sourceTree = "<group>"; };
		3F4F5C9F225CD9720077DE62 /* UIImageView+CF.m */ = {isa = PBXFileReference; fileEncoding = 4; lastKnownFileType = sourcecode.c.objc; path = "UIImageView+CF.m"; sourceTree = "<group>"; };
		3F4F5CA0225CD9720077DE62 /* NSNumber+CFNumber.m */ = {isa = PBXFileReference; fileEncoding = 4; lastKnownFileType = sourcecode.c.objc; path = "NSNumber+CFNumber.m"; sourceTree = "<group>"; };
		3F4F5CA1225CD9720077DE62 /* UIImage+CFCamera.m */ = {isa = PBXFileReference; fileEncoding = 4; lastKnownFileType = sourcecode.c.objc; path = "UIImage+CFCamera.m"; sourceTree = "<group>"; };
		3F4F5CA2225CD9720077DE62 /* UIView+CFScreenShots.m */ = {isa = PBXFileReference; fileEncoding = 4; lastKnownFileType = sourcecode.c.objc; path = "UIView+CFScreenShots.m"; sourceTree = "<group>"; };
		3F4F5CA3225CD9720077DE62 /* UITableViewHeaderFooterView+CF.h */ = {isa = PBXFileReference; fileEncoding = 4; lastKnownFileType = sourcecode.c.h; path = "UITableViewHeaderFooterView+CF.h"; sourceTree = "<group>"; };
		3F4F5CA4225CD9720077DE62 /* NSString+CFEncryption.m */ = {isa = PBXFileReference; fileEncoding = 4; lastKnownFileType = sourcecode.c.objc; path = "NSString+CFEncryption.m"; sourceTree = "<group>"; };
		3F4F5CA5225CD9720077DE62 /* NSMutableArray+CFChange.m */ = {isa = PBXFileReference; fileEncoding = 4; lastKnownFileType = sourcecode.c.objc; path = "NSMutableArray+CFChange.m"; sourceTree = "<group>"; };
		3F4F5CA6225CD9720077DE62 /* UIViewController+CFNavController.h */ = {isa = PBXFileReference; fileEncoding = 4; lastKnownFileType = sourcecode.c.h; path = "UIViewController+CFNavController.h"; sourceTree = "<group>"; };
		3F4F5CA7225CD9720077DE62 /* UIColor+CFColor.m */ = {isa = PBXFileReference; fileEncoding = 4; lastKnownFileType = sourcecode.c.objc; path = "UIColor+CFColor.m"; sourceTree = "<group>"; };
		3F4F5CA8225CD9720077DE62 /* UICollectionViewCell+CF.m */ = {isa = PBXFileReference; fileEncoding = 4; lastKnownFileType = sourcecode.c.objc; path = "UICollectionViewCell+CF.m"; sourceTree = "<group>"; };
		3F4F5CA9225CD9720077DE62 /* UIView+CF.h */ = {isa = PBXFileReference; fileEncoding = 4; lastKnownFileType = sourcecode.c.h; path = "UIView+CF.h"; sourceTree = "<group>"; };
		3F4F5CAA225CD9720077DE62 /* NSString+CFTypeConversion.h */ = {isa = PBXFileReference; fileEncoding = 4; lastKnownFileType = sourcecode.c.h; path = "NSString+CFTypeConversion.h"; sourceTree = "<group>"; };
		3F4F5CAB225CD9720077DE62 /* NSString+CFDetection.m */ = {isa = PBXFileReference; fileEncoding = 4; lastKnownFileType = sourcecode.c.objc; path = "NSString+CFDetection.m"; sourceTree = "<group>"; };
		3F4F5CAC225CD9720077DE62 /* UILabel+CF.h */ = {isa = PBXFileReference; fileEncoding = 4; lastKnownFileType = sourcecode.c.h; path = "UILabel+CF.h"; sourceTree = "<group>"; };
		3F4F5CAD225CD9720077DE62 /* UIButton+CF.m */ = {isa = PBXFileReference; fileEncoding = 4; lastKnownFileType = sourcecode.c.objc; path = "UIButton+CF.m"; sourceTree = "<group>"; };
		3F4F5CAE225CD9720077DE62 /* UITextField+CF.h */ = {isa = PBXFileReference; fileEncoding = 4; lastKnownFileType = sourcecode.c.h; path = "UITextField+CF.h"; sourceTree = "<group>"; };
		3F4F5CAF225CD9720077DE62 /* UITableViewCell+CF.m */ = {isa = PBXFileReference; fileEncoding = 4; lastKnownFileType = sourcecode.c.objc; path = "UITableViewCell+CF.m"; sourceTree = "<group>"; };
		3F4F5CB0225CD9720077DE62 /* UIImageView+CF.h */ = {isa = PBXFileReference; fileEncoding = 4; lastKnownFileType = sourcecode.c.h; path = "UIImageView+CF.h"; sourceTree = "<group>"; };
		3F4F5CB1225CD9720077DE62 /* UITextView+CF.m */ = {isa = PBXFileReference; fileEncoding = 4; lastKnownFileType = sourcecode.c.objc; path = "UITextView+CF.m"; sourceTree = "<group>"; };
		3F4F5CB2225CD9720077DE62 /* UIScrollView+CF.h */ = {isa = PBXFileReference; fileEncoding = 4; lastKnownFileType = sourcecode.c.h; path = "UIScrollView+CF.h"; sourceTree = "<group>"; };
		3F4F5CB3225CD9720077DE62 /* UIView+CFFrame.m */ = {isa = PBXFileReference; fileEncoding = 4; lastKnownFileType = sourcecode.c.objc; path = "UIView+CFFrame.m"; sourceTree = "<group>"; };
		3F4F5CB4225CD9720077DE62 /* NSString+CFJSONConversion.h */ = {isa = PBXFileReference; fileEncoding = 4; lastKnownFileType = sourcecode.c.h; path = "NSString+CFJSONConversion.h"; sourceTree = "<group>"; };
		3F4F5CB7225CD9720077DE62 /* KVOController.h */ = {isa = PBXFileReference; fileEncoding = 4; lastKnownFileType = sourcecode.c.h; path = KVOController.h; sourceTree = "<group>"; };
		3F4F5CB8225CD9720077DE62 /* FBKVOController.h */ = {isa = PBXFileReference; fileEncoding = 4; lastKnownFileType = sourcecode.c.h; path = FBKVOController.h; sourceTree = "<group>"; };
		3F4F5CB9225CD9720077DE62 /* NSObject+FBKVOController.m */ = {isa = PBXFileReference; fileEncoding = 4; lastKnownFileType = sourcecode.c.objc; path = "NSObject+FBKVOController.m"; sourceTree = "<group>"; };
		3F4F5CBA225CD9720077DE62 /* FBKVOController.m */ = {isa = PBXFileReference; fileEncoding = 4; lastKnownFileType = sourcecode.c.objc; path = FBKVOController.m; sourceTree = "<group>"; };
		3F4F5CBB225CD9720077DE62 /* NSObject+FBKVOController.h */ = {isa = PBXFileReference; fileEncoding = 4; lastKnownFileType = sourcecode.c.h; path = "NSObject+FBKVOController.h"; sourceTree = "<group>"; };
		3F4F5CBD225CD9720077DE62 /* UITableView+FDKeyedHeightCache.h */ = {isa = PBXFileReference; fileEncoding = 4; lastKnownFileType = sourcecode.c.h; path = "UITableView+FDKeyedHeightCache.h"; sourceTree = "<group>"; };
		3F4F5CBE225CD9720077DE62 /* UITableView+FDTemplateLayoutCellDebug.h */ = {isa = PBXFileReference; fileEncoding = 4; lastKnownFileType = sourcecode.c.h; path = "UITableView+FDTemplateLayoutCellDebug.h"; sourceTree = "<group>"; };
		3F4F5CBF225CD9720077DE62 /* UITableView+FDTemplateLayoutCell.m */ = {isa = PBXFileReference; fileEncoding = 4; lastKnownFileType = sourcecode.c.objc; path = "UITableView+FDTemplateLayoutCell.m"; sourceTree = "<group>"; };
		3F4F5CC0225CD9720077DE62 /* UITableView+FDIndexPathHeightCache.h */ = {isa = PBXFileReference; fileEncoding = 4; lastKnownFileType = sourcecode.c.h; path = "UITableView+FDIndexPathHeightCache.h"; sourceTree = "<group>"; };
		3F4F5CC1225CD9720077DE62 /* UITableView+FDKeyedHeightCache.m */ = {isa = PBXFileReference; fileEncoding = 4; lastKnownFileType = sourcecode.c.objc; path = "UITableView+FDKeyedHeightCache.m"; sourceTree = "<group>"; };
		3F4F5CC2225CD9720077DE62 /* UITableView+FDTemplateLayoutCellDebug.m */ = {isa = PBXFileReference; fileEncoding = 4; lastKnownFileType = sourcecode.c.objc; path = "UITableView+FDTemplateLayoutCellDebug.m"; sourceTree = "<group>"; };
		3F4F5CC3225CD9720077DE62 /* UITableView+FDIndexPathHeightCache.m */ = {isa = PBXFileReference; fileEncoding = 4; lastKnownFileType = sourcecode.c.objc; path = "UITableView+FDIndexPathHeightCache.m"; sourceTree = "<group>"; };
		3F4F5CC4225CD9720077DE62 /* UITableView+FDTemplateLayoutCell.h */ = {isa = PBXFileReference; fileEncoding = 4; lastKnownFileType = sourcecode.c.h; path = "UITableView+FDTemplateLayoutCell.h"; sourceTree = "<group>"; };
		3F4F5CC6225CD9720077DE62 /* UIView+Forbearance.h */ = {isa = PBXFileReference; fileEncoding = 4; lastKnownFileType = sourcecode.c.h; path = "UIView+Forbearance.h"; sourceTree = "<group>"; };
		3F4F5CC7225CD9720077DE62 /* MASConstraintMaker+Forbearance.m */ = {isa = PBXFileReference; fileEncoding = 4; lastKnownFileType = sourcecode.c.objc; path = "MASConstraintMaker+Forbearance.m"; sourceTree = "<group>"; };
		3F4F5CC8225CD9720077DE62 /* NSArray+Sudoku.m */ = {isa = PBXFileReference; fileEncoding = 4; lastKnownFileType = sourcecode.c.objc; path = "NSArray+Sudoku.m"; sourceTree = "<group>"; };
		3F4F5CC9225CD9720077DE62 /* MASForbearance.m */ = {isa = PBXFileReference; fileEncoding = 4; lastKnownFileType = sourcecode.c.objc; path = MASForbearance.m; sourceTree = "<group>"; };
		3F4F5CCA225CD9720077DE62 /* Remark */ = {isa = PBXFileReference; fileEncoding = 4; lastKnownFileType = text; path = Remark; sourceTree = "<group>"; };
		3F4F5CCB225CD9720077DE62 /* UIView+Forbearance.m */ = {isa = PBXFileReference; fileEncoding = 4; lastKnownFileType = sourcecode.c.objc; path = "UIView+Forbearance.m"; sourceTree = "<group>"; };
		3F4F5CCC225CD9720077DE62 /* MASConstraintMaker+Forbearance.h */ = {isa = PBXFileReference; fileEncoding = 4; lastKnownFileType = sourcecode.c.h; path = "MASConstraintMaker+Forbearance.h"; sourceTree = "<group>"; };
		3F4F5CCD225CD9720077DE62 /* NSArray+Sudoku.h */ = {isa = PBXFileReference; fileEncoding = 4; lastKnownFileType = sourcecode.c.h; path = "NSArray+Sudoku.h"; sourceTree = "<group>"; };
		3F4F5CCE225CD9720077DE62 /* MASForbearance.h */ = {isa = PBXFileReference; fileEncoding = 4; lastKnownFileType = sourcecode.c.h; path = MASForbearance.h; sourceTree = "<group>"; };
		3F4F5CD0225CD9720077DE62 /* UINavigationController+TZPopGesture.m */ = {isa = PBXFileReference; fileEncoding = 4; lastKnownFileType = sourcecode.c.objc; path = "UINavigationController+TZPopGesture.m"; sourceTree = "<group>"; };
		3F4F5CD1225CD9720077DE62 /* UINavigationController+TZPopGesture.h */ = {isa = PBXFileReference; fileEncoding = 4; lastKnownFileType = sourcecode.c.h; path = "UINavigationController+TZPopGesture.h"; sourceTree = "<group>"; };
		3F4F5CD4225CD9720077DE62 /* UserAccountInfoAdditional.h */ = {isa = PBXFileReference; fileEncoding = 4; lastKnownFileType = sourcecode.c.h; path = UserAccountInfoAdditional.h; sourceTree = "<group>"; };
		3F4F5CD5225CD9720077DE62 /* UserAccount.m */ = {isa = PBXFileReference; fileEncoding = 4; lastKnownFileType = sourcecode.c.objc; path = UserAccount.m; sourceTree = "<group>"; };
		3F4F5CD6225CD9720077DE62 /* UserAccountInfoAdditional.m */ = {isa = PBXFileReference; fileEncoding = 4; lastKnownFileType = sourcecode.c.objc; path = UserAccountInfoAdditional.m; sourceTree = "<group>"; };
		3F4F5CD7225CD9720077DE62 /* UserAccount.h */ = {isa = PBXFileReference; fileEncoding = 4; lastKnownFileType = sourcecode.c.h; path = UserAccount.h; sourceTree = "<group>"; };
		3F4F5CD9225CD9720077DE62 /* UserAccountStore.h */ = {isa = PBXFileReference; fileEncoding = 4; lastKnownFileType = sourcecode.c.h; path = UserAccountStore.h; sourceTree = "<group>"; };
		3F4F5CDA225CD9720077DE62 /* UserAccountStore.m */ = {isa = PBXFileReference; fileEncoding = 4; lastKnownFileType = sourcecode.c.objc; path = UserAccountStore.m; sourceTree = "<group>"; };
		3F4F5CDC225CD9720077DE62 /* CFSortArrayComponent.h */ = {isa = PBXFileReference; fileEncoding = 4; lastKnownFileType = sourcecode.c.h; path = CFSortArrayComponent.h; sourceTree = "<group>"; };
		3F4F5CDD225CD9720077DE62 /* CFSortArrayComponent.m */ = {isa = PBXFileReference; fileEncoding = 4; lastKnownFileType = sourcecode.c.objc; path = CFSortArrayComponent.m; sourceTree = "<group>"; };
		3F4F5CDF225CD9720077DE62 /* CFAuthorPermissions.m */ = {isa = PBXFileReference; fileEncoding = 4; lastKnownFileType = sourcecode.c.objc; path = CFAuthorPermissions.m; sourceTree = "<group>"; };
		3F4F5CE0225CD9720077DE62 /* CFPermissionConfig.h */ = {isa = PBXFileReference; fileEncoding = 4; lastKnownFileType = sourcecode.c.h; path = CFPermissionConfig.h; sourceTree = "<group>"; };
		3F4F5CE1225CD9720077DE62 /* CFPermissionConfig.m */ = {isa = PBXFileReference; fileEncoding = 4; lastKnownFileType = sourcecode.c.objc; path = CFPermissionConfig.m; sourceTree = "<group>"; };
		3F4F5CE2225CD9720077DE62 /* CFAuthorPermissions.h */ = {isa = PBXFileReference; fileEncoding = 4; lastKnownFileType = sourcecode.c.h; path = CFAuthorPermissions.h; sourceTree = "<group>"; };
		3F4F5CE4225CD9720077DE62 /* PrefsPhoto.m */ = {isa = PBXFileReference; fileEncoding = 4; lastKnownFileType = sourcecode.c.objc; path = PrefsPhoto.m; sourceTree = "<group>"; };
		3F4F5CE5225CD9720077DE62 /* PrefsMicrophone.h */ = {isa = PBXFileReference; fileEncoding = 4; lastKnownFileType = sourcecode.c.h; path = PrefsMicrophone.h; sourceTree = "<group>"; };
		3F4F5CE6225CD9720077DE62 /* PrefsAddressBook.h */ = {isa = PBXFileReference; fileEncoding = 4; lastKnownFileType = sourcecode.c.h; path = PrefsAddressBook.h; sourceTree = "<group>"; };
		3F4F5CE7225CD9720077DE62 /* PrefsLocation.h */ = {isa = PBXFileReference; fileEncoding = 4; lastKnownFileType = sourcecode.c.h; path = PrefsLocation.h; sourceTree = "<group>"; };
		3F4F5CE8225CD9720077DE62 /* PrefsCamera.h */ = {isa = PBXFileReference; fileEncoding = 4; lastKnownFileType = sourcecode.c.h; path = PrefsCamera.h; sourceTree = "<group>"; };
		3F4F5CE9225CD9720077DE62 /* BasePrefs.m */ = {isa = PBXFileReference; fileEncoding = 4; lastKnownFileType = sourcecode.c.objc; path = BasePrefs.m; sourceTree = "<group>"; };
		3F4F5CEA225CD9720077DE62 /* PrefsMicrophone.m */ = {isa = PBXFileReference; fileEncoding = 4; lastKnownFileType = sourcecode.c.objc; path = PrefsMicrophone.m; sourceTree = "<group>"; };
		3F4F5CEB225CD9720077DE62 /* PrefsPhoto.h */ = {isa = PBXFileReference; fileEncoding = 4; lastKnownFileType = sourcecode.c.h; path = PrefsPhoto.h; sourceTree = "<group>"; };
		3F4F5CEC225CD9720077DE62 /* PrefsAddressBook.m */ = {isa = PBXFileReference; fileEncoding = 4; lastKnownFileType = sourcecode.c.objc; path = PrefsAddressBook.m; sourceTree = "<group>"; };
		3F4F5CED225CD9720077DE62 /* PrefsCamera.m */ = {isa = PBXFileReference; fileEncoding = 4; lastKnownFileType = sourcecode.c.objc; path = PrefsCamera.m; sourceTree = "<group>"; };
		3F4F5CEE225CD9720077DE62 /* PrefsLocation.m */ = {isa = PBXFileReference; fileEncoding = 4; lastKnownFileType = sourcecode.c.objc; path = PrefsLocation.m; sourceTree = "<group>"; };
		3F4F5CEF225CD9720077DE62 /* BasePrefs.h */ = {isa = PBXFileReference; fileEncoding = 4; lastKnownFileType = sourcecode.c.h; path = BasePrefs.h; sourceTree = "<group>"; };
		3F4F5CF1225CD9720077DE62 /* CFContactsComponent.m */ = {isa = PBXFileReference; fileEncoding = 4; lastKnownFileType = sourcecode.c.objc; path = CFContactsComponent.m; sourceTree = "<group>"; };
		3F4F5CF2225CD9720077DE62 /* CFModelContacts.m */ = {isa = PBXFileReference; fileEncoding = 4; lastKnownFileType = sourcecode.c.objc; path = CFModelContacts.m; sourceTree = "<group>"; };
		3F4F5CF3225CD9720077DE62 /* CFContactsComponent.h */ = {isa = PBXFileReference; fileEncoding = 4; lastKnownFileType = sourcecode.c.h; path = CFContactsComponent.h; sourceTree = "<group>"; };
		3F4F5CF4225CD9720077DE62 /* CFModelContacts.h */ = {isa = PBXFileReference; fileEncoding = 4; lastKnownFileType = sourcecode.c.h; path = CFModelContacts.h; sourceTree = "<group>"; };
		3F4F5CF6225CD9720077DE62 /* YContactObject.h */ = {isa = PBXFileReference; fileEncoding = 4; lastKnownFileType = sourcecode.c.h; path = YContactObject.h; sourceTree = "<group>"; };
		3F4F5CF7225CD9720077DE62 /* YContactObjectManager.m */ = {isa = PBXFileReference; fileEncoding = 4; lastKnownFileType = sourcecode.c.objc; path = YContactObjectManager.m; sourceTree = "<group>"; };
		3F4F5CF8225CD9720077DE62 /* YContactsManager.m */ = {isa = PBXFileReference; fileEncoding = 4; lastKnownFileType = sourcecode.c.objc; path = YContactsManager.m; sourceTree = "<group>"; };
		3F4F5CF9225CD9720077DE62 /* YContactObject.m */ = {isa = PBXFileReference; fileEncoding = 4; lastKnownFileType = sourcecode.c.objc; path = YContactObject.m; sourceTree = "<group>"; };
		3F4F5CFA225CD9720077DE62 /* YContactsManager.h */ = {isa = PBXFileReference; fileEncoding = 4; lastKnownFileType = sourcecode.c.h; path = YContactsManager.h; sourceTree = "<group>"; };
		3F4F5CFB225CD9720077DE62 /* YContactObjectManager.h */ = {isa = PBXFileReference; fileEncoding = 4; lastKnownFileType = sourcecode.c.h; path = YContactObjectManager.h; sourceTree = "<group>"; };
		3F4F5CFD225CD9720077DE62 /* CFHttpClickBase.h */ = {isa = PBXFileReference; fileEncoding = 4; lastKnownFileType = sourcecode.c.h; path = CFHttpClickBase.h; sourceTree = "<group>"; };
		3F4F5CFE225CD9720077DE62 /* CFHttpClickBase.m */ = {isa = PBXFileReference; fileEncoding = 4; lastKnownFileType = sourcecode.c.objc; path = CFHttpClickBase.m; sourceTree = "<group>"; };
		3F4F5D00225CD9720077DE62 /* CFHttpClickBase+CFClickBaseErrorConfig.m */ = {isa = PBXFileReference; fileEncoding = 4; lastKnownFileType = sourcecode.c.objc; path = "CFHttpClickBase+CFClickBaseErrorConfig.m"; sourceTree = "<group>"; };
		3F4F5D01225CD9720077DE62 /* CFHttpArticleClick.m */ = {isa = PBXFileReference; fileEncoding = 4; lastKnownFileType = sourcecode.c.objc; path = CFHttpArticleClick.m; sourceTree = "<group>"; };
		3F4F5D02225CD9720077DE62 /* CFHttpLogInClick.m */ = {isa = PBXFileReference; fileEncoding = 4; lastKnownFileType = sourcecode.c.objc; path = CFHttpLogInClick.m; sourceTree = "<group>"; };
		3F4F5D03225CD9720077DE62 /* CFHttpConfiguration+CFClildrenConfig.m */ = {isa = PBXFileReference; fileEncoding = 4; lastKnownFileType = sourcecode.c.objc; path = "CFHttpConfiguration+CFClildrenConfig.m"; sourceTree = "<group>"; };
		3F4F5D04225CD9720077DE62 /* CFHttpArticleClick.h */ = {isa = PBXFileReference; fileEncoding = 4; lastKnownFileType = sourcecode.c.h; path = CFHttpArticleClick.h; sourceTree = "<group>"; };
		3F4F5D05225CD9720077DE62 /* CFHttpClickBase+CFClickBaseErrorConfig.h */ = {isa = PBXFileReference; fileEncoding = 4; lastKnownFileType = sourcecode.c.h; path = "CFHttpClickBase+CFClickBaseErrorConfig.h"; sourceTree = "<group>"; };
		3F4F5D06225CD9720077DE62 /* CFHttpLogInClick.h */ = {isa = PBXFileReference; fileEncoding = 4; lastKnownFileType = sourcecode.c.h; path = CFHttpLogInClick.h; sourceTree = "<group>"; };
		3F4F5D07225CD9720077DE62 /* CFHttpClickChilderHeader.h */ = {isa = PBXFileReference; fileEncoding = 4; lastKnownFileType = sourcecode.c.h; path = CFHttpClickChilderHeader.h; sourceTree = "<group>"; };
		3F4F5D08225CD9720077DE62 /* CFHttpConfiguration+CFClildrenConfig.h */ = {isa = PBXFileReference; fileEncoding = 4; lastKnownFileType = sourcecode.c.h; path = "CFHttpConfiguration+CFClildrenConfig.h"; sourceTree = "<group>"; };
		3F4F5D0A225CD9720077DE62 /* HMFJSONResponseSerializerWithData.m */ = {isa = PBXFileReference; fileEncoding = 4; lastKnownFileType = sourcecode.c.objc; path = HMFJSONResponseSerializerWithData.m; sourceTree = "<group>"; };
		3F4F5D0B225CD9720077DE62 /* CFHttpEngine.h */ = {isa = PBXFileReference; fileEncoding = 4; lastKnownFileType = sourcecode.c.h; path = CFHttpEngine.h; sourceTree = "<group>"; };
		3F4F5D0C225CD9720077DE62 /* CFHttpCache.m */ = {isa = PBXFileReference; fileEncoding = 4; lastKnownFileType = sourcecode.c.objc; path = CFHttpCache.m; sourceTree = "<group>"; };
		3F4F5D0D225CD9720077DE62 /* CFHttpConfiguration.h */ = {isa = PBXFileReference; fileEncoding = 4; lastKnownFileType = sourcecode.c.h; path = CFHttpConfiguration.h; sourceTree = "<group>"; };
		3F4F5D0E225CD9720077DE62 /* CFHttpEngine.m */ = {isa = PBXFileReference; fileEncoding = 4; lastKnownFileType = sourcecode.c.objc; path = CFHttpEngine.m; sourceTree = "<group>"; };
		3F4F5D0F225CD9720077DE62 /* HMFJSONResponseSerializerWithData.h */ = {isa = PBXFileReference; fileEncoding = 4; lastKnownFileType = sourcecode.c.h; path = HMFJSONResponseSerializerWithData.h; sourceTree = "<group>"; };
		3F4F5D10225CD9720077DE62 /* CFHttpConfiguration.m */ = {isa = PBXFileReference; fileEncoding = 4; lastKnownFileType = sourcecode.c.objc; path = CFHttpConfiguration.m; sourceTree = "<group>"; };
		3F4F5D11225CD9720077DE62 /* CFHttpCache.h */ = {isa = PBXFileReference; fileEncoding = 4; lastKnownFileType = sourcecode.c.h; path = CFHttpCache.h; sourceTree = "<group>"; };
		3F4F5D13225CD9720077DE62 /* CFFMDBConfig.m */ = {isa = PBXFileReference; fileEncoding = 4; lastKnownFileType = sourcecode.c.objc; path = CFFMDBConfig.m; sourceTree = "<group>"; };
		3F4F5D14225CD9720077DE62 /* CFFMDBComponent.h */ = {isa = PBXFileReference; fileEncoding = 4; lastKnownFileType = sourcecode.c.h; path = CFFMDBComponent.h; sourceTree = "<group>"; };
		3F4F5D15225CD9720077DE62 /* CFFMDBConfig.h */ = {isa = PBXFileReference; fileEncoding = 4; lastKnownFileType = sourcecode.c.h; path = CFFMDBConfig.h; sourceTree = "<group>"; };
		3F4F5D16225CD9720077DE62 /* CFFMDBComponent.m */ = {isa = PBXFileReference; fileEncoding = 4; lastKnownFileType = sourcecode.c.objc; path = CFFMDBComponent.m; sourceTree = "<group>"; };
		3F4F5D18225CD9720077DE62 /* CFFMDBSQLToModel.h */ = {isa = PBXFileReference; fileEncoding = 4; lastKnownFileType = sourcecode.c.h; path = CFFMDBSQLToModel.h; sourceTree = "<group>"; };
		3F4F5D19225CD9720077DE62 /* CFFMDBTypeChange.h */ = {isa = PBXFileReference; fileEncoding = 4; lastKnownFileType = sourcecode.c.h; path = CFFMDBTypeChange.h; sourceTree = "<group>"; };
		3F4F5D1A225CD9720077DE62 /* CFFMDBSQLStatement.h */ = {isa = PBXFileReference; fileEncoding = 4; lastKnownFileType = sourcecode.c.h; path = CFFMDBSQLStatement.h; sourceTree = "<group>"; };
		3F4F5D1B225CD9720077DE62 /* CFFMDBManager.h */ = {isa = PBXFileReference; fileEncoding = 4; lastKnownFileType = sourcecode.c.h; path = CFFMDBManager.h; sourceTree = "<group>"; };
		3F4F5D1C225CD9720077DE62 /* CFFMDBConfiguration.h */ = {isa = PBXFileReference; fileEncoding = 4; lastKnownFileType = sourcecode.c.h; path = CFFMDBConfiguration.h; sourceTree = "<group>"; };
		3F4F5D1D225CD9720077DE62 /* CFFMDBModelToSQL.h */ = {isa = PBXFileReference; fileEncoding = 4; lastKnownFileType = sourcecode.c.h; path = CFFMDBModelToSQL.h; sourceTree = "<group>"; };
		3F4F5D1E225CD9720077DE62 /* CFFMDBRunTimeModelInterface.h */ = {isa = PBXFileReference; fileEncoding = 4; lastKnownFileType = sourcecode.c.h; path = CFFMDBRunTimeModelInterface.h; sourceTree = "<group>"; };
		3F4F5D1F225CD9720077DE62 /* CFFMDBBlockHeader.h */ = {isa = PBXFileReference; fileEncoding = 4; lastKnownFileType = sourcecode.c.h; path = CFFMDBBlockHeader.h; sourceTree = "<group>"; };
		3F4F5D20225CD9720077DE62 /* CFFMDBSQLToModel.m */ = {isa = PBXFileReference; fileEncoding = 4; lastKnownFileType = sourcecode.c.objc; path = CFFMDBSQLToModel.m; sourceTree = "<group>"; };
		3F4F5D21225CD9720077DE62 /* CFFMDBSQLStatement.m */ = {isa = PBXFileReference; fileEncoding = 4; lastKnownFileType = sourcecode.c.objc; path = CFFMDBSQLStatement.m; sourceTree = "<group>"; };
		3F4F5D22225CD9720077DE62 /* CFFMDBTypeChange.m */ = {isa = PBXFileReference; fileEncoding = 4; lastKnownFileType = sourcecode.c.objc; path = CFFMDBTypeChange.m; sourceTree = "<group>"; };
		3F4F5D23225CD9720077DE62 /* CFFMDBModelProtocol.h */ = {isa = PBXFileReference; fileEncoding = 4; lastKnownFileType = sourcecode.c.h; path = CFFMDBModelProtocol.h; sourceTree = "<group>"; };
		3F4F5D24225CD9720077DE62 /* CFFMDBConfiguration.m */ = {isa = PBXFileReference; fileEncoding = 4; lastKnownFileType = sourcecode.c.objc; path = CFFMDBConfiguration.m; sourceTree = "<group>"; };
		3F4F5D25225CD9720077DE62 /* CFFMDBManager.m */ = {isa = PBXFileReference; fileEncoding = 4; lastKnownFileType = sourcecode.c.objc; path = CFFMDBManager.m; sourceTree = "<group>"; };
		3F4F5D26225CD9720077DE62 /* CFFMDBRunTimeModelInterface.m */ = {isa = PBXFileReference; fileEncoding = 4; lastKnownFileType = sourcecode.c.objc; path = CFFMDBRunTimeModelInterface.m; sourceTree = "<group>"; };
		3F4F5D27225CD9720077DE62 /* CFFMDBModelToSQL.m */ = {isa = PBXFileReference; fileEncoding = 4; lastKnownFileType = sourcecode.c.objc; path = CFFMDBModelToSQL.m; sourceTree = "<group>"; };
		3F4F5D29225CD9720077DE62 /* CFNavCustomButton.h */ = {isa = PBXFileReference; fileEncoding = 4; lastKnownFileType = sourcecode.c.h; path = CFNavCustomButton.h; sourceTree = "<group>"; };
		3F4F5D2A225CD9720077DE62 /* CFNavButtonBuilder.m */ = {isa = PBXFileReference; fileEncoding = 4; lastKnownFileType = sourcecode.c.objc; path = CFNavButtonBuilder.m; sourceTree = "<group>"; };
		3F4F5D2B225CD9720077DE62 /* CFNavCustomButton.m */ = {isa = PBXFileReference; fileEncoding = 4; lastKnownFileType = sourcecode.c.objc; path = CFNavCustomButton.m; sourceTree = "<group>"; };
		3F4F5D2C225CD9720077DE62 /* CFNavButtonBuilder.h */ = {isa = PBXFileReference; fileEncoding = 4; lastKnownFileType = sourcecode.c.h; path = CFNavButtonBuilder.h; sourceTree = "<group>"; };
		3F4F5D2E225CD9720077DE62 /* UIViewController+CFRouteComponent.h */ = {isa = PBXFileReference; fileEncoding = 4; lastKnownFileType = sourcecode.c.h; path = "UIViewController+CFRouteComponent.h"; sourceTree = "<group>"; };
		3F4F5D2F225CD9720077DE62 /* CFRouteComponent.h */ = {isa = PBXFileReference; fileEncoding = 4; lastKnownFileType = sourcecode.c.h; path = CFRouteComponent.h; sourceTree = "<group>"; };
		3F4F5D30225CD9720077DE62 /* UIViewController+CFRouteComponent.m */ = {isa = PBXFileReference; fileEncoding = 4; lastKnownFileType = sourcecode.c.objc; path = "UIViewController+CFRouteComponent.m"; sourceTree = "<group>"; };
		3F4F5D31225CD9730077DE62 /* CFRouteComponent.m */ = {isa = PBXFileReference; fileEncoding = 4; lastKnownFileType = sourcecode.c.objc; path = CFRouteComponent.m; sourceTree = "<group>"; };
		3F4F5D33225CD9730077DE62 /* UIViewController+CFHUDComponent.h */ = {isa = PBXFileReference; fileEncoding = 4; lastKnownFileType = sourcecode.c.h; path = "UIViewController+CFHUDComponent.h"; sourceTree = "<group>"; };
		3F4F5D34225CD9730077DE62 /* UIViewController+CFHUDComponent.m */ = {isa = PBXFileReference; fileEncoding = 4; lastKnownFileType = sourcecode.c.objc; path = "UIViewController+CFHUDComponent.m"; sourceTree = "<group>"; };
		3F4F5D37225CD9730077DE62 /* CFNotificationComponent.m */ = {isa = PBXFileReference; fileEncoding = 4; lastKnownFileType = sourcecode.c.objc; path = CFNotificationComponent.m; sourceTree = "<group>"; };
		3F4F5D38225CD9730077DE62 /* CFNotificationComponent.h */ = {isa = PBXFileReference; fileEncoding = 4; lastKnownFileType = sourcecode.c.h; path = CFNotificationComponent.h; sourceTree = "<group>"; };
		3F4F5D84225CDA630077DE62 /* UIButton+BlocksKit.m */ = {isa = PBXFileReference; fileEncoding = 4; lastKnownFileType = sourcecode.c.objc; path = "UIButton+BlocksKit.m"; sourceTree = "<group>"; };
		3F4F5D85225CDA630077DE62 /* UIButton+BlocksKit.h */ = {isa = PBXFileReference; fileEncoding = 4; lastKnownFileType = sourcecode.c.h; path = "UIButton+BlocksKit.h"; sourceTree = "<group>"; };
		6E045DAC9AC4363473FC5048 /* Pods-customFunction.release.xcconfig */ = {isa = PBXFileReference; includeInIndex = 1; lastKnownFileType = text.xcconfig; name = "Pods-customFunction.release.xcconfig"; path = "Pods/Target Support Files/Pods-customFunction/Pods-customFunction.release.xcconfig"; sourceTree = "<group>"; };
		8627F33615F4724A8E21F622 /* Pods-customFunction.debug.xcconfig */ = {isa = PBXFileReference; includeInIndex = 1; lastKnownFileType = text.xcconfig; name = "Pods-customFunction.debug.xcconfig"; path = "Pods/Target Support Files/Pods-customFunction/Pods-customFunction.debug.xcconfig"; sourceTree = "<group>"; };
		F1E71522C11AB6EA0563023E /* Pods_customFunction.framework */ = {isa = PBXFileReference; explicitFileType = wrapper.framework; includeInIndex = 0; path = Pods_customFunction.framework; sourceTree = BUILT_PRODUCTS_DIR; };
/* End PBXFileReference section */

/* Begin PBXFrameworksBuildPhase section */
		3F24E3BC205CEDEC0019A0BE /* Frameworks */ = {
			isa = PBXFrameworksBuildPhase;
			buildActionMask = 2147483647;
			files = (
				E5811838728025AC91294966 /* Pods_customFunction.framework in Frameworks */,
			);
			runOnlyForDeploymentPostprocessing = 0;
		};
		3F24E3D4205CEDEC0019A0BE /* Frameworks */ = {
			isa = PBXFrameworksBuildPhase;
			buildActionMask = 2147483647;
			files = (
			);
			runOnlyForDeploymentPostprocessing = 0;
		};
		3F24E3DF205CEDEC0019A0BE /* Frameworks */ = {
			isa = PBXFrameworksBuildPhase;
			buildActionMask = 2147483647;
			files = (
			);
			runOnlyForDeploymentPostprocessing = 0;
		};
/* End PBXFrameworksBuildPhase section */

/* Begin PBXGroup section */
		1069EB23C6F0301B4B42B4EA /* Frameworks */ = {
			isa = PBXGroup;
			children = (
				F1E71522C11AB6EA0563023E /* Pods_customFunction.framework */,
			);
			name = Frameworks;
			sourceTree = "<group>";
		};
		3F19B76A20623E3F009C994D /* LoginColtroller */ = {
			isa = PBXGroup;
			children = (
				3F19B76B20623E3F009C994D /* LoginBackView.h */,
				3F19B76C20623E3F009C994D /* LoginBackView.m */,
				3F19B76D20623E3F009C994D /* LoginViewController.h */,
				3F19B76E20623E3F009C994D /* LoginViewController.m */,
			);
			path = LoginColtroller;
			sourceTree = "<group>";
		};
		3F19B77120623E52009C994D /* DetailController */ = {
			isa = PBXGroup;
			children = (
				3F19B77220623E52009C994D /* DetailBackView.h */,
				3F19B77320623E52009C994D /* DetailBackView.m */,
				3F19B77420623E52009C994D /* DetailViewController.h */,
				3F19B77520623E52009C994D /* DetailViewController.m */,
			);
			path = DetailController;
			sourceTree = "<group>";
		};
		3F19B7792062406B009C994D /* ListController */ = {
			isa = PBXGroup;
			children = (
				3F19B77A2062406B009C994D /* ListBackView.h */,
				3F19B77B2062406B009C994D /* ListBackView.m */,
				3F19B77C2062406B009C994D /* ListViewController.h */,
				3F19B77D2062406B009C994D /* ListViewController.m */,
			);
			path = ListController;
			sourceTree = "<group>";
		};
		3F19B787206268A2009C994D /* Model */ = {
			isa = PBXGroup;
			children = (
				3F19B78E2062695B009C994D /* ModelHeader.h */,
				3F19B788206268C5009C994D /* ModelBase.h */,
				3F19B789206268C5009C994D /* ModelBase.m */,
				3F19B78B20626914009C994D /* UserModel.h */,
				3F19B78C20626914009C994D /* UserModel.m */,
			);
			path = Model;
			sourceTree = "<group>";
		};
		3F24E3B6205CEDEC0019A0BE = {
			isa = PBXGroup;
			children = (
				3F24E3C1205CEDEC0019A0BE /* customFunction */,
				3F24E3DA205CEDEC0019A0BE /* customFunctionTests */,
				3F24E3E5205CEDEC0019A0BE /* customFunctionUITests */,
				3F24E3C0205CEDEC0019A0BE /* Products */,
				D786947947788875A1B92218 /* Pods */,
				1069EB23C6F0301B4B42B4EA /* Frameworks */,
			);
			sourceTree = "<group>";
		};
		3F24E3C0205CEDEC0019A0BE /* Products */ = {
			isa = PBXGroup;
			children = (
				3F24E3BF205CEDEC0019A0BE /* customFunction.app */,
				3F24E3D7205CEDEC0019A0BE /* customFunctionTests.xctest */,
				3F24E3E2205CEDEC0019A0BE /* customFunctionUITests.xctest */,
			);
			name = Products;
			sourceTree = "<group>";
		};
		3F24E3C1205CEDEC0019A0BE /* customFunction */ = {
			isa = PBXGroup;
			children = (
				3F24E3C2205CEDEC0019A0BE /* AppDelegate.h */,
				3F24E3C3205CEDEC0019A0BE /* AppDelegate.m */,
				3F4F5C85225CD9720077DE62 /* CFunction */,
				3F24E3F6205CF1290019A0BE /* CFusing */,
				3F24E3C5205CEDEC0019A0BE /* ViewController.h */,
				3F24E3C6205CEDEC0019A0BE /* ViewController.m */,
				3F24E3C8205CEDEC0019A0BE /* Main.storyboard */,
				3F24E3CB205CEDEC0019A0BE /* Assets.xcassets */,
				3F24E3CD205CEDEC0019A0BE /* LaunchScreen.storyboard */,
				3F24E3D0205CEDEC0019A0BE /* Info.plist */,
				3F24E3D1205CEDEC0019A0BE /* main.m */,
			);
			path = customFunction;
			sourceTree = "<group>";
		};
		3F24E3DA205CEDEC0019A0BE /* customFunctionTests */ = {
			isa = PBXGroup;
			children = (
				3F24E3DB205CEDEC0019A0BE /* customFunctionTests.m */,
				3F24E3DD205CEDEC0019A0BE /* Info.plist */,
			);
			path = customFunctionTests;
			sourceTree = "<group>";
		};
		3F24E3E5205CEDEC0019A0BE /* customFunctionUITests */ = {
			isa = PBXGroup;
			children = (
				3F24E3E6205CEDEC0019A0BE /* customFunctionUITests.m */,
				3F24E3E8205CEDEC0019A0BE /* Info.plist */,
			);
			path = customFunctionUITests;
			sourceTree = "<group>";
		};
		3F24E3F6205CF1290019A0BE /* CFusing */ = {
			isa = PBXGroup;
			children = (
				3F19B77820623E9F009C994D /* PrefixHeader.pch */,
				3F19B787206268A2009C994D /* Model */,
				3F19B76A20623E3F009C994D /* LoginColtroller */,
				3F19B7792062406B009C994D /* ListController */,
				3F19B77120623E52009C994D /* DetailController */,
			);
			path = CFusing;
			sourceTree = "<group>";
		};
		3F4F5C85225CD9720077DE62 /* CFunction */ = {
			isa = PBXGroup;
			children = (
				3F4F5C86225CD9720077DE62 /* CFDefind */,
				3F4F5C88225CD9720077DE62 /* document.txt */,
				3F4F5C89225CD9720077DE62 /* CFunctionHeader.h */,
				3F4F5C8A225CD9720077DE62 /* CFCategory */,
				3F4F5CB5225CD9720077DE62 /* CF_ThirdLibrary */,
				3F4F5CD2225CD9720077DE62 /* CFComponent */,
			);
			path = CFunction;
			sourceTree = "<group>";
		};
		3F4F5C86225CD9720077DE62 /* CFDefind */ = {
			isa = PBXGroup;
			children = (
				3F4F5C87225CD9720077DE62 /* CFDefindHeader.h */,
			);
			path = CFDefind;
			sourceTree = "<group>";
		};
		3F4F5C8A225CD9720077DE62 /* CFCategory */ = {
			isa = PBXGroup;
			children = (
				3F4F5D85225CDA630077DE62 /* UIButton+BlocksKit.h */,
				3F4F5D84225CDA630077DE62 /* UIButton+BlocksKit.m */,
				3F4F5C8B225CD9720077DE62 /* UITableViewHeaderFooterView+CF.m */,
				3F4F5C8C225CD9720077DE62 /* UIView+CFScreenShots.h */,
				3F4F5C8D225CD9720077DE62 /* UIImage+CFCamera.h */,
				3F4F5C8E225CD9720077DE62 /* NSNumber+CFNumber.h */,
				3F4F5C8F225CD9720077DE62 /* UIColor+CFColor.h */,
				3F4F5C90225CD9720077DE62 /* UICollectionViewCell+CF.h */,
				3F4F5C91225CD9720077DE62 /* UIViewController+CFNavController.m */,
				3F4F5C92225CD9720077DE62 /* NSMutableArray+CFChange.h */,
				3F4F5C93225CD9720077DE62 /* NSString+CFEncryption.h */,
				3F4F5C94225CD9720077DE62 /* UITextField+CF.m */,
				3F4F5C95225CD9720077DE62 /* UITableViewCell+CF.h */,
				3F4F5C96225CD9720077DE62 /* UIButton+CF.h */,
				3F4F5C97225CD9720077DE62 /* UILabel+CF.m */,
				3F4F5C98225CD9720077DE62 /* NSString+CFDetection.h */,
				3F4F5C99225CD9720077DE62 /* NSString+CFTypeConversion.m */,
				3F4F5C9A225CD9720077DE62 /* UIView+CF.m */,
				3F4F5C9B225CD9720077DE62 /* NSString+CFJSONConversion.m */,
				3F4F5C9C225CD9720077DE62 /* UIView+CFFrame.h */,
				3F4F5C9D225CD9720077DE62 /* UIScrollView+CF.m */,
				3F4F5C9E225CD9720077DE62 /* UITextView+CF.h */,
				3F4F5C9F225CD9720077DE62 /* UIImageView+CF.m */,
				3F4F5CA0225CD9720077DE62 /* NSNumber+CFNumber.m */,
				3F4F5CA1225CD9720077DE62 /* UIImage+CFCamera.m */,
				3F4F5CA2225CD9720077DE62 /* UIView+CFScreenShots.m */,
				3F4F5CA3225CD9720077DE62 /* UITableViewHeaderFooterView+CF.h */,
				3F4F5CA4225CD9720077DE62 /* NSString+CFEncryption.m */,
				3F4F5CA5225CD9720077DE62 /* NSMutableArray+CFChange.m */,
				3F4F5CA6225CD9720077DE62 /* UIViewController+CFNavController.h */,
				3F4F5CA7225CD9720077DE62 /* UIColor+CFColor.m */,
				3F4F5CA8225CD9720077DE62 /* UICollectionViewCell+CF.m */,
				3F4F5CA9225CD9720077DE62 /* UIView+CF.h */,
				3F4F5CAA225CD9720077DE62 /* NSString+CFTypeConversion.h */,
				3F4F5CAB225CD9720077DE62 /* NSString+CFDetection.m */,
				3F4F5CAC225CD9720077DE62 /* UILabel+CF.h */,
				3F4F5CAD225CD9720077DE62 /* UIButton+CF.m */,
				3F4F5CAE225CD9720077DE62 /* UITextField+CF.h */,
				3F4F5CAF225CD9720077DE62 /* UITableViewCell+CF.m */,
				3F4F5CB0225CD9720077DE62 /* UIImageView+CF.h */,
				3F4F5CB1225CD9720077DE62 /* UITextView+CF.m */,
				3F4F5CB2225CD9720077DE62 /* UIScrollView+CF.h */,
				3F4F5CB3225CD9720077DE62 /* UIView+CFFrame.m */,
				3F4F5CB4225CD9720077DE62 /* NSString+CFJSONConversion.h */,
			);
			path = CFCategory;
			sourceTree = "<group>";
		};
		3F4F5CB5225CD9720077DE62 /* CF_ThirdLibrary */ = {
			isa = PBXGroup;
			children = (
				3F4F5CB6225CD9720077DE62 /* FBKVOController */,
				3F4F5CBC225CD9720077DE62 /* UITableView-FDTemplateLayoutCell */,
				3F4F5CC5225CD9720077DE62 /* Masonry */,
				3F4F5CCF225CD9720077DE62 /* TZScrollViewPopGesture */,
			);
			path = CF_ThirdLibrary;
			sourceTree = "<group>";
		};
		3F4F5CB6225CD9720077DE62 /* FBKVOController */ = {
			isa = PBXGroup;
			children = (
				3F4F5CB7225CD9720077DE62 /* KVOController.h */,
				3F4F5CB8225CD9720077DE62 /* FBKVOController.h */,
				3F4F5CB9225CD9720077DE62 /* NSObject+FBKVOController.m */,
				3F4F5CBA225CD9720077DE62 /* FBKVOController.m */,
				3F4F5CBB225CD9720077DE62 /* NSObject+FBKVOController.h */,
			);
			path = FBKVOController;
			sourceTree = "<group>";
		};
		3F4F5CBC225CD9720077DE62 /* UITableView-FDTemplateLayoutCell */ = {
			isa = PBXGroup;
			children = (
				3F4F5CBD225CD9720077DE62 /* UITableView+FDKeyedHeightCache.h */,
				3F4F5CBE225CD9720077DE62 /* UITableView+FDTemplateLayoutCellDebug.h */,
				3F4F5CBF225CD9720077DE62 /* UITableView+FDTemplateLayoutCell.m */,
				3F4F5CC0225CD9720077DE62 /* UITableView+FDIndexPathHeightCache.h */,
				3F4F5CC1225CD9720077DE62 /* UITableView+FDKeyedHeightCache.m */,
				3F4F5CC2225CD9720077DE62 /* UITableView+FDTemplateLayoutCellDebug.m */,
				3F4F5CC3225CD9720077DE62 /* UITableView+FDIndexPathHeightCache.m */,
				3F4F5CC4225CD9720077DE62 /* UITableView+FDTemplateLayoutCell.h */,
			);
			path = "UITableView-FDTemplateLayoutCell";
			sourceTree = "<group>";
		};
		3F4F5CC5225CD9720077DE62 /* Masonry */ = {
			isa = PBXGroup;
			children = (
				3F4F5CC6225CD9720077DE62 /* UIView+Forbearance.h */,
				3F4F5CC7225CD9720077DE62 /* MASConstraintMaker+Forbearance.m */,
				3F4F5CC8225CD9720077DE62 /* NSArray+Sudoku.m */,
				3F4F5CC9225CD9720077DE62 /* MASForbearance.m */,
				3F4F5CCA225CD9720077DE62 /* Remark */,
				3F4F5CCB225CD9720077DE62 /* UIView+Forbearance.m */,
				3F4F5CCC225CD9720077DE62 /* MASConstraintMaker+Forbearance.h */,
				3F4F5CCD225CD9720077DE62 /* NSArray+Sudoku.h */,
				3F4F5CCE225CD9720077DE62 /* MASForbearance.h */,
			);
			path = Masonry;
			sourceTree = "<group>";
		};
		3F4F5CCF225CD9720077DE62 /* TZScrollViewPopGesture */ = {
			isa = PBXGroup;
			children = (
				3F4F5CD0225CD9720077DE62 /* UINavigationController+TZPopGesture.m */,
				3F4F5CD1225CD9720077DE62 /* UINavigationController+TZPopGesture.h */,
			);
			path = TZScrollViewPopGesture;
			sourceTree = "<group>";
		};
		3F4F5CD2225CD9720077DE62 /* CFComponent */ = {
			isa = PBXGroup;
			children = (
				3F4F5CD3225CD9720077DE62 /* CFAuthorComponent */,
				3F4F5CDB225CD9720077DE62 /* CFSortArrayComponent */,
				3F4F5CDE225CD9720077DE62 /* CFAuthorPermissionComponent */,
				3F4F5CF0225CD9720077DE62 /* CFContactsComponent */,
				3F4F5CFC225CD9720077DE62 /* CFHttpComponent */,
				3F4F5D12225CD9720077DE62 /* CFFMDBComponent */,
				3F4F5D28225CD9720077DE62 /* CFControllerComponent */,
				3F4F5D2D225CD9720077DE62 /* CFRouteComponent */,
				3F4F5D32225CD9730077DE62 /* CFHudComponent */,
				3F4F5D35225CD9730077DE62 /* CFFilePathComponent */,
				3F4F5D36225CD9730077DE62 /* CFNotificationComponent */,
			);
			path = CFComponent;
			sourceTree = "<group>";
		};
		3F4F5CD3225CD9720077DE62 /* CFAuthorComponent */ = {
			isa = PBXGroup;
			children = (
				3F4F5CD4225CD9720077DE62 /* UserAccountInfoAdditional.h */,
				3F4F5CD5225CD9720077DE62 /* UserAccount.m */,
				3F4F5CD6225CD9720077DE62 /* UserAccountInfoAdditional.m */,
				3F4F5CD7225CD9720077DE62 /* UserAccount.h */,
				3F4F5CD8225CD9720077DE62 /* Tool */,
			);
			path = CFAuthorComponent;
			sourceTree = "<group>";
		};
		3F4F5CD8225CD9720077DE62 /* Tool */ = {
			isa = PBXGroup;
			children = (
				3F4F5CD9225CD9720077DE62 /* UserAccountStore.h */,
				3F4F5CDA225CD9720077DE62 /* UserAccountStore.m */,
			);
			path = Tool;
			sourceTree = "<group>";
		};
		3F4F5CDB225CD9720077DE62 /* CFSortArrayComponent */ = {
			isa = PBXGroup;
			children = (
				3F4F5CDC225CD9720077DE62 /* CFSortArrayComponent.h */,
				3F4F5CDD225CD9720077DE62 /* CFSortArrayComponent.m */,
			);
			path = CFSortArrayComponent;
			sourceTree = "<group>";
		};
		3F4F5CDE225CD9720077DE62 /* CFAuthorPermissionComponent */ = {
			isa = PBXGroup;
			children = (
				3F4F5CDF225CD9720077DE62 /* CFAuthorPermissions.m */,
				3F4F5CE0225CD9720077DE62 /* CFPermissionConfig.h */,
				3F4F5CE1225CD9720077DE62 /* CFPermissionConfig.m */,
				3F4F5CE2225CD9720077DE62 /* CFAuthorPermissions.h */,
				3F4F5CE3225CD9720077DE62 /* Tool */,
			);
			path = CFAuthorPermissionComponent;
			sourceTree = "<group>";
		};
		3F4F5CE3225CD9720077DE62 /* Tool */ = {
			isa = PBXGroup;
			children = (
				3F4F5CE4225CD9720077DE62 /* PrefsPhoto.m */,
				3F4F5CE5225CD9720077DE62 /* PrefsMicrophone.h */,
				3F4F5CE6225CD9720077DE62 /* PrefsAddressBook.h */,
				3F4F5CE7225CD9720077DE62 /* PrefsLocation.h */,
				3F4F5CE8225CD9720077DE62 /* PrefsCamera.h */,
				3F4F5CE9225CD9720077DE62 /* BasePrefs.m */,
				3F4F5CEA225CD9720077DE62 /* PrefsMicrophone.m */,
				3F4F5CEB225CD9720077DE62 /* PrefsPhoto.h */,
				3F4F5CEC225CD9720077DE62 /* PrefsAddressBook.m */,
				3F4F5CED225CD9720077DE62 /* PrefsCamera.m */,
				3F4F5CEE225CD9720077DE62 /* PrefsLocation.m */,
				3F4F5CEF225CD9720077DE62 /* BasePrefs.h */,
			);
			path = Tool;
			sourceTree = "<group>";
		};
		3F4F5CF0225CD9720077DE62 /* CFContactsComponent */ = {
			isa = PBXGroup;
			children = (
				3F4F5CF1225CD9720077DE62 /* CFContactsComponent.m */,
				3F4F5CF2225CD9720077DE62 /* CFModelContacts.m */,
				3F4F5CF3225CD9720077DE62 /* CFContactsComponent.h */,
				3F4F5CF4225CD9720077DE62 /* CFModelContacts.h */,
				3F4F5CF5225CD9720077DE62 /* Tool */,
			);
			path = CFContactsComponent;
			sourceTree = "<group>";
		};
		3F4F5CF5225CD9720077DE62 /* Tool */ = {
			isa = PBXGroup;
			children = (
				3F4F5CF6225CD9720077DE62 /* YContactObject.h */,
				3F4F5CF7225CD9720077DE62 /* YContactObjectManager.m */,
				3F4F5CF8225CD9720077DE62 /* YContactsManager.m */,
				3F4F5CF9225CD9720077DE62 /* YContactObject.m */,
				3F4F5CFA225CD9720077DE62 /* YContactsManager.h */,
				3F4F5CFB225CD9720077DE62 /* YContactObjectManager.h */,
			);
			path = Tool;
			sourceTree = "<group>";
		};
		3F4F5CFC225CD9720077DE62 /* CFHttpComponent */ = {
			isa = PBXGroup;
			children = (
				3F4F5CFD225CD9720077DE62 /* CFHttpClickBase.h */,
				3F4F5CFE225CD9720077DE62 /* CFHttpClickBase.m */,
				3F4F5CFF225CD9720077DE62 /* CFClickChildrens */,
				3F4F5D09225CD9720077DE62 /* Tool */,
			);
			path = CFHttpComponent;
			sourceTree = "<group>";
		};
		3F4F5CFF225CD9720077DE62 /* CFClickChildrens */ = {
			isa = PBXGroup;
			children = (
				3F4F5D00225CD9720077DE62 /* CFHttpClickBase+CFClickBaseErrorConfig.m */,
				3F4F5D01225CD9720077DE62 /* CFHttpArticleClick.m */,
				3F4F5D02225CD9720077DE62 /* CFHttpLogInClick.m */,
				3F4F5D03225CD9720077DE62 /* CFHttpConfiguration+CFClildrenConfig.m */,
				3F4F5D04225CD9720077DE62 /* CFHttpArticleClick.h */,
				3F4F5D05225CD9720077DE62 /* CFHttpClickBase+CFClickBaseErrorConfig.h */,
				3F4F5D06225CD9720077DE62 /* CFHttpLogInClick.h */,
				3F4F5D07225CD9720077DE62 /* CFHttpClickChilderHeader.h */,
				3F4F5D08225CD9720077DE62 /* CFHttpConfiguration+CFClildrenConfig.h */,
			);
			path = CFClickChildrens;
			sourceTree = "<group>";
		};
		3F4F5D09225CD9720077DE62 /* Tool */ = {
			isa = PBXGroup;
			children = (
				3F4F5D0A225CD9720077DE62 /* HMFJSONResponseSerializerWithData.m */,
				3F4F5D0B225CD9720077DE62 /* CFHttpEngine.h */,
				3F4F5D0C225CD9720077DE62 /* CFHttpCache.m */,
				3F4F5D0D225CD9720077DE62 /* CFHttpConfiguration.h */,
				3F4F5D0E225CD9720077DE62 /* CFHttpEngine.m */,
				3F4F5D0F225CD9720077DE62 /* HMFJSONResponseSerializerWithData.h */,
				3F4F5D10225CD9720077DE62 /* CFHttpConfiguration.m */,
				3F4F5D11225CD9720077DE62 /* CFHttpCache.h */,
			);
			path = Tool;
			sourceTree = "<group>";
		};
		3F4F5D12225CD9720077DE62 /* CFFMDBComponent */ = {
			isa = PBXGroup;
			children = (
				3F4F5D13225CD9720077DE62 /* CFFMDBConfig.m */,
				3F4F5D14225CD9720077DE62 /* CFFMDBComponent.h */,
				3F4F5D15225CD9720077DE62 /* CFFMDBConfig.h */,
				3F4F5D16225CD9720077DE62 /* CFFMDBComponent.m */,
				3F4F5D17225CD9720077DE62 /* Tool */,
			);
			path = CFFMDBComponent;
			sourceTree = "<group>";
		};
		3F4F5D17225CD9720077DE62 /* Tool */ = {
			isa = PBXGroup;
			children = (
				3F4F5D18225CD9720077DE62 /* CFFMDBSQLToModel.h */,
				3F4F5D19225CD9720077DE62 /* CFFMDBTypeChange.h */,
				3F4F5D1A225CD9720077DE62 /* CFFMDBSQLStatement.h */,
				3F4F5D1B225CD9720077DE62 /* CFFMDBManager.h */,
				3F4F5D1C225CD9720077DE62 /* CFFMDBConfiguration.h */,
				3F4F5D1D225CD9720077DE62 /* CFFMDBModelToSQL.h */,
				3F4F5D1E225CD9720077DE62 /* CFFMDBRunTimeModelInterface.h */,
				3F4F5D1F225CD9720077DE62 /* CFFMDBBlockHeader.h */,
				3F4F5D20225CD9720077DE62 /* CFFMDBSQLToModel.m */,
				3F4F5D21225CD9720077DE62 /* CFFMDBSQLStatement.m */,
				3F4F5D22225CD9720077DE62 /* CFFMDBTypeChange.m */,
				3F4F5D23225CD9720077DE62 /* CFFMDBModelProtocol.h */,
				3F4F5D24225CD9720077DE62 /* CFFMDBConfiguration.m */,
				3F4F5D25225CD9720077DE62 /* CFFMDBManager.m */,
				3F4F5D26225CD9720077DE62 /* CFFMDBRunTimeModelInterface.m */,
				3F4F5D27225CD9720077DE62 /* CFFMDBModelToSQL.m */,
			);
			path = Tool;
			sourceTree = "<group>";
		};
		3F4F5D28225CD9720077DE62 /* CFControllerComponent */ = {
			isa = PBXGroup;
			children = (
				3F4F5D29225CD9720077DE62 /* CFNavCustomButton.h */,
				3F4F5D2A225CD9720077DE62 /* CFNavButtonBuilder.m */,
				3F4F5D2B225CD9720077DE62 /* CFNavCustomButton.m */,
				3F4F5D2C225CD9720077DE62 /* CFNavButtonBuilder.h */,
			);
			path = CFControllerComponent;
			sourceTree = "<group>";
		};
		3F4F5D2D225CD9720077DE62 /* CFRouteComponent */ = {
			isa = PBXGroup;
			children = (
				3F4F5D2E225CD9720077DE62 /* UIViewController+CFRouteComponent.h */,
				3F4F5D2F225CD9720077DE62 /* CFRouteComponent.h */,
				3F4F5D30225CD9720077DE62 /* UIViewController+CFRouteComponent.m */,
				3F4F5D31225CD9730077DE62 /* CFRouteComponent.m */,
			);
			path = CFRouteComponent;
			sourceTree = "<group>";
		};
		3F4F5D32225CD9730077DE62 /* CFHudComponent */ = {
			isa = PBXGroup;
			children = (
				3F4F5D33225CD9730077DE62 /* UIViewController+CFHUDComponent.h */,
				3F4F5D34225CD9730077DE62 /* UIViewController+CFHUDComponent.m */,
			);
			path = CFHudComponent;
			sourceTree = "<group>";
		};
		3F4F5D35225CD9730077DE62 /* CFFilePathComponent */ = {
			isa = PBXGroup;
			children = (
			);
			path = CFFilePathComponent;
			sourceTree = "<group>";
		};
		3F4F5D36225CD9730077DE62 /* CFNotificationComponent */ = {
			isa = PBXGroup;
			children = (
				3F4F5D37225CD9730077DE62 /* CFNotificationComponent.m */,
				3F4F5D38225CD9730077DE62 /* CFNotificationComponent.h */,
			);
			path = CFNotificationComponent;
			sourceTree = "<group>";
		};
		D786947947788875A1B92218 /* Pods */ = {
			isa = PBXGroup;
			children = (
				8627F33615F4724A8E21F622 /* Pods-customFunction.debug.xcconfig */,
				6E045DAC9AC4363473FC5048 /* Pods-customFunction.release.xcconfig */,
			);
			name = Pods;
			sourceTree = "<group>";
		};
/* End PBXGroup section */

/* Begin PBXNativeTarget section */
		3F24E3BE205CEDEC0019A0BE /* customFunction */ = {
			isa = PBXNativeTarget;
			buildConfigurationList = 3F24E3EB205CEDEC0019A0BE /* Build configuration list for PBXNativeTarget "customFunction" */;
			buildPhases = (
				FC3B660FA50A1F8AF8E5EC31 /* [CP] Check Pods Manifest.lock */,
				3F24E3BB205CEDEC0019A0BE /* Sources */,
				3F24E3BC205CEDEC0019A0BE /* Frameworks */,
				3F24E3BD205CEDEC0019A0BE /* Resources */,
				EF3765873045782417B15638 /* [CP] Embed Pods Frameworks */,
				2059298CE5FE9C1F2E059499 /* [CP] Copy Pods Resources */,
			);
			buildRules = (
			);
			dependencies = (
			);
			name = customFunction;
			productName = customFunction;
			productReference = 3F24E3BF205CEDEC0019A0BE /* customFunction.app */;
			productType = "com.apple.product-type.application";
		};
		3F24E3D6205CEDEC0019A0BE /* customFunctionTests */ = {
			isa = PBXNativeTarget;
			buildConfigurationList = 3F24E3EE205CEDEC0019A0BE /* Build configuration list for PBXNativeTarget "customFunctionTests" */;
			buildPhases = (
				3F24E3D3205CEDEC0019A0BE /* Sources */,
				3F24E3D4205CEDEC0019A0BE /* Frameworks */,
				3F24E3D5205CEDEC0019A0BE /* Resources */,
			);
			buildRules = (
			);
			dependencies = (
				3F24E3D9205CEDEC0019A0BE /* PBXTargetDependency */,
			);
			name = customFunctionTests;
			productName = customFunctionTests;
			productReference = 3F24E3D7205CEDEC0019A0BE /* customFunctionTests.xctest */;
			productType = "com.apple.product-type.bundle.unit-test";
		};
		3F24E3E1205CEDEC0019A0BE /* customFunctionUITests */ = {
			isa = PBXNativeTarget;
			buildConfigurationList = 3F24E3F1205CEDEC0019A0BE /* Build configuration list for PBXNativeTarget "customFunctionUITests" */;
			buildPhases = (
				3F24E3DE205CEDEC0019A0BE /* Sources */,
				3F24E3DF205CEDEC0019A0BE /* Frameworks */,
				3F24E3E0205CEDEC0019A0BE /* Resources */,
			);
			buildRules = (
			);
			dependencies = (
				3F24E3E4205CEDEC0019A0BE /* PBXTargetDependency */,
			);
			name = customFunctionUITests;
			productName = customFunctionUITests;
			productReference = 3F24E3E2205CEDEC0019A0BE /* customFunctionUITests.xctest */;
			productType = "com.apple.product-type.bundle.ui-testing";
		};
/* End PBXNativeTarget section */

/* Begin PBXProject section */
		3F24E3B7205CEDEC0019A0BE /* Project object */ = {
			isa = PBXProject;
			attributes = {
				CLASSPREFIX = CF;
				LastUpgradeCheck = 0920;
				ORGANIZATIONNAME = jing;
				TargetAttributes = {
					3F24E3BE205CEDEC0019A0BE = {
						CreatedOnToolsVersion = 9.2;
						ProvisioningStyle = Automatic;
					};
					3F24E3D6205CEDEC0019A0BE = {
						CreatedOnToolsVersion = 9.2;
						ProvisioningStyle = Automatic;
						TestTargetID = 3F24E3BE205CEDEC0019A0BE;
					};
					3F24E3E1205CEDEC0019A0BE = {
						CreatedOnToolsVersion = 9.2;
						ProvisioningStyle = Automatic;
						TestTargetID = 3F24E3BE205CEDEC0019A0BE;
					};
				};
			};
			buildConfigurationList = 3F24E3BA205CEDEC0019A0BE /* Build configuration list for PBXProject "customFunction" */;
			compatibilityVersion = "Xcode 8.0";
			developmentRegion = en;
			hasScannedForEncodings = 0;
			knownRegions = (
				en,
				Base,
			);
			mainGroup = 3F24E3B6205CEDEC0019A0BE;
			productRefGroup = 3F24E3C0205CEDEC0019A0BE /* Products */;
			projectDirPath = "";
			projectRoot = "";
			targets = (
				3F24E3BE205CEDEC0019A0BE /* customFunction */,
				3F24E3D6205CEDEC0019A0BE /* customFunctionTests */,
				3F24E3E1205CEDEC0019A0BE /* customFunctionUITests */,
			);
		};
/* End PBXProject section */

/* Begin PBXResourcesBuildPhase section */
		3F24E3BD205CEDEC0019A0BE /* Resources */ = {
			isa = PBXResourcesBuildPhase;
			buildActionMask = 2147483647;
			files = (
				3F4F5D58225CD9730077DE62 /* Remark in Resources */,
				3F24E3CF205CEDEC0019A0BE /* LaunchScreen.storyboard in Resources */,
				3F4F5D39225CD9730077DE62 /* document.txt in Resources */,
				3F24E3CC205CEDEC0019A0BE /* Assets.xcassets in Resources */,
				3F24E3CA205CEDEC0019A0BE /* Main.storyboard in Resources */,
			);
			runOnlyForDeploymentPostprocessing = 0;
		};
		3F24E3D5205CEDEC0019A0BE /* Resources */ = {
			isa = PBXResourcesBuildPhase;
			buildActionMask = 2147483647;
			files = (
			);
			runOnlyForDeploymentPostprocessing = 0;
		};
		3F24E3E0205CEDEC0019A0BE /* Resources */ = {
			isa = PBXResourcesBuildPhase;
			buildActionMask = 2147483647;
			files = (
			);
			runOnlyForDeploymentPostprocessing = 0;
		};
/* End PBXResourcesBuildPhase section */

/* Begin PBXShellScriptBuildPhase section */
		2059298CE5FE9C1F2E059499 /* [CP] Copy Pods Resources */ = {
			isa = PBXShellScriptBuildPhase;
			buildActionMask = 2147483647;
			files = (
			);
			inputPaths = (
			);
			name = "[CP] Copy Pods Resources";
			outputPaths = (
			);
			runOnlyForDeploymentPostprocessing = 0;
			shellPath = /bin/sh;
			shellScript = "\"${SRCROOT}/Pods/Target Support Files/Pods-customFunction/Pods-customFunction-resources.sh\"\n";
			showEnvVarsInLog = 0;
		};
		EF3765873045782417B15638 /* [CP] Embed Pods Frameworks */ = {
			isa = PBXShellScriptBuildPhase;
			buildActionMask = 2147483647;
			files = (
			);
			inputPaths = (
				"${SRCROOT}/Pods/Target Support Files/Pods-customFunction/Pods-customFunction-frameworks.sh",
				"${BUILT_PRODUCTS_DIR}/AFNetworking/AFNetworking.framework",
				"${BUILT_PRODUCTS_DIR}/EBBannerView/EBBannerView.framework",
				"${BUILT_PRODUCTS_DIR}/FMDB/FMDB.framework",
				"${BUILT_PRODUCTS_DIR}/IQKeyboardManager/IQKeyboardManager.framework",
				"${BUILT_PRODUCTS_DIR}/MBProgressHUD/MBProgressHUD.framework",
				"${BUILT_PRODUCTS_DIR}/MJExtension/MJExtension.framework",
				"${BUILT_PRODUCTS_DIR}/Masonry/Masonry.framework",
				"${BUILT_PRODUCTS_DIR}/SDWebImage/SDWebImage.framework",
			);
			name = "[CP] Embed Pods Frameworks";
			outputPaths = (
				"${TARGET_BUILD_DIR}/${FRAMEWORKS_FOLDER_PATH}/AFNetworking.framework",
				"${TARGET_BUILD_DIR}/${FRAMEWORKS_FOLDER_PATH}/EBBannerView.framework",
				"${TARGET_BUILD_DIR}/${FRAMEWORKS_FOLDER_PATH}/FMDB.framework",
				"${TARGET_BUILD_DIR}/${FRAMEWORKS_FOLDER_PATH}/IQKeyboardManager.framework",
				"${TARGET_BUILD_DIR}/${FRAMEWORKS_FOLDER_PATH}/MBProgressHUD.framework",
				"${TARGET_BUILD_DIR}/${FRAMEWORKS_FOLDER_PATH}/MJExtension.framework",
				"${TARGET_BUILD_DIR}/${FRAMEWORKS_FOLDER_PATH}/Masonry.framework",
				"${TARGET_BUILD_DIR}/${FRAMEWORKS_FOLDER_PATH}/SDWebImage.framework",
			);
			runOnlyForDeploymentPostprocessing = 0;
			shellPath = /bin/sh;
			shellScript = "\"${SRCROOT}/Pods/Target Support Files/Pods-customFunction/Pods-customFunction-frameworks.sh\"\n";
			showEnvVarsInLog = 0;
		};
		FC3B660FA50A1F8AF8E5EC31 /* [CP] Check Pods Manifest.lock */ = {
			isa = PBXShellScriptBuildPhase;
			buildActionMask = 2147483647;
			files = (
			);
			inputPaths = (
				"${PODS_PODFILE_DIR_PATH}/Podfile.lock",
				"${PODS_ROOT}/Manifest.lock",
			);
			name = "[CP] Check Pods Manifest.lock";
			outputPaths = (
				"$(DERIVED_FILE_DIR)/Pods-customFunction-checkManifestLockResult.txt",
			);
			runOnlyForDeploymentPostprocessing = 0;
			shellPath = /bin/sh;
			shellScript = "diff \"${PODS_PODFILE_DIR_PATH}/Podfile.lock\" \"${PODS_ROOT}/Manifest.lock\" > /dev/null\nif [ $? != 0 ] ; then\n    # print error to STDERR\n    echo \"error: The sandbox is not in sync with the Podfile.lock. Run 'pod install' or update your CocoaPods installation.\" >&2\n    exit 1\nfi\n# This output is used by Xcode 'outputs' to avoid re-running this script phase.\necho \"SUCCESS\" > \"${SCRIPT_OUTPUT_FILE_0}\"\n";
			showEnvVarsInLog = 0;
		};
/* End PBXShellScriptBuildPhase section */

/* Begin PBXSourcesBuildPhase section */
		3F24E3BB205CEDEC0019A0BE /* Sources */ = {
			isa = PBXSourcesBuildPhase;
			buildActionMask = 2147483647;
			files = (
				3F4F5D5E225CD9730077DE62 /* CFSortArrayComponent.m in Sources */,
				3F19B77E2062406B009C994D /* ListBackView.m in Sources */,
				3F19B77F2062406B009C994D /* ListViewController.m in Sources */,
				3F19B78A206268C5009C994D /* ModelBase.m in Sources */,
				3F4F5D4E225CD9730077DE62 /* UIView+CFFrame.m in Sources */,
				3F4F5D72225CD9730077DE62 /* CFHttpCache.m in Sources */,
				3F19B77720623E52009C994D /* DetailViewController.m in Sources */,
				3F4F5D66225CD9730077DE62 /* PrefsLocation.m in Sources */,
				3F4F5D5C225CD9730077DE62 /* UserAccountInfoAdditional.m in Sources */,
				3F4F5D48225CD9730077DE62 /* UIColor+CFColor.m in Sources */,
				3F4F5D40225CD9730077DE62 /* NSString+CFJSONConversion.m in Sources */,
				3F4F5D3C225CD9730077DE62 /* UITextField+CF.m in Sources */,
				3F4F5D69225CD9730077DE62 /* YContactObjectManager.m in Sources */,
				3F4F5D57225CD9730077DE62 /* MASForbearance.m in Sources */,
				3F4F5D3B225CD9730077DE62 /* UIViewController+CFNavController.m in Sources */,
				3F4F5D60225CD9730077DE62 /* CFPermissionConfig.m in Sources */,
				3F4F5D56225CD9730077DE62 /* NSArray+Sudoku.m in Sources */,
				3F24E3C7205CEDEC0019A0BE /* ViewController.m in Sources */,
				3F19B76F20623E3F009C994D /* LoginBackView.m in Sources */,
				3F4F5D5D225CD9730077DE62 /* UserAccountStore.m in Sources */,
				3F4F5D4C225CD9730077DE62 /* UITableViewCell+CF.m in Sources */,
				3F4F5D50225CD9730077DE62 /* FBKVOController.m in Sources */,
				3F4F5D6F225CD9730077DE62 /* CFHttpLogInClick.m in Sources */,
				3F19B78D20626914009C994D /* UserModel.m in Sources */,
				3F19B77020623E3F009C994D /* LoginViewController.m in Sources */,
				3F4F5D6E225CD9730077DE62 /* CFHttpArticleClick.m in Sources */,
				3F4F5D42225CD9730077DE62 /* UIImageView+CF.m in Sources */,
				3F4F5D71225CD9730077DE62 /* HMFJSONResponseSerializerWithData.m in Sources */,
				3F4F5D86225CDA630077DE62 /* UIButton+BlocksKit.m in Sources */,
				3F4F5D3E225CD9730077DE62 /* NSString+CFTypeConversion.m in Sources */,
				3F4F5D7A225CD9730077DE62 /* CFFMDBConfiguration.m in Sources */,
				3F4F5D7C225CD9730077DE62 /* CFFMDBRunTimeModelInterface.m in Sources */,
				3F4F5D41225CD9730077DE62 /* UIScrollView+CF.m in Sources */,
				3F4F5D3D225CD9730077DE62 /* UILabel+CF.m in Sources */,
				3F4F5D5F225CD9730077DE62 /* CFAuthorPermissions.m in Sources */,
				3F4F5D54225CD9730077DE62 /* UITableView+FDIndexPathHeightCache.m in Sources */,
				3F24E3D2205CEDEC0019A0BE /* main.m in Sources */,
				3F19B77620623E52009C994D /* DetailBackView.m in Sources */,
				3F4F5D82225CD9730077DE62 /* UIViewController+CFHUDComponent.m in Sources */,
				3F4F5D6A225CD9730077DE62 /* YContactsManager.m in Sources */,
				3F4F5D6D225CD9730077DE62 /* CFHttpClickBase+CFClickBaseErrorConfig.m in Sources */,
				3F4F5D80225CD9730077DE62 /* UIViewController+CFRouteComponent.m in Sources */,
				3F4F5D4D225CD9730077DE62 /* UITextView+CF.m in Sources */,
				3F4F5D59225CD9730077DE62 /* UIView+Forbearance.m in Sources */,
				3F4F5D49225CD9730077DE62 /* UICollectionViewCell+CF.m in Sources */,
				3F4F5D46225CD9730077DE62 /* NSString+CFEncryption.m in Sources */,
				3F4F5D76225CD9730077DE62 /* CFFMDBComponent.m in Sources */,
				3F4F5D61225CD9730077DE62 /* PrefsPhoto.m in Sources */,
				3F4F5D77225CD9730077DE62 /* CFFMDBSQLToModel.m in Sources */,
				3F4F5D7E225CD9730077DE62 /* CFNavButtonBuilder.m in Sources */,
				3F4F5D52225CD9730077DE62 /* UITableView+FDKeyedHeightCache.m in Sources */,
				3F4F5D4A225CD9730077DE62 /* NSString+CFDetection.m in Sources */,
				3F4F5D62225CD9730077DE62 /* BasePrefs.m in Sources */,
				3F4F5D47225CD9730077DE62 /* NSMutableArray+CFChange.m in Sources */,
				3F4F5D5A225CD9730077DE62 /* UINavigationController+TZPopGesture.m in Sources */,
				3F4F5D64225CD9730077DE62 /* PrefsAddressBook.m in Sources */,
				3F4F5D73225CD9730077DE62 /* CFHttpEngine.m in Sources */,
				3F4F5D6C225CD9730077DE62 /* CFHttpClickBase.m in Sources */,
				3F4F5D81225CD9730077DE62 /* CFRouteComponent.m in Sources */,
				3F4F5D6B225CD9730077DE62 /* YContactObject.m in Sources */,
				3F4F5D43225CD9730077DE62 /* NSNumber+CFNumber.m in Sources */,
				3F4F5D45225CD9730077DE62 /* UIView+CFScreenShots.m in Sources */,
				3F4F5D79225CD9730077DE62 /* CFFMDBTypeChange.m in Sources */,
				3F4F5D67225CD9730077DE62 /* CFContactsComponent.m in Sources */,
				3F4F5D78225CD9730077DE62 /* CFFMDBSQLStatement.m in Sources */,
				3F4F5D55225CD9730077DE62 /* MASConstraintMaker+Forbearance.m in Sources */,
				3F4F5D65225CD9730077DE62 /* PrefsCamera.m in Sources */,
				3F4F5D4F225CD9730077DE62 /* NSObject+FBKVOController.m in Sources */,
				3F4F5D75225CD9730077DE62 /* CFFMDBConfig.m in Sources */,
				3F4F5D5B225CD9730077DE62 /* UserAccount.m in Sources */,
				3F4F5D51225CD9730077DE62 /* UITableView+FDTemplateLayoutCell.m in Sources */,
				3F4F5D7F225CD9730077DE62 /* CFNavCustomButton.m in Sources */,
				3F4F5D70225CD9730077DE62 /* CFHttpConfiguration+CFClildrenConfig.m in Sources */,
				3F4F5D4B225CD9730077DE62 /* UIButton+CF.m in Sources */,
				3F4F5D7B225CD9730077DE62 /* CFFMDBManager.m in Sources */,
				3F4F5D3F225CD9730077DE62 /* UIView+CF.m in Sources */,
				3F4F5D44225CD9730077DE62 /* UIImage+CFCamera.m in Sources */,
				3F4F5D7D225CD9730077DE62 /* CFFMDBModelToSQL.m in Sources */,
				3F4F5D68225CD9730077DE62 /* CFModelContacts.m in Sources */,
				3F4F5D63225CD9730077DE62 /* PrefsMicrophone.m in Sources */,
				3F4F5D74225CD9730077DE62 /* CFHttpConfiguration.m in Sources */,
				3F4F5D53225CD9730077DE62 /* UITableView+FDTemplateLayoutCellDebug.m in Sources */,
				3F4F5D3A225CD9730077DE62 /* UITableViewHeaderFooterView+CF.m in Sources */,
				3F24E3C4205CEDEC0019A0BE /* AppDelegate.m in Sources */,
				3F4F5D83225CD9730077DE62 /* CFNotificationComponent.m in Sources */,
			);
			runOnlyForDeploymentPostprocessing = 0;
		};
		3F24E3D3205CEDEC0019A0BE /* Sources */ = {
			isa = PBXSourcesBuildPhase;
			buildActionMask = 2147483647;
			files = (
				3F24E3DC205CEDEC0019A0BE /* customFunctionTests.m in Sources */,
			);
			runOnlyForDeploymentPostprocessing = 0;
		};
		3F24E3DE205CEDEC0019A0BE /* Sources */ = {
			isa = PBXSourcesBuildPhase;
			buildActionMask = 2147483647;
			files = (
				3F24E3E7205CEDEC0019A0BE /* customFunctionUITests.m in Sources */,
			);
			runOnlyForDeploymentPostprocessing = 0;
		};
/* End PBXSourcesBuildPhase section */

/* Begin PBXTargetDependency section */
		3F24E3D9205CEDEC0019A0BE /* PBXTargetDependency */ = {
			isa = PBXTargetDependency;
			target = 3F24E3BE205CEDEC0019A0BE /* customFunction */;
			targetProxy = 3F24E3D8205CEDEC0019A0BE /* PBXContainerItemProxy */;
		};
		3F24E3E4205CEDEC0019A0BE /* PBXTargetDependency */ = {
			isa = PBXTargetDependency;
			target = 3F24E3BE205CEDEC0019A0BE /* customFunction */;
			targetProxy = 3F24E3E3205CEDEC0019A0BE /* PBXContainerItemProxy */;
		};
/* End PBXTargetDependency section */

/* Begin PBXVariantGroup section */
		3F24E3C8205CEDEC0019A0BE /* Main.storyboard */ = {
			isa = PBXVariantGroup;
			children = (
				3F24E3C9205CEDEC0019A0BE /* Base */,
			);
			name = Main.storyboard;
			sourceTree = "<group>";
		};
		3F24E3CD205CEDEC0019A0BE /* LaunchScreen.storyboard */ = {
			isa = PBXVariantGroup;
			children = (
				3F24E3CE205CEDEC0019A0BE /* Base */,
			);
			name = LaunchScreen.storyboard;
			sourceTree = "<group>";
		};
/* End PBXVariantGroup section */

/* Begin XCBuildConfiguration section */
		3F24E3E9205CEDEC0019A0BE /* Debug */ = {
			isa = XCBuildConfiguration;
			buildSettings = {
				ALWAYS_SEARCH_USER_PATHS = NO;
				CLANG_ANALYZER_NONNULL = YES;
				CLANG_ANALYZER_NUMBER_OBJECT_CONVERSION = YES_AGGRESSIVE;
				CLANG_CXX_LANGUAGE_STANDARD = "gnu++14";
				CLANG_CXX_LIBRARY = "libc++";
				CLANG_ENABLE_MODULES = YES;
				CLANG_ENABLE_OBJC_ARC = YES;
				CLANG_WARN_BLOCK_CAPTURE_AUTORELEASING = YES;
				CLANG_WARN_BOOL_CONVERSION = YES;
				CLANG_WARN_COMMA = YES;
				CLANG_WARN_CONSTANT_CONVERSION = YES;
				CLANG_WARN_DIRECT_OBJC_ISA_USAGE = YES_ERROR;
				CLANG_WARN_DOCUMENTATION_COMMENTS = YES;
				CLANG_WARN_EMPTY_BODY = YES;
				CLANG_WARN_ENUM_CONVERSION = YES;
				CLANG_WARN_INFINITE_RECURSION = YES;
				CLANG_WARN_INT_CONVERSION = YES;
				CLANG_WARN_NON_LITERAL_NULL_CONVERSION = YES;
				CLANG_WARN_OBJC_LITERAL_CONVERSION = YES;
				CLANG_WARN_OBJC_ROOT_CLASS = YES_ERROR;
				CLANG_WARN_RANGE_LOOP_ANALYSIS = YES;
				CLANG_WARN_STRICT_PROTOTYPES = YES;
				CLANG_WARN_SUSPICIOUS_MOVE = YES;
				CLANG_WARN_UNGUARDED_AVAILABILITY = YES_AGGRESSIVE;
				CLANG_WARN_UNREACHABLE_CODE = YES;
				CLANG_WARN__DUPLICATE_METHOD_MATCH = YES;
				CODE_SIGN_IDENTITY = "iPhone Developer";
				COPY_PHASE_STRIP = NO;
				DEBUG_INFORMATION_FORMAT = dwarf;
				ENABLE_STRICT_OBJC_MSGSEND = YES;
				ENABLE_TESTABILITY = YES;
				GCC_C_LANGUAGE_STANDARD = gnu11;
				GCC_DYNAMIC_NO_PIC = NO;
				GCC_NO_COMMON_BLOCKS = YES;
				GCC_OPTIMIZATION_LEVEL = 0;
				GCC_PREPROCESSOR_DEFINITIONS = (
					"DEBUG=1",
					"$(inherited)",
				);
				GCC_WARN_64_TO_32_BIT_CONVERSION = YES;
				GCC_WARN_ABOUT_RETURN_TYPE = YES_ERROR;
				GCC_WARN_UNDECLARED_SELECTOR = YES;
				GCC_WARN_UNINITIALIZED_AUTOS = YES_AGGRESSIVE;
				GCC_WARN_UNUSED_FUNCTION = YES;
				GCC_WARN_UNUSED_VARIABLE = YES;
				IPHONEOS_DEPLOYMENT_TARGET = 11.2;
				MTL_ENABLE_DEBUG_INFO = YES;
				ONLY_ACTIVE_ARCH = YES;
				SDKROOT = iphoneos;
			};
			name = Debug;
		};
		3F24E3EA205CEDEC0019A0BE /* Release */ = {
			isa = XCBuildConfiguration;
			buildSettings = {
				ALWAYS_SEARCH_USER_PATHS = NO;
				CLANG_ANALYZER_NONNULL = YES;
				CLANG_ANALYZER_NUMBER_OBJECT_CONVERSION = YES_AGGRESSIVE;
				CLANG_CXX_LANGUAGE_STANDARD = "gnu++14";
				CLANG_CXX_LIBRARY = "libc++";
				CLANG_ENABLE_MODULES = YES;
				CLANG_ENABLE_OBJC_ARC = YES;
				CLANG_WARN_BLOCK_CAPTURE_AUTORELEASING = YES;
				CLANG_WARN_BOOL_CONVERSION = YES;
				CLANG_WARN_COMMA = YES;
				CLANG_WARN_CONSTANT_CONVERSION = YES;
				CLANG_WARN_DIRECT_OBJC_ISA_USAGE = YES_ERROR;
				CLANG_WARN_DOCUMENTATION_COMMENTS = YES;
				CLANG_WARN_EMPTY_BODY = YES;
				CLANG_WARN_ENUM_CONVERSION = YES;
				CLANG_WARN_INFINITE_RECURSION = YES;
				CLANG_WARN_INT_CONVERSION = YES;
				CLANG_WARN_NON_LITERAL_NULL_CONVERSION = YES;
				CLANG_WARN_OBJC_LITERAL_CONVERSION = YES;
				CLANG_WARN_OBJC_ROOT_CLASS = YES_ERROR;
				CLANG_WARN_RANGE_LOOP_ANALYSIS = YES;
				CLANG_WARN_STRICT_PROTOTYPES = YES;
				CLANG_WARN_SUSPICIOUS_MOVE = YES;
				CLANG_WARN_UNGUARDED_AVAILABILITY = YES_AGGRESSIVE;
				CLANG_WARN_UNREACHABLE_CODE = YES;
				CLANG_WARN__DUPLICATE_METHOD_MATCH = YES;
				CODE_SIGN_IDENTITY = "iPhone Developer";
				COPY_PHASE_STRIP = NO;
				DEBUG_INFORMATION_FORMAT = "dwarf-with-dsym";
				ENABLE_NS_ASSERTIONS = NO;
				ENABLE_STRICT_OBJC_MSGSEND = YES;
				GCC_C_LANGUAGE_STANDARD = gnu11;
				GCC_NO_COMMON_BLOCKS = YES;
				GCC_WARN_64_TO_32_BIT_CONVERSION = YES;
				GCC_WARN_ABOUT_RETURN_TYPE = YES_ERROR;
				GCC_WARN_UNDECLARED_SELECTOR = YES;
				GCC_WARN_UNINITIALIZED_AUTOS = YES_AGGRESSIVE;
				GCC_WARN_UNUSED_FUNCTION = YES;
				GCC_WARN_UNUSED_VARIABLE = YES;
				IPHONEOS_DEPLOYMENT_TARGET = 11.2;
				MTL_ENABLE_DEBUG_INFO = NO;
				SDKROOT = iphoneos;
				VALIDATE_PRODUCT = YES;
			};
			name = Release;
		};
		3F24E3EC205CEDEC0019A0BE /* Debug */ = {
			isa = XCBuildConfiguration;
			baseConfigurationReference = 8627F33615F4724A8E21F622 /* Pods-customFunction.debug.xcconfig */;
			buildSettings = {
				ASSETCATALOG_COMPILER_APPICON_NAME = AppIcon;
				CODE_SIGN_STYLE = Automatic;
				DEVELOPMENT_TEAM = AM3524BGVT;
				GCC_PREFIX_HEADER = "$(SRCROOT)/customFunction/CFusing/PrefixHeader.pch";
				INFOPLIST_FILE = customFunction/Info.plist;
				IPHONEOS_DEPLOYMENT_TARGET = 9.0;
				LD_RUNPATH_SEARCH_PATHS = "$(inherited) @executable_path/Frameworks";
				PRODUCT_BUNDLE_IDENTIFIER = one.customFunction;
				PRODUCT_NAME = "$(TARGET_NAME)";
				TARGETED_DEVICE_FAMILY = "1,2";
			};
			name = Debug;
		};
		3F24E3ED205CEDEC0019A0BE /* Release */ = {
			isa = XCBuildConfiguration;
			baseConfigurationReference = 6E045DAC9AC4363473FC5048 /* Pods-customFunction.release.xcconfig */;
			buildSettings = {
				ASSETCATALOG_COMPILER_APPICON_NAME = AppIcon;
				CODE_SIGN_STYLE = Automatic;
				DEVELOPMENT_TEAM = AM3524BGVT;
				GCC_PREFIX_HEADER = "$(SRCROOT)/customFunction/CFusing/PrefixHeader.pch";
				INFOPLIST_FILE = customFunction/Info.plist;
				IPHONEOS_DEPLOYMENT_TARGET = 9.0;
				LD_RUNPATH_SEARCH_PATHS = "$(inherited) @executable_path/Frameworks";
				PRODUCT_BUNDLE_IDENTIFIER = one.customFunction;
				PRODUCT_NAME = "$(TARGET_NAME)";
				TARGETED_DEVICE_FAMILY = "1,2";
			};
			name = Release;
		};
		3F24E3EF205CEDEC0019A0BE /* Debug */ = {
			isa = XCBuildConfiguration;
			buildSettings = {
				BUNDLE_LOADER = "$(TEST_HOST)";
				CODE_SIGN_STYLE = Automatic;
				INFOPLIST_FILE = customFunctionTests/Info.plist;
				LD_RUNPATH_SEARCH_PATHS = "$(inherited) @executable_path/Frameworks @loader_path/Frameworks";
				PRODUCT_BUNDLE_IDENTIFIER = one.customFunctionTests;
				PRODUCT_NAME = "$(TARGET_NAME)";
				TARGETED_DEVICE_FAMILY = "1,2";
				TEST_HOST = "$(BUILT_PRODUCTS_DIR)/customFunction.app/customFunction";
			};
			name = Debug;
		};
		3F24E3F0205CEDEC0019A0BE /* Release */ = {
			isa = XCBuildConfiguration;
			buildSettings = {
				BUNDLE_LOADER = "$(TEST_HOST)";
				CODE_SIGN_STYLE = Automatic;
				INFOPLIST_FILE = customFunctionTests/Info.plist;
				LD_RUNPATH_SEARCH_PATHS = "$(inherited) @executable_path/Frameworks @loader_path/Frameworks";
				PRODUCT_BUNDLE_IDENTIFIER = one.customFunctionTests;
				PRODUCT_NAME = "$(TARGET_NAME)";
				TARGETED_DEVICE_FAMILY = "1,2";
				TEST_HOST = "$(BUILT_PRODUCTS_DIR)/customFunction.app/customFunction";
			};
			name = Release;
		};
		3F24E3F2205CEDEC0019A0BE /* Debug */ = {
			isa = XCBuildConfiguration;
			buildSettings = {
				CODE_SIGN_STYLE = Automatic;
				INFOPLIST_FILE = customFunctionUITests/Info.plist;
				LD_RUNPATH_SEARCH_PATHS = "$(inherited) @executable_path/Frameworks @loader_path/Frameworks";
				PRODUCT_BUNDLE_IDENTIFIER = one.customFunctionUITests;
				PRODUCT_NAME = "$(TARGET_NAME)";
				TARGETED_DEVICE_FAMILY = "1,2";
				TEST_TARGET_NAME = customFunction;
			};
			name = Debug;
		};
		3F24E3F3205CEDEC0019A0BE /* Release */ = {
			isa = XCBuildConfiguration;
			buildSettings = {
				CODE_SIGN_STYLE = Automatic;
				INFOPLIST_FILE = customFunctionUITests/Info.plist;
				LD_RUNPATH_SEARCH_PATHS = "$(inherited) @executable_path/Frameworks @loader_path/Frameworks";
				PRODUCT_BUNDLE_IDENTIFIER = one.customFunctionUITests;
				PRODUCT_NAME = "$(TARGET_NAME)";
				TARGETED_DEVICE_FAMILY = "1,2";
				TEST_TARGET_NAME = customFunction;
			};
			name = Release;
		};
/* End XCBuildConfiguration section */

/* Begin XCConfigurationList section */
		3F24E3BA205CEDEC0019A0BE /* Build configuration list for PBXProject "customFunction" */ = {
			isa = XCConfigurationList;
			buildConfigurations = (
				3F24E3E9205CEDEC0019A0BE /* Debug */,
				3F24E3EA205CEDEC0019A0BE /* Release */,
			);
			defaultConfigurationIsVisible = 0;
			defaultConfigurationName = Release;
		};
		3F24E3EB205CEDEC0019A0BE /* Build configuration list for PBXNativeTarget "customFunction" */ = {
			isa = XCConfigurationList;
			buildConfigurations = (
				3F24E3EC205CEDEC0019A0BE /* Debug */,
				3F24E3ED205CEDEC0019A0BE /* Release */,
			);
			defaultConfigurationIsVisible = 0;
			defaultConfigurationName = Release;
		};
		3F24E3EE205CEDEC0019A0BE /* Build configuration list for PBXNativeTarget "customFunctionTests" */ = {
			isa = XCConfigurationList;
			buildConfigurations = (
				3F24E3EF205CEDEC0019A0BE /* Debug */,
				3F24E3F0205CEDEC0019A0BE /* Release */,
			);
			defaultConfigurationIsVisible = 0;
			defaultConfigurationName = Release;
		};
		3F24E3F1205CEDEC0019A0BE /* Build configuration list for PBXNativeTarget "customFunctionUITests" */ = {
			isa = XCConfigurationList;
			buildConfigurations = (
				3F24E3F2205CEDEC0019A0BE /* Debug */,
				3F24E3F3205CEDEC0019A0BE /* Release */,
			);
			defaultConfigurationIsVisible = 0;
			defaultConfigurationName = Release;
		};
/* End XCConfigurationList section */
	};
	rootObject = 3F24E3B7205CEDEC0019A0BE /* Project object */;
}
