// !$*UTF8*$!
{
	archiveVersion = 1;
	classes = {
	};
	objectVersion = 48;
	objects = {

/* Begin PBXBuildFile section */
		3F19B65820620889009C994D /* NSNumber+CFNumber.m in Sources */ = {isa = PBXBuildFile; fileRef = 3F19B5D520620889009C994D /* NSNumber+CFNumber.m */; };
		3F19B65920620889009C994D /* NSString+CFDetection.m in Sources */ = {isa = PBXBuildFile; fileRef = 3F19B5D720620889009C994D /* NSString+CFDetection.m */; };
		3F19B65A20620889009C994D /* NSString+CFEncryption.m in Sources */ = {isa = PBXBuildFile; fileRef = 3F19B5D920620889009C994D /* NSString+CFEncryption.m */; };
		3F19B65B20620889009C994D /* NSString+CFJSONConversion.m in Sources */ = {isa = PBXBuildFile; fileRef = 3F19B5DB20620889009C994D /* NSString+CFJSONConversion.m */; };
		3F19B65C20620889009C994D /* NSString+CFTypeConversion.m in Sources */ = {isa = PBXBuildFile; fileRef = 3F19B5DD20620889009C994D /* NSString+CFTypeConversion.m */; };
		3F19B65D20620889009C994D /* UIColor+CFColor.m in Sources */ = {isa = PBXBuildFile; fileRef = 3F19B5DF20620889009C994D /* UIColor+CFColor.m */; };
		3F19B65E20620889009C994D /* UIImage+CFCamera.m in Sources */ = {isa = PBXBuildFile; fileRef = 3F19B5E120620889009C994D /* UIImage+CFCamera.m */; };
		3F19B65F20620889009C994D /* UIView+CFScreenShots.m in Sources */ = {isa = PBXBuildFile; fileRef = 3F19B5E320620889009C994D /* UIView+CFScreenShots.m */; };
		3F19B66020620889009C994D /* UIViewController+CFNavController.m in Sources */ = {isa = PBXBuildFile; fileRef = 3F19B5E520620889009C994D /* UIViewController+CFNavController.m */; };
		3F19B66120620889009C994D /* UserAccountStore.m in Sources */ = {isa = PBXBuildFile; fileRef = 3F19B5EA20620889009C994D /* UserAccountStore.m */; };
		3F19B66220620889009C994D /* UserAccount.m in Sources */ = {isa = PBXBuildFile; fileRef = 3F19B5EC20620889009C994D /* UserAccount.m */; };
		3F19B66320620889009C994D /* UserAccountInfoAdditional.m in Sources */ = {isa = PBXBuildFile; fileRef = 3F19B5EE20620889009C994D /* UserAccountInfoAdditional.m */; };
		3F19B66420620889009C994D /* CFAuthorPermissions.m in Sources */ = {isa = PBXBuildFile; fileRef = 3F19B5F120620889009C994D /* CFAuthorPermissions.m */; };
		3F19B66520620889009C994D /* CFPermissionConfig.m in Sources */ = {isa = PBXBuildFile; fileRef = 3F19B5F320620889009C994D /* CFPermissionConfig.m */; };
		3F19B66620620889009C994D /* BasePrefs.m in Sources */ = {isa = PBXBuildFile; fileRef = 3F19B5F620620889009C994D /* BasePrefs.m */; };
		3F19B66720620889009C994D /* PrefsAddressBook.m in Sources */ = {isa = PBXBuildFile; fileRef = 3F19B5F820620889009C994D /* PrefsAddressBook.m */; };
		3F19B66820620889009C994D /* PrefsCamera.m in Sources */ = {isa = PBXBuildFile; fileRef = 3F19B5FA20620889009C994D /* PrefsCamera.m */; };
		3F19B66920620889009C994D /* PrefsLocation.m in Sources */ = {isa = PBXBuildFile; fileRef = 3F19B5FC20620889009C994D /* PrefsLocation.m */; };
		3F19B66A20620889009C994D /* PrefsMicrophone.m in Sources */ = {isa = PBXBuildFile; fileRef = 3F19B5FE20620889009C994D /* PrefsMicrophone.m */; };
		3F19B66B20620889009C994D /* PrefsPhoto.m in Sources */ = {isa = PBXBuildFile; fileRef = 3F19B60020620889009C994D /* PrefsPhoto.m */; };
		3F19B66C20620889009C994D /* CFContactsComponent.m in Sources */ = {isa = PBXBuildFile; fileRef = 3F19B60320620889009C994D /* CFContactsComponent.m */; };
		3F19B66D20620889009C994D /* CFModelContacts.m in Sources */ = {isa = PBXBuildFile; fileRef = 3F19B60520620889009C994D /* CFModelContacts.m */; };
		3F19B66E20620889009C994D /* YContactObject.m in Sources */ = {isa = PBXBuildFile; fileRef = 3F19B60820620889009C994D /* YContactObject.m */; };
		3F19B66F20620889009C994D /* YContactObjectManager.m in Sources */ = {isa = PBXBuildFile; fileRef = 3F19B60A20620889009C994D /* YContactObjectManager.m */; };
		3F19B67020620889009C994D /* YContactsManager.m in Sources */ = {isa = PBXBuildFile; fileRef = 3F19B60C20620889009C994D /* YContactsManager.m */; };
		3F19B67120620889009C994D /* CFNavButtonBuilder.m in Sources */ = {isa = PBXBuildFile; fileRef = 3F19B60F20620889009C994D /* CFNavButtonBuilder.m */; };
		3F19B67220620889009C994D /* CFNavCustomButton.m in Sources */ = {isa = PBXBuildFile; fileRef = 3F19B61120620889009C994D /* CFNavCustomButton.m */; };
		3F19B67320620889009C994D /* CFFMDBComponent.m in Sources */ = {isa = PBXBuildFile; fileRef = 3F19B61520620889009C994D /* CFFMDBComponent.m */; };
		3F19B67420620889009C994D /* CFFMDBConfig.m in Sources */ = {isa = PBXBuildFile; fileRef = 3F19B61720620889009C994D /* CFFMDBConfig.m */; };
		3F19B67520620889009C994D /* CFFMDBConfiguration.m in Sources */ = {isa = PBXBuildFile; fileRef = 3F19B61B20620889009C994D /* CFFMDBConfiguration.m */; };
		3F19B67620620889009C994D /* CFFMDBManager.m in Sources */ = {isa = PBXBuildFile; fileRef = 3F19B61D20620889009C994D /* CFFMDBManager.m */; };
		3F19B67720620889009C994D /* CFFMDBModelToSQL.m in Sources */ = {isa = PBXBuildFile; fileRef = 3F19B62020620889009C994D /* CFFMDBModelToSQL.m */; };
		3F19B67820620889009C994D /* CFFMDBRunTimeModelInterface.m in Sources */ = {isa = PBXBuildFile; fileRef = 3F19B62220620889009C994D /* CFFMDBRunTimeModelInterface.m */; };
		3F19B67920620889009C994D /* CFFMDBSQLStatement.m in Sources */ = {isa = PBXBuildFile; fileRef = 3F19B62420620889009C994D /* CFFMDBSQLStatement.m */; };
		3F19B67A20620889009C994D /* CFFMDBSQLToModel.m in Sources */ = {isa = PBXBuildFile; fileRef = 3F19B62620620889009C994D /* CFFMDBSQLToModel.m */; };
		3F19B67B20620889009C994D /* CFFMDBTypeChange.m in Sources */ = {isa = PBXBuildFile; fileRef = 3F19B62820620889009C994D /* CFFMDBTypeChange.m */; };
		3F19B67C20620889009C994D /* CFHttpArticleClick.m in Sources */ = {isa = PBXBuildFile; fileRef = 3F19B62C20620889009C994D /* CFHttpArticleClick.m */; };
		3F19B67D20620889009C994D /* CFHttpClickBase+CFClickBaseErrorConfig.m in Sources */ = {isa = PBXBuildFile; fileRef = 3F19B62E20620889009C994D /* CFHttpClickBase+CFClickBaseErrorConfig.m */; };
		3F19B67E20620889009C994D /* CFHttpConfiguration+CFClildrenConfig.m in Sources */ = {isa = PBXBuildFile; fileRef = 3F19B63120620889009C994D /* CFHttpConfiguration+CFClildrenConfig.m */; };
		3F19B67F20620889009C994D /* CFHttpLogInClick.m in Sources */ = {isa = PBXBuildFile; fileRef = 3F19B63320620889009C994D /* CFHttpLogInClick.m */; };
		3F19B68020620889009C994D /* CFHttpClickBase.m in Sources */ = {isa = PBXBuildFile; fileRef = 3F19B63520620889009C994D /* CFHttpClickBase.m */; };
		3F19B68120620889009C994D /* CFHttpCache.m in Sources */ = {isa = PBXBuildFile; fileRef = 3F19B63820620889009C994D /* CFHttpCache.m */; };
		3F19B68220620889009C994D /* CFHttpConfiguration.m in Sources */ = {isa = PBXBuildFile; fileRef = 3F19B63A20620889009C994D /* CFHttpConfiguration.m */; };
		3F19B68320620889009C994D /* CFHttpEngine.m in Sources */ = {isa = PBXBuildFile; fileRef = 3F19B63C20620889009C994D /* CFHttpEngine.m */; };
		3F19B68420620889009C994D /* HMFJSONResponseSerializerWithData.m in Sources */ = {isa = PBXBuildFile; fileRef = 3F19B63E20620889009C994D /* HMFJSONResponseSerializerWithData.m */; };
		3F19B68520620889009C994D /* CFButtonBase.m in Sources */ = {isa = PBXBuildFile; fileRef = 3F19B64120620889009C994D /* CFButtonBase.m */; };
		3F19B68620620889009C994D /* CFCollectionViewCellBase.m in Sources */ = {isa = PBXBuildFile; fileRef = 3F19B64320620889009C994D /* CFCollectionViewCellBase.m */; };
		3F19B68720620889009C994D /* CFImageViewBase.m in Sources */ = {isa = PBXBuildFile; fileRef = 3F19B64520620889009C994D /* CFImageViewBase.m */; };
		3F19B68820620889009C994D /* CFLabelBase.m in Sources */ = {isa = PBXBuildFile; fileRef = 3F19B64720620889009C994D /* CFLabelBase.m */; };
		3F19B68920620889009C994D /* CFScrollViewBase.m in Sources */ = {isa = PBXBuildFile; fileRef = 3F19B64920620889009C994D /* CFScrollViewBase.m */; };
		3F19B68A20620889009C994D /* CFTableViewCellBase.m in Sources */ = {isa = PBXBuildFile; fileRef = 3F19B64B20620889009C994D /* CFTableViewCellBase.m */; };
		3F19B68B20620889009C994D /* CFTableViewHeaderFooterViewBase.m in Sources */ = {isa = PBXBuildFile; fileRef = 3F19B64D20620889009C994D /* CFTableViewHeaderFooterViewBase.m */; };
		3F19B68C20620889009C994D /* CFTextFieldBase.m in Sources */ = {isa = PBXBuildFile; fileRef = 3F19B64F20620889009C994D /* CFTextFieldBase.m */; };
		3F19B68D20620889009C994D /* CFTextViewBase.m in Sources */ = {isa = PBXBuildFile; fileRef = 3F19B65120620889009C994D /* CFTextViewBase.m */; };
		3F19B68E20620889009C994D /* CFViewBase.m in Sources */ = {isa = PBXBuildFile; fileRef = 3F19B65320620889009C994D /* CFViewBase.m */; };
		3F19B68F20620889009C994D /* document.txt in Resources */ = {isa = PBXBuildFile; fileRef = 3F19B65720620889009C994D /* document.txt */; };
		3F24E3C4205CEDEC0019A0BE /* AppDelegate.m in Sources */ = {isa = PBXBuildFile; fileRef = 3F24E3C3205CEDEC0019A0BE /* AppDelegate.m */; };
		3F24E3C7205CEDEC0019A0BE /* ViewController.m in Sources */ = {isa = PBXBuildFile; fileRef = 3F24E3C6205CEDEC0019A0BE /* ViewController.m */; };
		3F24E3CA205CEDEC0019A0BE /* Main.storyboard in Resources */ = {isa = PBXBuildFile; fileRef = 3F24E3C8205CEDEC0019A0BE /* Main.storyboard */; };
		3F24E3CC205CEDEC0019A0BE /* Assets.xcassets in Resources */ = {isa = PBXBuildFile; fileRef = 3F24E3CB205CEDEC0019A0BE /* Assets.xcassets */; };
		3F24E3CF205CEDEC0019A0BE /* LaunchScreen.storyboard in Resources */ = {isa = PBXBuildFile; fileRef = 3F24E3CD205CEDEC0019A0BE /* LaunchScreen.storyboard */; };
		3F24E3D2205CEDEC0019A0BE /* main.m in Sources */ = {isa = PBXBuildFile; fileRef = 3F24E3D1205CEDEC0019A0BE /* main.m */; };
		3F24E3DC205CEDEC0019A0BE /* customFunctionTests.m in Sources */ = {isa = PBXBuildFile; fileRef = 3F24E3DB205CEDEC0019A0BE /* customFunctionTests.m */; };
		3F24E3E7205CEDEC0019A0BE /* customFunctionUITests.m in Sources */ = {isa = PBXBuildFile; fileRef = 3F24E3E6205CEDEC0019A0BE /* customFunctionUITests.m */; };
		E5811838728025AC91294966 /* Pods_customFunction.framework in Frameworks */ = {isa = PBXBuildFile; fileRef = F1E71522C11AB6EA0563023E /* Pods_customFunction.framework */; };
/* End PBXBuildFile section */

/* Begin PBXContainerItemProxy section */
		3F24E3D8205CEDEC0019A0BE /* PBXContainerItemProxy */ = {
			isa = PBXContainerItemProxy;
			containerPortal = 3F24E3B7205CEDEC0019A0BE /* Project object */;
			proxyType = 1;
			remoteGlobalIDString = 3F24E3BE205CEDEC0019A0BE;
			remoteInfo = customFunction;
		};
		3F24E3E3205CEDEC0019A0BE /* PBXContainerItemProxy */ = {
			isa = PBXContainerItemProxy;
			containerPortal = 3F24E3B7205CEDEC0019A0BE /* Project object */;
			proxyType = 1;
			remoteGlobalIDString = 3F24E3BE205CEDEC0019A0BE;
			remoteInfo = customFunction;
		};
/* End PBXContainerItemProxy section */

/* Begin PBXFileReference section */
		3F19B5D420620889009C994D /* NSNumber+CFNumber.h */ = {isa = PBXFileReference; fileEncoding = 4; lastKnownFileType = sourcecode.c.h; path = "NSNumber+CFNumber.h"; sourceTree = "<group>"; };
		3F19B5D520620889009C994D /* NSNumber+CFNumber.m */ = {isa = PBXFileReference; fileEncoding = 4; lastKnownFileType = sourcecode.c.objc; path = "NSNumber+CFNumber.m"; sourceTree = "<group>"; };
		3F19B5D620620889009C994D /* NSString+CFDetection.h */ = {isa = PBXFileReference; fileEncoding = 4; lastKnownFileType = sourcecode.c.h; path = "NSString+CFDetection.h"; sourceTree = "<group>"; };
		3F19B5D720620889009C994D /* NSString+CFDetection.m */ = {isa = PBXFileReference; fileEncoding = 4; lastKnownFileType = sourcecode.c.objc; path = "NSString+CFDetection.m"; sourceTree = "<group>"; };
		3F19B5D820620889009C994D /* NSString+CFEncryption.h */ = {isa = PBXFileReference; fileEncoding = 4; lastKnownFileType = sourcecode.c.h; path = "NSString+CFEncryption.h"; sourceTree = "<group>"; };
		3F19B5D920620889009C994D /* NSString+CFEncryption.m */ = {isa = PBXFileReference; fileEncoding = 4; lastKnownFileType = sourcecode.c.objc; path = "NSString+CFEncryption.m"; sourceTree = "<group>"; };
		3F19B5DA20620889009C994D /* NSString+CFJSONConversion.h */ = {isa = PBXFileReference; fileEncoding = 4; lastKnownFileType = sourcecode.c.h; path = "NSString+CFJSONConversion.h"; sourceTree = "<group>"; };
		3F19B5DB20620889009C994D /* NSString+CFJSONConversion.m */ = {isa = PBXFileReference; fileEncoding = 4; lastKnownFileType = sourcecode.c.objc; path = "NSString+CFJSONConversion.m"; sourceTree = "<group>"; };
		3F19B5DC20620889009C994D /* NSString+CFTypeConversion.h */ = {isa = PBXFileReference; fileEncoding = 4; lastKnownFileType = sourcecode.c.h; path = "NSString+CFTypeConversion.h"; sourceTree = "<group>"; };
		3F19B5DD20620889009C994D /* NSString+CFTypeConversion.m */ = {isa = PBXFileReference; fileEncoding = 4; lastKnownFileType = sourcecode.c.objc; path = "NSString+CFTypeConversion.m"; sourceTree = "<group>"; };
		3F19B5DE20620889009C994D /* UIColor+CFColor.h */ = {isa = PBXFileReference; fileEncoding = 4; lastKnownFileType = sourcecode.c.h; path = "UIColor+CFColor.h"; sourceTree = "<group>"; };
		3F19B5DF20620889009C994D /* UIColor+CFColor.m */ = {isa = PBXFileReference; fileEncoding = 4; lastKnownFileType = sourcecode.c.objc; path = "UIColor+CFColor.m"; sourceTree = "<group>"; };
		3F19B5E020620889009C994D /* UIImage+CFCamera.h */ = {isa = PBXFileReference; fileEncoding = 4; lastKnownFileType = sourcecode.c.h; path = "UIImage+CFCamera.h"; sourceTree = "<group>"; };
		3F19B5E120620889009C994D /* UIImage+CFCamera.m */ = {isa = PBXFileReference; fileEncoding = 4; lastKnownFileType = sourcecode.c.objc; path = "UIImage+CFCamera.m"; sourceTree = "<group>"; };
		3F19B5E220620889009C994D /* UIView+CFScreenShots.h */ = {isa = PBXFileReference; fileEncoding = 4; lastKnownFileType = sourcecode.c.h; path = "UIView+CFScreenShots.h"; sourceTree = "<group>"; };
		3F19B5E320620889009C994D /* UIView+CFScreenShots.m */ = {isa = PBXFileReference; fileEncoding = 4; lastKnownFileType = sourcecode.c.objc; path = "UIView+CFScreenShots.m"; sourceTree = "<group>"; };
		3F19B5E420620889009C994D /* UIViewController+CFNavController.h */ = {isa = PBXFileReference; fileEncoding = 4; lastKnownFileType = sourcecode.c.h; path = "UIViewController+CFNavController.h"; sourceTree = "<group>"; };
		3F19B5E520620889009C994D /* UIViewController+CFNavController.m */ = {isa = PBXFileReference; fileEncoding = 4; lastKnownFileType = sourcecode.c.objc; path = "UIViewController+CFNavController.m"; sourceTree = "<group>"; };
		3F19B5E920620889009C994D /* UserAccountStore.h */ = {isa = PBXFileReference; fileEncoding = 4; lastKnownFileType = sourcecode.c.h; path = UserAccountStore.h; sourceTree = "<group>"; };
		3F19B5EA20620889009C994D /* UserAccountStore.m */ = {isa = PBXFileReference; fileEncoding = 4; lastKnownFileType = sourcecode.c.objc; path = UserAccountStore.m; sourceTree = "<group>"; };
		3F19B5EB20620889009C994D /* UserAccount.h */ = {isa = PBXFileReference; fileEncoding = 4; lastKnownFileType = sourcecode.c.h; path = UserAccount.h; sourceTree = "<group>"; };
		3F19B5EC20620889009C994D /* UserAccount.m */ = {isa = PBXFileReference; fileEncoding = 4; lastKnownFileType = sourcecode.c.objc; path = UserAccount.m; sourceTree = "<group>"; };
		3F19B5ED20620889009C994D /* UserAccountInfoAdditional.h */ = {isa = PBXFileReference; fileEncoding = 4; lastKnownFileType = sourcecode.c.h; path = UserAccountInfoAdditional.h; sourceTree = "<group>"; };
		3F19B5EE20620889009C994D /* UserAccountInfoAdditional.m */ = {isa = PBXFileReference; fileEncoding = 4; lastKnownFileType = sourcecode.c.objc; path = UserAccountInfoAdditional.m; sourceTree = "<group>"; };
		3F19B5F020620889009C994D /* CFAuthorPermissions.h */ = {isa = PBXFileReference; fileEncoding = 4; lastKnownFileType = sourcecode.c.h; path = CFAuthorPermissions.h; sourceTree = "<group>"; };
		3F19B5F120620889009C994D /* CFAuthorPermissions.m */ = {isa = PBXFileReference; fileEncoding = 4; lastKnownFileType = sourcecode.c.objc; path = CFAuthorPermissions.m; sourceTree = "<group>"; };
		3F19B5F220620889009C994D /* CFPermissionConfig.h */ = {isa = PBXFileReference; fileEncoding = 4; lastKnownFileType = sourcecode.c.h; path = CFPermissionConfig.h; sourceTree = "<group>"; };
		3F19B5F320620889009C994D /* CFPermissionConfig.m */ = {isa = PBXFileReference; fileEncoding = 4; lastKnownFileType = sourcecode.c.objc; path = CFPermissionConfig.m; sourceTree = "<group>"; };
		3F19B5F520620889009C994D /* BasePrefs.h */ = {isa = PBXFileReference; fileEncoding = 4; lastKnownFileType = sourcecode.c.h; path = BasePrefs.h; sourceTree = "<group>"; };
		3F19B5F620620889009C994D /* BasePrefs.m */ = {isa = PBXFileReference; fileEncoding = 4; lastKnownFileType = sourcecode.c.objc; path = BasePrefs.m; sourceTree = "<group>"; };
		3F19B5F720620889009C994D /* PrefsAddressBook.h */ = {isa = PBXFileReference; fileEncoding = 4; lastKnownFileType = sourcecode.c.h; path = PrefsAddressBook.h; sourceTree = "<group>"; };
		3F19B5F820620889009C994D /* PrefsAddressBook.m */ = {isa = PBXFileReference; fileEncoding = 4; lastKnownFileType = sourcecode.c.objc; path = PrefsAddressBook.m; sourceTree = "<group>"; };
		3F19B5F920620889009C994D /* PrefsCamera.h */ = {isa = PBXFileReference; fileEncoding = 4; lastKnownFileType = sourcecode.c.h; path = PrefsCamera.h; sourceTree = "<group>"; };
		3F19B5FA20620889009C994D /* PrefsCamera.m */ = {isa = PBXFileReference; fileEncoding = 4; lastKnownFileType = sourcecode.c.objc; path = PrefsCamera.m; sourceTree = "<group>"; };
		3F19B5FB20620889009C994D /* PrefsLocation.h */ = {isa = PBXFileReference; fileEncoding = 4; lastKnownFileType = sourcecode.c.h; path = PrefsLocation.h; sourceTree = "<group>"; };
		3F19B5FC20620889009C994D /* PrefsLocation.m */ = {isa = PBXFileReference; fileEncoding = 4; lastKnownFileType = sourcecode.c.objc; path = PrefsLocation.m; sourceTree = "<group>"; };
		3F19B5FD20620889009C994D /* PrefsMicrophone.h */ = {isa = PBXFileReference; fileEncoding = 4; lastKnownFileType = sourcecode.c.h; path = PrefsMicrophone.h; sourceTree = "<group>"; };
		3F19B5FE20620889009C994D /* PrefsMicrophone.m */ = {isa = PBXFileReference; fileEncoding = 4; lastKnownFileType = sourcecode.c.objc; path = PrefsMicrophone.m; sourceTree = "<group>"; };
		3F19B5FF20620889009C994D /* PrefsPhoto.h */ = {isa = PBXFileReference; fileEncoding = 4; lastKnownFileType = sourcecode.c.h; path = PrefsPhoto.h; sourceTree = "<group>"; };
		3F19B60020620889009C994D /* PrefsPhoto.m */ = {isa = PBXFileReference; fileEncoding = 4; lastKnownFileType = sourcecode.c.objc; path = PrefsPhoto.m; sourceTree = "<group>"; };
		3F19B60220620889009C994D /* CFContactsComponent.h */ = {isa = PBXFileReference; fileEncoding = 4; lastKnownFileType = sourcecode.c.h; path = CFContactsComponent.h; sourceTree = "<group>"; };
		3F19B60320620889009C994D /* CFContactsComponent.m */ = {isa = PBXFileReference; fileEncoding = 4; lastKnownFileType = sourcecode.c.objc; path = CFContactsComponent.m; sourceTree = "<group>"; };
		3F19B60420620889009C994D /* CFModelContacts.h */ = {isa = PBXFileReference; fileEncoding = 4; lastKnownFileType = sourcecode.c.h; path = CFModelContacts.h; sourceTree = "<group>"; };
		3F19B60520620889009C994D /* CFModelContacts.m */ = {isa = PBXFileReference; fileEncoding = 4; lastKnownFileType = sourcecode.c.objc; path = CFModelContacts.m; sourceTree = "<group>"; };
		3F19B60720620889009C994D /* YContactObject.h */ = {isa = PBXFileReference; fileEncoding = 4; lastKnownFileType = sourcecode.c.h; path = YContactObject.h; sourceTree = "<group>"; };
		3F19B60820620889009C994D /* YContactObject.m */ = {isa = PBXFileReference; fileEncoding = 4; lastKnownFileType = sourcecode.c.objc; path = YContactObject.m; sourceTree = "<group>"; };
		3F19B60920620889009C994D /* YContactObjectManager.h */ = {isa = PBXFileReference; fileEncoding = 4; lastKnownFileType = sourcecode.c.h; path = YContactObjectManager.h; sourceTree = "<group>"; };
		3F19B60A20620889009C994D /* YContactObjectManager.m */ = {isa = PBXFileReference; fileEncoding = 4; lastKnownFileType = sourcecode.c.objc; path = YContactObjectManager.m; sourceTree = "<group>"; };
		3F19B60B20620889009C994D /* YContactsManager.h */ = {isa = PBXFileReference; fileEncoding = 4; lastKnownFileType = sourcecode.c.h; path = YContactsManager.h; sourceTree = "<group>"; };
		3F19B60C20620889009C994D /* YContactsManager.m */ = {isa = PBXFileReference; fileEncoding = 4; lastKnownFileType = sourcecode.c.objc; path = YContactsManager.m; sourceTree = "<group>"; };
		3F19B60E20620889009C994D /* CFNavButtonBuilder.h */ = {isa = PBXFileReference; fileEncoding = 4; lastKnownFileType = sourcecode.c.h; path = CFNavButtonBuilder.h; sourceTree = "<group>"; };
		3F19B60F20620889009C994D /* CFNavButtonBuilder.m */ = {isa = PBXFileReference; fileEncoding = 4; lastKnownFileType = sourcecode.c.objc; path = CFNavButtonBuilder.m; sourceTree = "<group>"; };
		3F19B61020620889009C994D /* CFNavCustomButton.h */ = {isa = PBXFileReference; fileEncoding = 4; lastKnownFileType = sourcecode.c.h; path = CFNavCustomButton.h; sourceTree = "<group>"; };
		3F19B61120620889009C994D /* CFNavCustomButton.m */ = {isa = PBXFileReference; fileEncoding = 4; lastKnownFileType = sourcecode.c.objc; path = CFNavCustomButton.m; sourceTree = "<group>"; };
		3F19B61420620889009C994D /* CFFMDBComponent.h */ = {isa = PBXFileReference; fileEncoding = 4; lastKnownFileType = sourcecode.c.h; path = CFFMDBComponent.h; sourceTree = "<group>"; };
		3F19B61520620889009C994D /* CFFMDBComponent.m */ = {isa = PBXFileReference; fileEncoding = 4; lastKnownFileType = sourcecode.c.objc; path = CFFMDBComponent.m; sourceTree = "<group>"; };
		3F19B61620620889009C994D /* CFFMDBConfig.h */ = {isa = PBXFileReference; fileEncoding = 4; lastKnownFileType = sourcecode.c.h; path = CFFMDBConfig.h; sourceTree = "<group>"; };
		3F19B61720620889009C994D /* CFFMDBConfig.m */ = {isa = PBXFileReference; fileEncoding = 4; lastKnownFileType = sourcecode.c.objc; path = CFFMDBConfig.m; sourceTree = "<group>"; };
		3F19B61920620889009C994D /* CFFMDBBlockHeader.h */ = {isa = PBXFileReference; fileEncoding = 4; lastKnownFileType = sourcecode.c.h; path = CFFMDBBlockHeader.h; sourceTree = "<group>"; };
		3F19B61A20620889009C994D /* CFFMDBConfiguration.h */ = {isa = PBXFileReference; fileEncoding = 4; lastKnownFileType = sourcecode.c.h; path = CFFMDBConfiguration.h; sourceTree = "<group>"; };
		3F19B61B20620889009C994D /* CFFMDBConfiguration.m */ = {isa = PBXFileReference; fileEncoding = 4; lastKnownFileType = sourcecode.c.objc; path = CFFMDBConfiguration.m; sourceTree = "<group>"; };
		3F19B61C20620889009C994D /* CFFMDBManager.h */ = {isa = PBXFileReference; fileEncoding = 4; lastKnownFileType = sourcecode.c.h; path = CFFMDBManager.h; sourceTree = "<group>"; };
		3F19B61D20620889009C994D /* CFFMDBManager.m */ = {isa = PBXFileReference; fileEncoding = 4; lastKnownFileType = sourcecode.c.objc; path = CFFMDBManager.m; sourceTree = "<group>"; };
		3F19B61E20620889009C994D /* CFFMDBModelProtocol.h */ = {isa = PBXFileReference; fileEncoding = 4; lastKnownFileType = sourcecode.c.h; path = CFFMDBModelProtocol.h; sourceTree = "<group>"; };
		3F19B61F20620889009C994D /* CFFMDBModelToSQL.h */ = {isa = PBXFileReference; fileEncoding = 4; lastKnownFileType = sourcecode.c.h; path = CFFMDBModelToSQL.h; sourceTree = "<group>"; };
		3F19B62020620889009C994D /* CFFMDBModelToSQL.m */ = {isa = PBXFileReference; fileEncoding = 4; lastKnownFileType = sourcecode.c.objc; path = CFFMDBModelToSQL.m; sourceTree = "<group>"; };
		3F19B62120620889009C994D /* CFFMDBRunTimeModelInterface.h */ = {isa = PBXFileReference; fileEncoding = 4; lastKnownFileType = sourcecode.c.h; path = CFFMDBRunTimeModelInterface.h; sourceTree = "<group>"; };
		3F19B62220620889009C994D /* CFFMDBRunTimeModelInterface.m */ = {isa = PBXFileReference; fileEncoding = 4; lastKnownFileType = sourcecode.c.objc; path = CFFMDBRunTimeModelInterface.m; sourceTree = "<group>"; };
		3F19B62320620889009C994D /* CFFMDBSQLStatement.h */ = {isa = PBXFileReference; fileEncoding = 4; lastKnownFileType = sourcecode.c.h; path = CFFMDBSQLStatement.h; sourceTree = "<group>"; };
		3F19B62420620889009C994D /* CFFMDBSQLStatement.m */ = {isa = PBXFileReference; fileEncoding = 4; lastKnownFileType = sourcecode.c.objc; path = CFFMDBSQLStatement.m; sourceTree = "<group>"; };
		3F19B62520620889009C994D /* CFFMDBSQLToModel.h */ = {isa = PBXFileReference; fileEncoding = 4; lastKnownFileType = sourcecode.c.h; path = CFFMDBSQLToModel.h; sourceTree = "<group>"; };
		3F19B62620620889009C994D /* CFFMDBSQLToModel.m */ = {isa = PBXFileReference; fileEncoding = 4; lastKnownFileType = sourcecode.c.objc; path = CFFMDBSQLToModel.m; sourceTree = "<group>"; };
		3F19B62720620889009C994D /* CFFMDBTypeChange.h */ = {isa = PBXFileReference; fileEncoding = 4; lastKnownFileType = sourcecode.c.h; path = CFFMDBTypeChange.h; sourceTree = "<group>"; };
		3F19B62820620889009C994D /* CFFMDBTypeChange.m */ = {isa = PBXFileReference; fileEncoding = 4; lastKnownFileType = sourcecode.c.objc; path = CFFMDBTypeChange.m; sourceTree = "<group>"; };
		3F19B62B20620889009C994D /* CFHttpArticleClick.h */ = {isa = PBXFileReference; fileEncoding = 4; lastKnownFileType = sourcecode.c.h; path = CFHttpArticleClick.h; sourceTree = "<group>"; };
		3F19B62C20620889009C994D /* CFHttpArticleClick.m */ = {isa = PBXFileReference; fileEncoding = 4; lastKnownFileType = sourcecode.c.objc; path = CFHttpArticleClick.m; sourceTree = "<group>"; };
		3F19B62D20620889009C994D /* CFHttpClickBase+CFClickBaseErrorConfig.h */ = {isa = PBXFileReference; fileEncoding = 4; lastKnownFileType = sourcecode.c.h; path = "CFHttpClickBase+CFClickBaseErrorConfig.h"; sourceTree = "<group>"; };
		3F19B62E20620889009C994D /* CFHttpClickBase+CFClickBaseErrorConfig.m */ = {isa = PBXFileReference; fileEncoding = 4; lastKnownFileType = sourcecode.c.objc; path = "CFHttpClickBase+CFClickBaseErrorConfig.m"; sourceTree = "<group>"; };
		3F19B62F20620889009C994D /* CFHttpClickChilderHeader.h */ = {isa = PBXFileReference; fileEncoding = 4; lastKnownFileType = sourcecode.c.h; path = CFHttpClickChilderHeader.h; sourceTree = "<group>"; };
		3F19B63020620889009C994D /* CFHttpConfiguration+CFClildrenConfig.h */ = {isa = PBXFileReference; fileEncoding = 4; lastKnownFileType = sourcecode.c.h; path = "CFHttpConfiguration+CFClildrenConfig.h"; sourceTree = "<group>"; };
		3F19B63120620889009C994D /* CFHttpConfiguration+CFClildrenConfig.m */ = {isa = PBXFileReference; fileEncoding = 4; lastKnownFileType = sourcecode.c.objc; path = "CFHttpConfiguration+CFClildrenConfig.m"; sourceTree = "<group>"; };
		3F19B63220620889009C994D /* CFHttpLogInClick.h */ = {isa = PBXFileReference; fileEncoding = 4; lastKnownFileType = sourcecode.c.h; path = CFHttpLogInClick.h; sourceTree = "<group>"; };
		3F19B63320620889009C994D /* CFHttpLogInClick.m */ = {isa = PBXFileReference; fileEncoding = 4; lastKnownFileType = sourcecode.c.objc; path = CFHttpLogInClick.m; sourceTree = "<group>"; };
		3F19B63420620889009C994D /* CFHttpClickBase.h */ = {isa = PBXFileReference; fileEncoding = 4; lastKnownFileType = sourcecode.c.h; path = CFHttpClickBase.h; sourceTree = "<group>"; };
		3F19B63520620889009C994D /* CFHttpClickBase.m */ = {isa = PBXFileReference; fileEncoding = 4; lastKnownFileType = sourcecode.c.objc; path = CFHttpClickBase.m; sourceTree = "<group>"; };
		3F19B63720620889009C994D /* CFHttpCache.h */ = {isa = PBXFileReference; fileEncoding = 4; lastKnownFileType = sourcecode.c.h; path = CFHttpCache.h; sourceTree = "<group>"; };
		3F19B63820620889009C994D /* CFHttpCache.m */ = {isa = PBXFileReference; fileEncoding = 4; lastKnownFileType = sourcecode.c.objc; path = CFHttpCache.m; sourceTree = "<group>"; };
		3F19B63920620889009C994D /* CFHttpConfiguration.h */ = {isa = PBXFileReference; fileEncoding = 4; lastKnownFileType = sourcecode.c.h; path = CFHttpConfiguration.h; sourceTree = "<group>"; };
		3F19B63A20620889009C994D /* CFHttpConfiguration.m */ = {isa = PBXFileReference; fileEncoding = 4; lastKnownFileType = sourcecode.c.objc; path = CFHttpConfiguration.m; sourceTree = "<group>"; };
		3F19B63B20620889009C994D /* CFHttpEngine.h */ = {isa = PBXFileReference; fileEncoding = 4; lastKnownFileType = sourcecode.c.h; path = CFHttpEngine.h; sourceTree = "<group>"; };
		3F19B63C20620889009C994D /* CFHttpEngine.m */ = {isa = PBXFileReference; fileEncoding = 4; lastKnownFileType = sourcecode.c.objc; path = CFHttpEngine.m; sourceTree = "<group>"; };
		3F19B63D20620889009C994D /* HMFJSONResponseSerializerWithData.h */ = {isa = PBXFileReference; fileEncoding = 4; lastKnownFileType = sourcecode.c.h; path = HMFJSONResponseSerializerWithData.h; sourceTree = "<group>"; };
		3F19B63E20620889009C994D /* HMFJSONResponseSerializerWithData.m */ = {isa = PBXFileReference; fileEncoding = 4; lastKnownFileType = sourcecode.c.objc; path = HMFJSONResponseSerializerWithData.m; sourceTree = "<group>"; };
		3F19B64020620889009C994D /* CFButtonBase.h */ = {isa = PBXFileReference; fileEncoding = 4; lastKnownFileType = sourcecode.c.h; path = CFButtonBase.h; sourceTree = "<group>"; };
		3F19B64120620889009C994D /* CFButtonBase.m */ = {isa = PBXFileReference; fileEncoding = 4; lastKnownFileType = sourcecode.c.objc; path = CFButtonBase.m; sourceTree = "<group>"; };
		3F19B64220620889009C994D /* CFCollectionViewCellBase.h */ = {isa = PBXFileReference; fileEncoding = 4; lastKnownFileType = sourcecode.c.h; path = CFCollectionViewCellBase.h; sourceTree = "<group>"; };
		3F19B64320620889009C994D /* CFCollectionViewCellBase.m */ = {isa = PBXFileReference; fileEncoding = 4; lastKnownFileType = sourcecode.c.objc; path = CFCollectionViewCellBase.m; sourceTree = "<group>"; };
		3F19B64420620889009C994D /* CFImageViewBase.h */ = {isa = PBXFileReference; fileEncoding = 4; lastKnownFileType = sourcecode.c.h; path = CFImageViewBase.h; sourceTree = "<group>"; };
		3F19B64520620889009C994D /* CFImageViewBase.m */ = {isa = PBXFileReference; fileEncoding = 4; lastKnownFileType = sourcecode.c.objc; path = CFImageViewBase.m; sourceTree = "<group>"; };
		3F19B64620620889009C994D /* CFLabelBase.h */ = {isa = PBXFileReference; fileEncoding = 4; lastKnownFileType = sourcecode.c.h; path = CFLabelBase.h; sourceTree = "<group>"; };
		3F19B64720620889009C994D /* CFLabelBase.m */ = {isa = PBXFileReference; fileEncoding = 4; lastKnownFileType = sourcecode.c.objc; path = CFLabelBase.m; sourceTree = "<group>"; };
		3F19B64820620889009C994D /* CFScrollViewBase.h */ = {isa = PBXFileReference; fileEncoding = 4; lastKnownFileType = sourcecode.c.h; path = CFScrollViewBase.h; sourceTree = "<group>"; };
		3F19B64920620889009C994D /* CFScrollViewBase.m */ = {isa = PBXFileReference; fileEncoding = 4; lastKnownFileType = sourcecode.c.objc; path = CFScrollViewBase.m; sourceTree = "<group>"; };
		3F19B64A20620889009C994D /* CFTableViewCellBase.h */ = {isa = PBXFileReference; fileEncoding = 4; lastKnownFileType = sourcecode.c.h; path = CFTableViewCellBase.h; sourceTree = "<group>"; };
		3F19B64B20620889009C994D /* CFTableViewCellBase.m */ = {isa = PBXFileReference; fileEncoding = 4; lastKnownFileType = sourcecode.c.objc; path = CFTableViewCellBase.m; sourceTree = "<group>"; };
		3F19B64C20620889009C994D /* CFTableViewHeaderFooterViewBase.h */ = {isa = PBXFileReference; fileEncoding = 4; lastKnownFileType = sourcecode.c.h; path = CFTableViewHeaderFooterViewBase.h; sourceTree = "<group>"; };
		3F19B64D20620889009C994D /* CFTableViewHeaderFooterViewBase.m */ = {isa = PBXFileReference; fileEncoding = 4; lastKnownFileType = sourcecode.c.objc; path = CFTableViewHeaderFooterViewBase.m; sourceTree = "<group>"; };
		3F19B64E20620889009C994D /* CFTextFieldBase.h */ = {isa = PBXFileReference; fileEncoding = 4; lastKnownFileType = sourcecode.c.h; path = CFTextFieldBase.h; sourceTree = "<group>"; };
		3F19B64F20620889009C994D /* CFTextFieldBase.m */ = {isa = PBXFileReference; fileEncoding = 4; lastKnownFileType = sourcecode.c.objc; path = CFTextFieldBase.m; sourceTree = "<group>"; };
		3F19B65020620889009C994D /* CFTextViewBase.h */ = {isa = PBXFileReference; fileEncoding = 4; lastKnownFileType = sourcecode.c.h; path = CFTextViewBase.h; sourceTree = "<group>"; };
		3F19B65120620889009C994D /* CFTextViewBase.m */ = {isa = PBXFileReference; fileEncoding = 4; lastKnownFileType = sourcecode.c.objc; path = CFTextViewBase.m; sourceTree = "<group>"; };
		3F19B65220620889009C994D /* CFViewBase.h */ = {isa = PBXFileReference; fileEncoding = 4; lastKnownFileType = sourcecode.c.h; path = CFViewBase.h; sourceTree = "<group>"; };
		3F19B65320620889009C994D /* CFViewBase.m */ = {isa = PBXFileReference; fileEncoding = 4; lastKnownFileType = sourcecode.c.objc; path = CFViewBase.m; sourceTree = "<group>"; };
		3F19B65520620889009C994D /* CFDefindHeader.h */ = {isa = PBXFileReference; fileEncoding = 4; lastKnownFileType = sourcecode.c.h; path = CFDefindHeader.h; sourceTree = "<group>"; };
		3F19B65620620889009C994D /* CFunctionHeader.h */ = {isa = PBXFileReference; fileEncoding = 4; lastKnownFileType = sourcecode.c.h; path = CFunctionHeader.h; sourceTree = "<group>"; };
		3F19B65720620889009C994D /* document.txt */ = {isa = PBXFileReference; fileEncoding = 4; lastKnownFileType = text; path = document.txt; sourceTree = "<group>"; };
		3F24E3BF205CEDEC0019A0BE /* customFunction.app */ = {isa = PBXFileReference; explicitFileType = wrapper.application; includeInIndex = 0; path = customFunction.app; sourceTree = BUILT_PRODUCTS_DIR; };
		3F24E3C2205CEDEC0019A0BE /* AppDelegate.h */ = {isa = PBXFileReference; lastKnownFileType = sourcecode.c.h; path = AppDelegate.h; sourceTree = "<group>"; };
		3F24E3C3205CEDEC0019A0BE /* AppDelegate.m */ = {isa = PBXFileReference; lastKnownFileType = sourcecode.c.objc; path = AppDelegate.m; sourceTree = "<group>"; };
		3F24E3C5205CEDEC0019A0BE /* ViewController.h */ = {isa = PBXFileReference; lastKnownFileType = sourcecode.c.h; path = ViewController.h; sourceTree = "<group>"; };
		3F24E3C6205CEDEC0019A0BE /* ViewController.m */ = {isa = PBXFileReference; lastKnownFileType = sourcecode.c.objc; path = ViewController.m; sourceTree = "<group>"; };
		3F24E3C9205CEDEC0019A0BE /* Base */ = {isa = PBXFileReference; lastKnownFileType = file.storyboard; name = Base; path = Base.lproj/Main.storyboard; sourceTree = "<group>"; };
		3F24E3CB205CEDEC0019A0BE /* Assets.xcassets */ = {isa = PBXFileReference; lastKnownFileType = folder.assetcatalog; path = Assets.xcassets; sourceTree = "<group>"; };
		3F24E3CE205CEDEC0019A0BE /* Base */ = {isa = PBXFileReference; lastKnownFileType = file.storyboard; name = Base; path = Base.lproj/LaunchScreen.storyboard; sourceTree = "<group>"; };
		3F24E3D0205CEDEC0019A0BE /* Info.plist */ = {isa = PBXFileReference; lastKnownFileType = text.plist.xml; path = Info.plist; sourceTree = "<group>"; };
		3F24E3D1205CEDEC0019A0BE /* main.m */ = {isa = PBXFileReference; lastKnownFileType = sourcecode.c.objc; path = main.m; sourceTree = "<group>"; };
		3F24E3D7205CEDEC0019A0BE /* customFunctionTests.xctest */ = {isa = PBXFileReference; explicitFileType = wrapper.cfbundle; includeInIndex = 0; path = customFunctionTests.xctest; sourceTree = BUILT_PRODUCTS_DIR; };
		3F24E3DB205CEDEC0019A0BE /* customFunctionTests.m */ = {isa = PBXFileReference; lastKnownFileType = sourcecode.c.objc; path = customFunctionTests.m; sourceTree = "<group>"; };
		3F24E3DD205CEDEC0019A0BE /* Info.plist */ = {isa = PBXFileReference; lastKnownFileType = text.plist.xml; path = Info.plist; sourceTree = "<group>"; };
		3F24E3E2205CEDEC0019A0BE /* customFunctionUITests.xctest */ = {isa = PBXFileReference; explicitFileType = wrapper.cfbundle; includeInIndex = 0; path = customFunctionUITests.xctest; sourceTree = BUILT_PRODUCTS_DIR; };
		3F24E3E6205CEDEC0019A0BE /* customFunctionUITests.m */ = {isa = PBXFileReference; lastKnownFileType = sourcecode.c.objc; path = customFunctionUITests.m; sourceTree = "<group>"; };
		3F24E3E8205CEDEC0019A0BE /* Info.plist */ = {isa = PBXFileReference; lastKnownFileType = text.plist.xml; path = Info.plist; sourceTree = "<group>"; };
		6E045DAC9AC4363473FC5048 /* Pods-customFunction.release.xcconfig */ = {isa = PBXFileReference; includeInIndex = 1; lastKnownFileType = text.xcconfig; name = "Pods-customFunction.release.xcconfig"; path = "Pods/Target Support Files/Pods-customFunction/Pods-customFunction.release.xcconfig"; sourceTree = "<group>"; };
		8627F33615F4724A8E21F622 /* Pods-customFunction.debug.xcconfig */ = {isa = PBXFileReference; includeInIndex = 1; lastKnownFileType = text.xcconfig; name = "Pods-customFunction.debug.xcconfig"; path = "Pods/Target Support Files/Pods-customFunction/Pods-customFunction.debug.xcconfig"; sourceTree = "<group>"; };
		F1E71522C11AB6EA0563023E /* Pods_customFunction.framework */ = {isa = PBXFileReference; explicitFileType = wrapper.framework; includeInIndex = 0; path = Pods_customFunction.framework; sourceTree = BUILT_PRODUCTS_DIR; };
/* End PBXFileReference section */

/* Begin PBXFrameworksBuildPhase section */
		3F24E3BC205CEDEC0019A0BE /* Frameworks */ = {
			isa = PBXFrameworksBuildPhase;
			buildActionMask = 2147483647;
			files = (
				E5811838728025AC91294966 /* Pods_customFunction.framework in Frameworks */,
			);
			runOnlyForDeploymentPostprocessing = 0;
		};
		3F24E3D4205CEDEC0019A0BE /* Frameworks */ = {
			isa = PBXFrameworksBuildPhase;
			buildActionMask = 2147483647;
			files = (
			);
			runOnlyForDeploymentPostprocessing = 0;
		};
		3F24E3DF205CEDEC0019A0BE /* Frameworks */ = {
			isa = PBXFrameworksBuildPhase;
			buildActionMask = 2147483647;
			files = (
			);
			runOnlyForDeploymentPostprocessing = 0;
		};
/* End PBXFrameworksBuildPhase section */

/* Begin PBXGroup section */
		1069EB23C6F0301B4B42B4EA /* Frameworks */ = {
			isa = PBXGroup;
			children = (
				F1E71522C11AB6EA0563023E /* Pods_customFunction.framework */,
			);
			name = Frameworks;
			sourceTree = "<group>";
		};
		3F19B5D220620889009C994D /* CFunction */ = {
			isa = PBXGroup;
			children = (
				3F19B5D320620889009C994D /* CFCategory */,
				3F19B5E620620889009C994D /* CFComponent */,
				3F19B65420620889009C994D /* CFDefind */,
				3F19B65620620889009C994D /* CFunctionHeader.h */,
				3F19B65720620889009C994D /* document.txt */,
			);
			path = CFunction;
			sourceTree = "<group>";
		};
		3F19B5D320620889009C994D /* CFCategory */ = {
			isa = PBXGroup;
			children = (
				3F19B5D420620889009C994D /* NSNumber+CFNumber.h */,
				3F19B5D520620889009C994D /* NSNumber+CFNumber.m */,
				3F19B5D620620889009C994D /* NSString+CFDetection.h */,
				3F19B5D720620889009C994D /* NSString+CFDetection.m */,
				3F19B5D820620889009C994D /* NSString+CFEncryption.h */,
				3F19B5D920620889009C994D /* NSString+CFEncryption.m */,
				3F19B5DA20620889009C994D /* NSString+CFJSONConversion.h */,
				3F19B5DB20620889009C994D /* NSString+CFJSONConversion.m */,
				3F19B5DC20620889009C994D /* NSString+CFTypeConversion.h */,
				3F19B5DD20620889009C994D /* NSString+CFTypeConversion.m */,
				3F19B5DE20620889009C994D /* UIColor+CFColor.h */,
				3F19B5DF20620889009C994D /* UIColor+CFColor.m */,
				3F19B5E020620889009C994D /* UIImage+CFCamera.h */,
				3F19B5E120620889009C994D /* UIImage+CFCamera.m */,
				3F19B5E220620889009C994D /* UIView+CFScreenShots.h */,
				3F19B5E320620889009C994D /* UIView+CFScreenShots.m */,
				3F19B5E420620889009C994D /* UIViewController+CFNavController.h */,
				3F19B5E520620889009C994D /* UIViewController+CFNavController.m */,
			);
			path = CFCategory;
			sourceTree = "<group>";
		};
		3F19B5E620620889009C994D /* CFComponent */ = {
			isa = PBXGroup;
			children = (
				3F19B5E720620889009C994D /* CFAuthorComponent */,
				3F19B5EF20620889009C994D /* CFAuthorPermissionComponent */,
				3F19B60120620889009C994D /* CFContactsComponent */,
				3F19B60D20620889009C994D /* CFControllerComponent */,
				3F19B61220620889009C994D /* CFFilePathComponent */,
				3F19B61320620889009C994D /* CFFMDBComponent */,
				3F19B62920620889009C994D /* CFHttpComponent */,
				3F19B63F20620889009C994D /* CFKitComponent */,
			);
			path = CFComponent;
			sourceTree = "<group>";
		};
		3F19B5E720620889009C994D /* CFAuthorComponent */ = {
			isa = PBXGroup;
			children = (
				3F19B5E820620889009C994D /* Tool */,
				3F19B5EB20620889009C994D /* UserAccount.h */,
				3F19B5EC20620889009C994D /* UserAccount.m */,
				3F19B5ED20620889009C994D /* UserAccountInfoAdditional.h */,
				3F19B5EE20620889009C994D /* UserAccountInfoAdditional.m */,
			);
			path = CFAuthorComponent;
			sourceTree = "<group>";
		};
		3F19B5E820620889009C994D /* Tool */ = {
			isa = PBXGroup;
			children = (
				3F19B5E920620889009C994D /* UserAccountStore.h */,
				3F19B5EA20620889009C994D /* UserAccountStore.m */,
			);
			path = Tool;
			sourceTree = "<group>";
		};
		3F19B5EF20620889009C994D /* CFAuthorPermissionComponent */ = {
			isa = PBXGroup;
			children = (
				3F19B5F020620889009C994D /* CFAuthorPermissions.h */,
				3F19B5F120620889009C994D /* CFAuthorPermissions.m */,
				3F19B5F220620889009C994D /* CFPermissionConfig.h */,
				3F19B5F320620889009C994D /* CFPermissionConfig.m */,
				3F19B5F420620889009C994D /* Tool */,
			);
			path = CFAuthorPermissionComponent;
			sourceTree = "<group>";
		};
		3F19B5F420620889009C994D /* Tool */ = {
			isa = PBXGroup;
			children = (
				3F19B5F520620889009C994D /* BasePrefs.h */,
				3F19B5F620620889009C994D /* BasePrefs.m */,
				3F19B5F720620889009C994D /* PrefsAddressBook.h */,
				3F19B5F820620889009C994D /* PrefsAddressBook.m */,
				3F19B5F920620889009C994D /* PrefsCamera.h */,
				3F19B5FA20620889009C994D /* PrefsCamera.m */,
				3F19B5FB20620889009C994D /* PrefsLocation.h */,
				3F19B5FC20620889009C994D /* PrefsLocation.m */,
				3F19B5FD20620889009C994D /* PrefsMicrophone.h */,
				3F19B5FE20620889009C994D /* PrefsMicrophone.m */,
				3F19B5FF20620889009C994D /* PrefsPhoto.h */,
				3F19B60020620889009C994D /* PrefsPhoto.m */,
			);
			path = Tool;
			sourceTree = "<group>";
		};
		3F19B60120620889009C994D /* CFContactsComponent */ = {
			isa = PBXGroup;
			children = (
				3F19B60220620889009C994D /* CFContactsComponent.h */,
				3F19B60320620889009C994D /* CFContactsComponent.m */,
				3F19B60420620889009C994D /* CFModelContacts.h */,
				3F19B60520620889009C994D /* CFModelContacts.m */,
				3F19B60620620889009C994D /* Tool */,
			);
			path = CFContactsComponent;
			sourceTree = "<group>";
		};
		3F19B60620620889009C994D /* Tool */ = {
			isa = PBXGroup;
			children = (
				3F19B60720620889009C994D /* YContactObject.h */,
				3F19B60820620889009C994D /* YContactObject.m */,
				3F19B60920620889009C994D /* YContactObjectManager.h */,
				3F19B60A20620889009C994D /* YContactObjectManager.m */,
				3F19B60B20620889009C994D /* YContactsManager.h */,
				3F19B60C20620889009C994D /* YContactsManager.m */,
			);
			path = Tool;
			sourceTree = "<group>";
		};
		3F19B60D20620889009C994D /* CFControllerComponent */ = {
			isa = PBXGroup;
			children = (
				3F19B60E20620889009C994D /* CFNavButtonBuilder.h */,
				3F19B60F20620889009C994D /* CFNavButtonBuilder.m */,
				3F19B61020620889009C994D /* CFNavCustomButton.h */,
				3F19B61120620889009C994D /* CFNavCustomButton.m */,
			);
			path = CFControllerComponent;
			sourceTree = "<group>";
		};
		3F19B61220620889009C994D /* CFFilePathComponent */ = {
			isa = PBXGroup;
			children = (
			);
			path = CFFilePathComponent;
			sourceTree = "<group>";
		};
		3F19B61320620889009C994D /* CFFMDBComponent */ = {
			isa = PBXGroup;
			children = (
				3F19B61420620889009C994D /* CFFMDBComponent.h */,
				3F19B61520620889009C994D /* CFFMDBComponent.m */,
				3F19B61620620889009C994D /* CFFMDBConfig.h */,
				3F19B61720620889009C994D /* CFFMDBConfig.m */,
				3F19B61820620889009C994D /* Tool */,
			);
			path = CFFMDBComponent;
			sourceTree = "<group>";
		};
		3F19B61820620889009C994D /* Tool */ = {
			isa = PBXGroup;
			children = (
				3F19B61920620889009C994D /* CFFMDBBlockHeader.h */,
				3F19B61A20620889009C994D /* CFFMDBConfiguration.h */,
				3F19B61B20620889009C994D /* CFFMDBConfiguration.m */,
				3F19B61C20620889009C994D /* CFFMDBManager.h */,
				3F19B61D20620889009C994D /* CFFMDBManager.m */,
				3F19B61E20620889009C994D /* CFFMDBModelProtocol.h */,
				3F19B61F20620889009C994D /* CFFMDBModelToSQL.h */,
				3F19B62020620889009C994D /* CFFMDBModelToSQL.m */,
				3F19B62120620889009C994D /* CFFMDBRunTimeModelInterface.h */,
				3F19B62220620889009C994D /* CFFMDBRunTimeModelInterface.m */,
				3F19B62320620889009C994D /* CFFMDBSQLStatement.h */,
				3F19B62420620889009C994D /* CFFMDBSQLStatement.m */,
				3F19B62520620889009C994D /* CFFMDBSQLToModel.h */,
				3F19B62620620889009C994D /* CFFMDBSQLToModel.m */,
				3F19B62720620889009C994D /* CFFMDBTypeChange.h */,
				3F19B62820620889009C994D /* CFFMDBTypeChange.m */,
			);
			path = Tool;
			sourceTree = "<group>";
		};
		3F19B62920620889009C994D /* CFHttpComponent */ = {
			isa = PBXGroup;
			children = (
				3F19B62A20620889009C994D /* CFClickChildrens */,
				3F19B63420620889009C994D /* CFHttpClickBase.h */,
				3F19B63520620889009C994D /* CFHttpClickBase.m */,
				3F19B63620620889009C994D /* Tool */,
			);
			path = CFHttpComponent;
			sourceTree = "<group>";
		};
		3F19B62A20620889009C994D /* CFClickChildrens */ = {
			isa = PBXGroup;
			children = (
				3F19B62B20620889009C994D /* CFHttpArticleClick.h */,
				3F19B62C20620889009C994D /* CFHttpArticleClick.m */,
				3F19B62D20620889009C994D /* CFHttpClickBase+CFClickBaseErrorConfig.h */,
				3F19B62E20620889009C994D /* CFHttpClickBase+CFClickBaseErrorConfig.m */,
				3F19B62F20620889009C994D /* CFHttpClickChilderHeader.h */,
				3F19B63020620889009C994D /* CFHttpConfiguration+CFClildrenConfig.h */,
				3F19B63120620889009C994D /* CFHttpConfiguration+CFClildrenConfig.m */,
				3F19B63220620889009C994D /* CFHttpLogInClick.h */,
				3F19B63320620889009C994D /* CFHttpLogInClick.m */,
			);
			path = CFClickChildrens;
			sourceTree = "<group>";
		};
		3F19B63620620889009C994D /* Tool */ = {
			isa = PBXGroup;
			children = (
				3F19B63720620889009C994D /* CFHttpCache.h */,
				3F19B63820620889009C994D /* CFHttpCache.m */,
				3F19B63920620889009C994D /* CFHttpConfiguration.h */,
				3F19B63A20620889009C994D /* CFHttpConfiguration.m */,
				3F19B63B20620889009C994D /* CFHttpEngine.h */,
				3F19B63C20620889009C994D /* CFHttpEngine.m */,
				3F19B63D20620889009C994D /* HMFJSONResponseSerializerWithData.h */,
				3F19B63E20620889009C994D /* HMFJSONResponseSerializerWithData.m */,
			);
			path = Tool;
			sourceTree = "<group>";
		};
		3F19B63F20620889009C994D /* CFKitComponent */ = {
			isa = PBXGroup;
			children = (
				3F19B64020620889009C994D /* CFButtonBase.h */,
				3F19B64120620889009C994D /* CFButtonBase.m */,
				3F19B64220620889009C994D /* CFCollectionViewCellBase.h */,
				3F19B64320620889009C994D /* CFCollectionViewCellBase.m */,
				3F19B64420620889009C994D /* CFImageViewBase.h */,
				3F19B64520620889009C994D /* CFImageViewBase.m */,
				3F19B64620620889009C994D /* CFLabelBase.h */,
				3F19B64720620889009C994D /* CFLabelBase.m */,
				3F19B64820620889009C994D /* CFScrollViewBase.h */,
				3F19B64920620889009C994D /* CFScrollViewBase.m */,
				3F19B64A20620889009C994D /* CFTableViewCellBase.h */,
				3F19B64B20620889009C994D /* CFTableViewCellBase.m */,
				3F19B64C20620889009C994D /* CFTableViewHeaderFooterViewBase.h */,
				3F19B64D20620889009C994D /* CFTableViewHeaderFooterViewBase.m */,
				3F19B64E20620889009C994D /* CFTextFieldBase.h */,
				3F19B64F20620889009C994D /* CFTextFieldBase.m */,
				3F19B65020620889009C994D /* CFTextViewBase.h */,
				3F19B65120620889009C994D /* CFTextViewBase.m */,
				3F19B65220620889009C994D /* CFViewBase.h */,
				3F19B65320620889009C994D /* CFViewBase.m */,
			);
			path = CFKitComponent;
			sourceTree = "<group>";
		};
		3F19B65420620889009C994D /* CFDefind */ = {
			isa = PBXGroup;
			children = (
				3F19B65520620889009C994D /* CFDefindHeader.h */,
			);
			path = CFDefind;
			sourceTree = "<group>";
		};
		3F24E3B6205CEDEC0019A0BE = {
			isa = PBXGroup;
			children = (
				3F24E3C1205CEDEC0019A0BE /* customFunction */,
				3F24E3DA205CEDEC0019A0BE /* customFunctionTests */,
				3F24E3E5205CEDEC0019A0BE /* customFunctionUITests */,
				3F24E3C0205CEDEC0019A0BE /* Products */,
				D786947947788875A1B92218 /* Pods */,
				1069EB23C6F0301B4B42B4EA /* Frameworks */,
			);
			sourceTree = "<group>";
		};
		3F24E3C0205CEDEC0019A0BE /* Products */ = {
			isa = PBXGroup;
			children = (
				3F24E3BF205CEDEC0019A0BE /* customFunction.app */,
				3F24E3D7205CEDEC0019A0BE /* customFunctionTests.xctest */,
				3F24E3E2205CEDEC0019A0BE /* customFunctionUITests.xctest */,
			);
			name = Products;
			sourceTree = "<group>";
		};
		3F24E3C1205CEDEC0019A0BE /* customFunction */ = {
			isa = PBXGroup;
			children = (
				3F24E3C2205CEDEC0019A0BE /* AppDelegate.h */,
				3F24E3C3205CEDEC0019A0BE /* AppDelegate.m */,
				3F24E49F205F807E0019A0BE /* Controller */,
				3F24E3F6205CF1290019A0BE /* CFusing */,
				3F19B5D220620889009C994D /* CFunction */,
				3F24E3C5205CEDEC0019A0BE /* ViewController.h */,
				3F24E3C6205CEDEC0019A0BE /* ViewController.m */,
				3F24E3C8205CEDEC0019A0BE /* Main.storyboard */,
				3F24E3CB205CEDEC0019A0BE /* Assets.xcassets */,
				3F24E3CD205CEDEC0019A0BE /* LaunchScreen.storyboard */,
				3F24E3D0205CEDEC0019A0BE /* Info.plist */,
				3F24E3D1205CEDEC0019A0BE /* main.m */,
			);
			path = customFunction;
			sourceTree = "<group>";
		};
		3F24E3DA205CEDEC0019A0BE /* customFunctionTests */ = {
			isa = PBXGroup;
			children = (
				3F24E3DB205CEDEC0019A0BE /* customFunctionTests.m */,
				3F24E3DD205CEDEC0019A0BE /* Info.plist */,
			);
			path = customFunctionTests;
			sourceTree = "<group>";
		};
		3F24E3E5205CEDEC0019A0BE /* customFunctionUITests */ = {
			isa = PBXGroup;
			children = (
				3F24E3E6205CEDEC0019A0BE /* customFunctionUITests.m */,
				3F24E3E8205CEDEC0019A0BE /* Info.plist */,
			);
			path = customFunctionUITests;
			sourceTree = "<group>";
		};
		3F24E3F6205CF1290019A0BE /* CFusing */ = {
			isa = PBXGroup;
			children = (
			);
			path = CFusing;
			sourceTree = "<group>";
		};
		3F24E49F205F807E0019A0BE /* Controller */ = {
			isa = PBXGroup;
			children = (
			);
			path = Controller;
			sourceTree = "<group>";
		};
		D786947947788875A1B92218 /* Pods */ = {
			isa = PBXGroup;
			children = (
				8627F33615F4724A8E21F622 /* Pods-customFunction.debug.xcconfig */,
				6E045DAC9AC4363473FC5048 /* Pods-customFunction.release.xcconfig */,
			);
			name = Pods;
			sourceTree = "<group>";
		};
/* End PBXGroup section */

/* Begin PBXNativeTarget section */
		3F24E3BE205CEDEC0019A0BE /* customFunction */ = {
			isa = PBXNativeTarget;
			buildConfigurationList = 3F24E3EB205CEDEC0019A0BE /* Build configuration list for PBXNativeTarget "customFunction" */;
			buildPhases = (
				FC3B660FA50A1F8AF8E5EC31 /* [CP] Check Pods Manifest.lock */,
				3F24E3BB205CEDEC0019A0BE /* Sources */,
				3F24E3BC205CEDEC0019A0BE /* Frameworks */,
				3F24E3BD205CEDEC0019A0BE /* Resources */,
				EF3765873045782417B15638 /* [CP] Embed Pods Frameworks */,
				2059298CE5FE9C1F2E059499 /* [CP] Copy Pods Resources */,
			);
			buildRules = (
			);
			dependencies = (
			);
			name = customFunction;
			productName = customFunction;
			productReference = 3F24E3BF205CEDEC0019A0BE /* customFunction.app */;
			productType = "com.apple.product-type.application";
		};
		3F24E3D6205CEDEC0019A0BE /* customFunctionTests */ = {
			isa = PBXNativeTarget;
			buildConfigurationList = 3F24E3EE205CEDEC0019A0BE /* Build configuration list for PBXNativeTarget "customFunctionTests" */;
			buildPhases = (
				3F24E3D3205CEDEC0019A0BE /* Sources */,
				3F24E3D4205CEDEC0019A0BE /* Frameworks */,
				3F24E3D5205CEDEC0019A0BE /* Resources */,
			);
			buildRules = (
			);
			dependencies = (
				3F24E3D9205CEDEC0019A0BE /* PBXTargetDependency */,
			);
			name = customFunctionTests;
			productName = customFunctionTests;
			productReference = 3F24E3D7205CEDEC0019A0BE /* customFunctionTests.xctest */;
			productType = "com.apple.product-type.bundle.unit-test";
		};
		3F24E3E1205CEDEC0019A0BE /* customFunctionUITests */ = {
			isa = PBXNativeTarget;
			buildConfigurationList = 3F24E3F1205CEDEC0019A0BE /* Build configuration list for PBXNativeTarget "customFunctionUITests" */;
			buildPhases = (
				3F24E3DE205CEDEC0019A0BE /* Sources */,
				3F24E3DF205CEDEC0019A0BE /* Frameworks */,
				3F24E3E0205CEDEC0019A0BE /* Resources */,
			);
			buildRules = (
			);
			dependencies = (
				3F24E3E4205CEDEC0019A0BE /* PBXTargetDependency */,
			);
			name = customFunctionUITests;
			productName = customFunctionUITests;
			productReference = 3F24E3E2205CEDEC0019A0BE /* customFunctionUITests.xctest */;
			productType = "com.apple.product-type.bundle.ui-testing";
		};
/* End PBXNativeTarget section */

/* Begin PBXProject section */
		3F24E3B7205CEDEC0019A0BE /* Project object */ = {
			isa = PBXProject;
			attributes = {
				CLASSPREFIX = CF;
				LastUpgradeCheck = 0920;
				ORGANIZATIONNAME = jing;
				TargetAttributes = {
					3F24E3BE205CEDEC0019A0BE = {
						CreatedOnToolsVersion = 9.2;
						ProvisioningStyle = Automatic;
					};
					3F24E3D6205CEDEC0019A0BE = {
						CreatedOnToolsVersion = 9.2;
						ProvisioningStyle = Automatic;
						TestTargetID = 3F24E3BE205CEDEC0019A0BE;
					};
					3F24E3E1205CEDEC0019A0BE = {
						CreatedOnToolsVersion = 9.2;
						ProvisioningStyle = Automatic;
						TestTargetID = 3F24E3BE205CEDEC0019A0BE;
					};
				};
			};
			buildConfigurationList = 3F24E3BA205CEDEC0019A0BE /* Build configuration list for PBXProject "customFunction" */;
			compatibilityVersion = "Xcode 8.0";
			developmentRegion = en;
			hasScannedForEncodings = 0;
			knownRegions = (
				en,
				Base,
			);
			mainGroup = 3F24E3B6205CEDEC0019A0BE;
			productRefGroup = 3F24E3C0205CEDEC0019A0BE /* Products */;
			projectDirPath = "";
			projectRoot = "";
			targets = (
				3F24E3BE205CEDEC0019A0BE /* customFunction */,
				3F24E3D6205CEDEC0019A0BE /* customFunctionTests */,
				3F24E3E1205CEDEC0019A0BE /* customFunctionUITests */,
			);
		};
/* End PBXProject section */

/* Begin PBXResourcesBuildPhase section */
		3F24E3BD205CEDEC0019A0BE /* Resources */ = {
			isa = PBXResourcesBuildPhase;
			buildActionMask = 2147483647;
			files = (
				3F24E3CF205CEDEC0019A0BE /* LaunchScreen.storyboard in Resources */,
				3F19B68F20620889009C994D /* document.txt in Resources */,
				3F24E3CC205CEDEC0019A0BE /* Assets.xcassets in Resources */,
				3F24E3CA205CEDEC0019A0BE /* Main.storyboard in Resources */,
			);
			runOnlyForDeploymentPostprocessing = 0;
		};
		3F24E3D5205CEDEC0019A0BE /* Resources */ = {
			isa = PBXResourcesBuildPhase;
			buildActionMask = 2147483647;
			files = (
			);
			runOnlyForDeploymentPostprocessing = 0;
		};
		3F24E3E0205CEDEC0019A0BE /* Resources */ = {
			isa = PBXResourcesBuildPhase;
			buildActionMask = 2147483647;
			files = (
			);
			runOnlyForDeploymentPostprocessing = 0;
		};
/* End PBXResourcesBuildPhase section */

/* Begin PBXShellScriptBuildPhase section */
		2059298CE5FE9C1F2E059499 /* [CP] Copy Pods Resources */ = {
			isa = PBXShellScriptBuildPhase;
			buildActionMask = 2147483647;
			files = (
			);
			inputPaths = (
			);
			name = "[CP] Copy Pods Resources";
			outputPaths = (
			);
			runOnlyForDeploymentPostprocessing = 0;
			shellPath = /bin/sh;
			shellScript = "\"${SRCROOT}/Pods/Target Support Files/Pods-customFunction/Pods-customFunction-resources.sh\"\n";
			showEnvVarsInLog = 0;
		};
		EF3765873045782417B15638 /* [CP] Embed Pods Frameworks */ = {
			isa = PBXShellScriptBuildPhase;
			buildActionMask = 2147483647;
			files = (
			);
			inputPaths = (
				"${SRCROOT}/Pods/Target Support Files/Pods-customFunction/Pods-customFunction-frameworks.sh",
				"${BUILT_PRODUCTS_DIR}/AFNetworking/AFNetworking.framework",
				"${BUILT_PRODUCTS_DIR}/FMDB/FMDB.framework",
				"${BUILT_PRODUCTS_DIR}/IQKeyboardManager/IQKeyboardManager.framework",
				"${BUILT_PRODUCTS_DIR}/MJExtension/MJExtension.framework",
				"${BUILT_PRODUCTS_DIR}/Masonry/Masonry.framework",
				"${BUILT_PRODUCTS_DIR}/SDWebImage/SDWebImage.framework",
			);
			name = "[CP] Embed Pods Frameworks";
			outputPaths = (
				"${TARGET_BUILD_DIR}/${FRAMEWORKS_FOLDER_PATH}/AFNetworking.framework",
				"${TARGET_BUILD_DIR}/${FRAMEWORKS_FOLDER_PATH}/FMDB.framework",
				"${TARGET_BUILD_DIR}/${FRAMEWORKS_FOLDER_PATH}/IQKeyboardManager.framework",
				"${TARGET_BUILD_DIR}/${FRAMEWORKS_FOLDER_PATH}/MJExtension.framework",
				"${TARGET_BUILD_DIR}/${FRAMEWORKS_FOLDER_PATH}/Masonry.framework",
				"${TARGET_BUILD_DIR}/${FRAMEWORKS_FOLDER_PATH}/SDWebImage.framework",
			);
			runOnlyForDeploymentPostprocessing = 0;
			shellPath = /bin/sh;
			shellScript = "\"${SRCROOT}/Pods/Target Support Files/Pods-customFunction/Pods-customFunction-frameworks.sh\"\n";
			showEnvVarsInLog = 0;
		};
		FC3B660FA50A1F8AF8E5EC31 /* [CP] Check Pods Manifest.lock */ = {
			isa = PBXShellScriptBuildPhase;
			buildActionMask = 2147483647;
			files = (
			);
			inputPaths = (
				"${PODS_PODFILE_DIR_PATH}/Podfile.lock",
				"${PODS_ROOT}/Manifest.lock",
			);
			name = "[CP] Check Pods Manifest.lock";
			outputPaths = (
				"$(DERIVED_FILE_DIR)/Pods-customFunction-checkManifestLockResult.txt",
			);
			runOnlyForDeploymentPostprocessing = 0;
			shellPath = /bin/sh;
			shellScript = "diff \"${PODS_PODFILE_DIR_PATH}/Podfile.lock\" \"${PODS_ROOT}/Manifest.lock\" > /dev/null\nif [ $? != 0 ] ; then\n    # print error to STDERR\n    echo \"error: The sandbox is not in sync with the Podfile.lock. Run 'pod install' or update your CocoaPods installation.\" >&2\n    exit 1\nfi\n# This output is used by Xcode 'outputs' to avoid re-running this script phase.\necho \"SUCCESS\" > \"${SCRIPT_OUTPUT_FILE_0}\"\n";
			showEnvVarsInLog = 0;
		};
/* End PBXShellScriptBuildPhase section */

/* Begin PBXSourcesBuildPhase section */
		3F24E3BB205CEDEC0019A0BE /* Sources */ = {
			isa = PBXSourcesBuildPhase;
			buildActionMask = 2147483647;
			files = (
				3F19B67B20620889009C994D /* CFFMDBTypeChange.m in Sources */,
				3F19B66220620889009C994D /* UserAccount.m in Sources */,
				3F19B68420620889009C994D /* HMFJSONResponseSerializerWithData.m in Sources */,
				3F19B68120620889009C994D /* CFHttpCache.m in Sources */,
				3F19B67420620889009C994D /* CFFMDBConfig.m in Sources */,
				3F24E3C7205CEDEC0019A0BE /* ViewController.m in Sources */,
				3F19B68D20620889009C994D /* CFTextViewBase.m in Sources */,
				3F19B66920620889009C994D /* PrefsLocation.m in Sources */,
				3F19B66C20620889009C994D /* CFContactsComponent.m in Sources */,
				3F19B68320620889009C994D /* CFHttpEngine.m in Sources */,
				3F19B66120620889009C994D /* UserAccountStore.m in Sources */,
				3F19B67E20620889009C994D /* CFHttpConfiguration+CFClildrenConfig.m in Sources */,
				3F19B66E20620889009C994D /* YContactObject.m in Sources */,
				3F19B67A20620889009C994D /* CFFMDBSQLToModel.m in Sources */,
				3F19B65820620889009C994D /* NSNumber+CFNumber.m in Sources */,
				3F19B68B20620889009C994D /* CFTableViewHeaderFooterViewBase.m in Sources */,
				3F19B67C20620889009C994D /* CFHttpArticleClick.m in Sources */,
				3F19B65C20620889009C994D /* NSString+CFTypeConversion.m in Sources */,
				3F19B68920620889009C994D /* CFScrollViewBase.m in Sources */,
				3F19B68520620889009C994D /* CFButtonBase.m in Sources */,
				3F19B66320620889009C994D /* UserAccountInfoAdditional.m in Sources */,
				3F19B66020620889009C994D /* UIViewController+CFNavController.m in Sources */,
				3F19B67520620889009C994D /* CFFMDBConfiguration.m in Sources */,
				3F19B66520620889009C994D /* CFPermissionConfig.m in Sources */,
				3F19B65D20620889009C994D /* UIColor+CFColor.m in Sources */,
				3F19B68220620889009C994D /* CFHttpConfiguration.m in Sources */,
				3F19B68C20620889009C994D /* CFTextFieldBase.m in Sources */,
				3F19B67020620889009C994D /* YContactsManager.m in Sources */,
				3F19B67D20620889009C994D /* CFHttpClickBase+CFClickBaseErrorConfig.m in Sources */,
				3F19B66D20620889009C994D /* CFModelContacts.m in Sources */,
				3F19B68620620889009C994D /* CFCollectionViewCellBase.m in Sources */,
				3F19B67120620889009C994D /* CFNavButtonBuilder.m in Sources */,
				3F19B68E20620889009C994D /* CFViewBase.m in Sources */,
				3F19B68820620889009C994D /* CFLabelBase.m in Sources */,
				3F19B67720620889009C994D /* CFFMDBModelToSQL.m in Sources */,
				3F19B66F20620889009C994D /* YContactObjectManager.m in Sources */,
				3F19B66820620889009C994D /* PrefsCamera.m in Sources */,
				3F19B67220620889009C994D /* CFNavCustomButton.m in Sources */,
				3F19B68020620889009C994D /* CFHttpClickBase.m in Sources */,
				3F19B66420620889009C994D /* CFAuthorPermissions.m in Sources */,
				3F19B67F20620889009C994D /* CFHttpLogInClick.m in Sources */,
				3F24E3D2205CEDEC0019A0BE /* main.m in Sources */,
				3F19B65920620889009C994D /* NSString+CFDetection.m in Sources */,
				3F19B67320620889009C994D /* CFFMDBComponent.m in Sources */,
				3F24E3C4205CEDEC0019A0BE /* AppDelegate.m in Sources */,
				3F19B65F20620889009C994D /* UIView+CFScreenShots.m in Sources */,
				3F19B65E20620889009C994D /* UIImage+CFCamera.m in Sources */,
				3F19B67620620889009C994D /* CFFMDBManager.m in Sources */,
				3F19B66720620889009C994D /* PrefsAddressBook.m in Sources */,
				3F19B66620620889009C994D /* BasePrefs.m in Sources */,
				3F19B67920620889009C994D /* CFFMDBSQLStatement.m in Sources */,
				3F19B65A20620889009C994D /* NSString+CFEncryption.m in Sources */,
				3F19B67820620889009C994D /* CFFMDBRunTimeModelInterface.m in Sources */,
				3F19B66A20620889009C994D /* PrefsMicrophone.m in Sources */,
				3F19B65B20620889009C994D /* NSString+CFJSONConversion.m in Sources */,
				3F19B68A20620889009C994D /* CFTableViewCellBase.m in Sources */,
				3F19B66B20620889009C994D /* PrefsPhoto.m in Sources */,
				3F19B68720620889009C994D /* CFImageViewBase.m in Sources */,
			);
			runOnlyForDeploymentPostprocessing = 0;
		};
		3F24E3D3205CEDEC0019A0BE /* Sources */ = {
			isa = PBXSourcesBuildPhase;
			buildActionMask = 2147483647;
			files = (
				3F24E3DC205CEDEC0019A0BE /* customFunctionTests.m in Sources */,
			);
			runOnlyForDeploymentPostprocessing = 0;
		};
		3F24E3DE205CEDEC0019A0BE /* Sources */ = {
			isa = PBXSourcesBuildPhase;
			buildActionMask = 2147483647;
			files = (
				3F24E3E7205CEDEC0019A0BE /* customFunctionUITests.m in Sources */,
			);
			runOnlyForDeploymentPostprocessing = 0;
		};
/* End PBXSourcesBuildPhase section */

/* Begin PBXTargetDependency section */
		3F24E3D9205CEDEC0019A0BE /* PBXTargetDependency */ = {
			isa = PBXTargetDependency;
			target = 3F24E3BE205CEDEC0019A0BE /* customFunction */;
			targetProxy = 3F24E3D8205CEDEC0019A0BE /* PBXContainerItemProxy */;
		};
		3F24E3E4205CEDEC0019A0BE /* PBXTargetDependency */ = {
			isa = PBXTargetDependency;
			target = 3F24E3BE205CEDEC0019A0BE /* customFunction */;
			targetProxy = 3F24E3E3205CEDEC0019A0BE /* PBXContainerItemProxy */;
		};
/* End PBXTargetDependency section */

/* Begin PBXVariantGroup section */
		3F24E3C8205CEDEC0019A0BE /* Main.storyboard */ = {
			isa = PBXVariantGroup;
			children = (
				3F24E3C9205CEDEC0019A0BE /* Base */,
			);
			name = Main.storyboard;
			sourceTree = "<group>";
		};
		3F24E3CD205CEDEC0019A0BE /* LaunchScreen.storyboard */ = {
			isa = PBXVariantGroup;
			children = (
				3F24E3CE205CEDEC0019A0BE /* Base */,
			);
			name = LaunchScreen.storyboard;
			sourceTree = "<group>";
		};
/* End PBXVariantGroup section */

/* Begin XCBuildConfiguration section */
		3F24E3E9205CEDEC0019A0BE /* Debug */ = {
			isa = XCBuildConfiguration;
			buildSettings = {
				ALWAYS_SEARCH_USER_PATHS = NO;
				CLANG_ANALYZER_NONNULL = YES;
				CLANG_ANALYZER_NUMBER_OBJECT_CONVERSION = YES_AGGRESSIVE;
				CLANG_CXX_LANGUAGE_STANDARD = "gnu++14";
				CLANG_CXX_LIBRARY = "libc++";
				CLANG_ENABLE_MODULES = YES;
				CLANG_ENABLE_OBJC_ARC = YES;
				CLANG_WARN_BLOCK_CAPTURE_AUTORELEASING = YES;
				CLANG_WARN_BOOL_CONVERSION = YES;
				CLANG_WARN_COMMA = YES;
				CLANG_WARN_CONSTANT_CONVERSION = YES;
				CLANG_WARN_DIRECT_OBJC_ISA_USAGE = YES_ERROR;
				CLANG_WARN_DOCUMENTATION_COMMENTS = YES;
				CLANG_WARN_EMPTY_BODY = YES;
				CLANG_WARN_ENUM_CONVERSION = YES;
				CLANG_WARN_INFINITE_RECURSION = YES;
				CLANG_WARN_INT_CONVERSION = YES;
				CLANG_WARN_NON_LITERAL_NULL_CONVERSION = YES;
				CLANG_WARN_OBJC_LITERAL_CONVERSION = YES;
				CLANG_WARN_OBJC_ROOT_CLASS = YES_ERROR;
				CLANG_WARN_RANGE_LOOP_ANALYSIS = YES;
				CLANG_WARN_STRICT_PROTOTYPES = YES;
				CLANG_WARN_SUSPICIOUS_MOVE = YES;
				CLANG_WARN_UNGUARDED_AVAILABILITY = YES_AGGRESSIVE;
				CLANG_WARN_UNREACHABLE_CODE = YES;
				CLANG_WARN__DUPLICATE_METHOD_MATCH = YES;
				CODE_SIGN_IDENTITY = "iPhone Developer";
				COPY_PHASE_STRIP = NO;
				DEBUG_INFORMATION_FORMAT = dwarf;
				ENABLE_STRICT_OBJC_MSGSEND = YES;
				ENABLE_TESTABILITY = YES;
				GCC_C_LANGUAGE_STANDARD = gnu11;
				GCC_DYNAMIC_NO_PIC = NO;
				GCC_NO_COMMON_BLOCKS = YES;
				GCC_OPTIMIZATION_LEVEL = 0;
				GCC_PREPROCESSOR_DEFINITIONS = (
					"DEBUG=1",
					"$(inherited)",
				);
				GCC_WARN_64_TO_32_BIT_CONVERSION = YES;
				GCC_WARN_ABOUT_RETURN_TYPE = YES_ERROR;
				GCC_WARN_UNDECLARED_SELECTOR = YES;
				GCC_WARN_UNINITIALIZED_AUTOS = YES_AGGRESSIVE;
				GCC_WARN_UNUSED_FUNCTION = YES;
				GCC_WARN_UNUSED_VARIABLE = YES;
				IPHONEOS_DEPLOYMENT_TARGET = 11.2;
				MTL_ENABLE_DEBUG_INFO = YES;
				ONLY_ACTIVE_ARCH = YES;
				SDKROOT = iphoneos;
			};
			name = Debug;
		};
		3F24E3EA205CEDEC0019A0BE /* Release */ = {
			isa = XCBuildConfiguration;
			buildSettings = {
				ALWAYS_SEARCH_USER_PATHS = NO;
				CLANG_ANALYZER_NONNULL = YES;
				CLANG_ANALYZER_NUMBER_OBJECT_CONVERSION = YES_AGGRESSIVE;
				CLANG_CXX_LANGUAGE_STANDARD = "gnu++14";
				CLANG_CXX_LIBRARY = "libc++";
				CLANG_ENABLE_MODULES = YES;
				CLANG_ENABLE_OBJC_ARC = YES;
				CLANG_WARN_BLOCK_CAPTURE_AUTORELEASING = YES;
				CLANG_WARN_BOOL_CONVERSION = YES;
				CLANG_WARN_COMMA = YES;
				CLANG_WARN_CONSTANT_CONVERSION = YES;
				CLANG_WARN_DIRECT_OBJC_ISA_USAGE = YES_ERROR;
				CLANG_WARN_DOCUMENTATION_COMMENTS = YES;
				CLANG_WARN_EMPTY_BODY = YES;
				CLANG_WARN_ENUM_CONVERSION = YES;
				CLANG_WARN_INFINITE_RECURSION = YES;
				CLANG_WARN_INT_CONVERSION = YES;
				CLANG_WARN_NON_LITERAL_NULL_CONVERSION = YES;
				CLANG_WARN_OBJC_LITERAL_CONVERSION = YES;
				CLANG_WARN_OBJC_ROOT_CLASS = YES_ERROR;
				CLANG_WARN_RANGE_LOOP_ANALYSIS = YES;
				CLANG_WARN_STRICT_PROTOTYPES = YES;
				CLANG_WARN_SUSPICIOUS_MOVE = YES;
				CLANG_WARN_UNGUARDED_AVAILABILITY = YES_AGGRESSIVE;
				CLANG_WARN_UNREACHABLE_CODE = YES;
				CLANG_WARN__DUPLICATE_METHOD_MATCH = YES;
				CODE_SIGN_IDENTITY = "iPhone Developer";
				COPY_PHASE_STRIP = NO;
				DEBUG_INFORMATION_FORMAT = "dwarf-with-dsym";
				ENABLE_NS_ASSERTIONS = NO;
				ENABLE_STRICT_OBJC_MSGSEND = YES;
				GCC_C_LANGUAGE_STANDARD = gnu11;
				GCC_NO_COMMON_BLOCKS = YES;
				GCC_WARN_64_TO_32_BIT_CONVERSION = YES;
				GCC_WARN_ABOUT_RETURN_TYPE = YES_ERROR;
				GCC_WARN_UNDECLARED_SELECTOR = YES;
				GCC_WARN_UNINITIALIZED_AUTOS = YES_AGGRESSIVE;
				GCC_WARN_UNUSED_FUNCTION = YES;
				GCC_WARN_UNUSED_VARIABLE = YES;
				IPHONEOS_DEPLOYMENT_TARGET = 11.2;
				MTL_ENABLE_DEBUG_INFO = NO;
				SDKROOT = iphoneos;
				VALIDATE_PRODUCT = YES;
			};
			name = Release;
		};
		3F24E3EC205CEDEC0019A0BE /* Debug */ = {
			isa = XCBuildConfiguration;
			baseConfigurationReference = 8627F33615F4724A8E21F622 /* Pods-customFunction.debug.xcconfig */;
			buildSettings = {
				ASSETCATALOG_COMPILER_APPICON_NAME = AppIcon;
				CODE_SIGN_STYLE = Automatic;
				DEVELOPMENT_TEAM = AM3524BGVT;
				INFOPLIST_FILE = customFunction/Info.plist;
				IPHONEOS_DEPLOYMENT_TARGET = 9.0;
				LD_RUNPATH_SEARCH_PATHS = "$(inherited) @executable_path/Frameworks";
				PRODUCT_BUNDLE_IDENTIFIER = one.customFunction;
				PRODUCT_NAME = "$(TARGET_NAME)";
				TARGETED_DEVICE_FAMILY = "1,2";
			};
			name = Debug;
		};
		3F24E3ED205CEDEC0019A0BE /* Release */ = {
			isa = XCBuildConfiguration;
			baseConfigurationReference = 6E045DAC9AC4363473FC5048 /* Pods-customFunction.release.xcconfig */;
			buildSettings = {
				ASSETCATALOG_COMPILER_APPICON_NAME = AppIcon;
				CODE_SIGN_STYLE = Automatic;
				DEVELOPMENT_TEAM = AM3524BGVT;
				INFOPLIST_FILE = customFunction/Info.plist;
				IPHONEOS_DEPLOYMENT_TARGET = 9.0;
				LD_RUNPATH_SEARCH_PATHS = "$(inherited) @executable_path/Frameworks";
				PRODUCT_BUNDLE_IDENTIFIER = one.customFunction;
				PRODUCT_NAME = "$(TARGET_NAME)";
				TARGETED_DEVICE_FAMILY = "1,2";
			};
			name = Release;
		};
		3F24E3EF205CEDEC0019A0BE /* Debug */ = {
			isa = XCBuildConfiguration;
			buildSettings = {
				BUNDLE_LOADER = "$(TEST_HOST)";
				CODE_SIGN_STYLE = Automatic;
				INFOPLIST_FILE = customFunctionTests/Info.plist;
				LD_RUNPATH_SEARCH_PATHS = "$(inherited) @executable_path/Frameworks @loader_path/Frameworks";
				PRODUCT_BUNDLE_IDENTIFIER = one.customFunctionTests;
				PRODUCT_NAME = "$(TARGET_NAME)";
				TARGETED_DEVICE_FAMILY = "1,2";
				TEST_HOST = "$(BUILT_PRODUCTS_DIR)/customFunction.app/customFunction";
			};
			name = Debug;
		};
		3F24E3F0205CEDEC0019A0BE /* Release */ = {
			isa = XCBuildConfiguration;
			buildSettings = {
				BUNDLE_LOADER = "$(TEST_HOST)";
				CODE_SIGN_STYLE = Automatic;
				INFOPLIST_FILE = customFunctionTests/Info.plist;
				LD_RUNPATH_SEARCH_PATHS = "$(inherited) @executable_path/Frameworks @loader_path/Frameworks";
				PRODUCT_BUNDLE_IDENTIFIER = one.customFunctionTests;
				PRODUCT_NAME = "$(TARGET_NAME)";
				TARGETED_DEVICE_FAMILY = "1,2";
				TEST_HOST = "$(BUILT_PRODUCTS_DIR)/customFunction.app/customFunction";
			};
			name = Release;
		};
		3F24E3F2205CEDEC0019A0BE /* Debug */ = {
			isa = XCBuildConfiguration;
			buildSettings = {
				CODE_SIGN_STYLE = Automatic;
				INFOPLIST_FILE = customFunctionUITests/Info.plist;
				LD_RUNPATH_SEARCH_PATHS = "$(inherited) @executable_path/Frameworks @loader_path/Frameworks";
				PRODUCT_BUNDLE_IDENTIFIER = one.customFunctionUITests;
				PRODUCT_NAME = "$(TARGET_NAME)";
				TARGETED_DEVICE_FAMILY = "1,2";
				TEST_TARGET_NAME = customFunction;
			};
			name = Debug;
		};
		3F24E3F3205CEDEC0019A0BE /* Release */ = {
			isa = XCBuildConfiguration;
			buildSettings = {
				CODE_SIGN_STYLE = Automatic;
				INFOPLIST_FILE = customFunctionUITests/Info.plist;
				LD_RUNPATH_SEARCH_PATHS = "$(inherited) @executable_path/Frameworks @loader_path/Frameworks";
				PRODUCT_BUNDLE_IDENTIFIER = one.customFunctionUITests;
				PRODUCT_NAME = "$(TARGET_NAME)";
				TARGETED_DEVICE_FAMILY = "1,2";
				TEST_TARGET_NAME = customFunction;
			};
			name = Release;
		};
/* End XCBuildConfiguration section */

/* Begin XCConfigurationList section */
		3F24E3BA205CEDEC0019A0BE /* Build configuration list for PBXProject "customFunction" */ = {
			isa = XCConfigurationList;
			buildConfigurations = (
				3F24E3E9205CEDEC0019A0BE /* Debug */,
				3F24E3EA205CEDEC0019A0BE /* Release */,
			);
			defaultConfigurationIsVisible = 0;
			defaultConfigurationName = Release;
		};
		3F24E3EB205CEDEC0019A0BE /* Build configuration list for PBXNativeTarget "customFunction" */ = {
			isa = XCConfigurationList;
			buildConfigurations = (
				3F24E3EC205CEDEC0019A0BE /* Debug */,
				3F24E3ED205CEDEC0019A0BE /* Release */,
			);
			defaultConfigurationIsVisible = 0;
			defaultConfigurationName = Release;
		};
		3F24E3EE205CEDEC0019A0BE /* Build configuration list for PBXNativeTarget "customFunctionTests" */ = {
			isa = XCConfigurationList;
			buildConfigurations = (
				3F24E3EF205CEDEC0019A0BE /* Debug */,
				3F24E3F0205CEDEC0019A0BE /* Release */,
			);
			defaultConfigurationIsVisible = 0;
			defaultConfigurationName = Release;
		};
		3F24E3F1205CEDEC0019A0BE /* Build configuration list for PBXNativeTarget "customFunctionUITests" */ = {
			isa = XCConfigurationList;
			buildConfigurations = (
				3F24E3F2205CEDEC0019A0BE /* Debug */,
				3F24E3F3205CEDEC0019A0BE /* Release */,
			);
			defaultConfigurationIsVisible = 0;
			defaultConfigurationName = Release;
		};
/* End XCConfigurationList section */
	};
	rootObject = 3F24E3B7205CEDEC0019A0BE /* Project object */;
}
